{
  "pins" : [
    {
      "identity" : "activityview",
      "kind" : "remoteSourceControl",
      "location" : "https://github.com/SwiftUI-Plus/ActivityView.git",
      "state" : {
        "revision" : "444ff3755e49b0284c12360b3db0d64d31f0c3f8",
        "version" : "1.2.0"
      }
    },
    {
      "identity" : "xcglogger",
      "kind" : "remoteSourceControl",
      "location" : "https://github.com/DaveWoodCom/XCGLogger.git",
      "state" : {
        "revision" : "a9c4667b247928a29bdd41be2ec2c8d304215a54",
        "version" : "7.0.1"
      }
    },
    {
      "identity" : "xmlcoder",
      "kind" : "remoteSourceControl",
      "location" : "https://github.com/CoreOffice/XMLCoder.git",
      "state" : {
        "revision" : "c438dad94f6a243b411b70a4b4bac54595064808",
        "version" : "0.15.0"
      }
    }
  ],
  "version" : 2
}
