{
  "pins" : [
    {
      "identity" : "activityview",
      "kind" : "remoteSourceControl",
      "location" : "https://github.com/SwiftUI-Plus/ActivityView.git",
      "state" : {
        "revision" : "444ff3755e49b0284c12360b3db0d64d31f0c3f8",
        "version" : "1.2.0"
      }
    },
    {
      "identity" : "alamofire",
      "kind" : "remoteSourceControl",
      "location" : "https://github.com/Alamofire/Alamofire.git",
      "state" : {
        "revision" : "bc268c28fb170f494de9e9927c371b8342979ece",
        "version" : "5.7.1"
      }
    },
    {
      "identity" : "xcglogger",
      "kind" : "remoteSourceControl",
      "location" : "https://github.com/DaveWoodCom/XCGLogger.git",
      "state" : {
        "revision" : "a9c4667b247928a29bdd41be2ec2c8d304215a54",
        "version" : "7.0.1"
      }
    },
    {
      "identity" : "xmlcoder",
      "kind" : "remoteSourceControl",
      "location" : "https://github.com/CoreOffice/XMLCoder.git",
      "state" : {
        "revision" : "b1e944cbd0ef33787b13f639a5418d55b3bed501",
        "version" : "0.17.1"
      }
    }
  ],
  "version" : 2
}
