// !$*UTF8*$!
{
	archiveVersion = 1;
	classes = {
	};
	objectVersion = 56;
	objects = {

/* Begin PBXBuildFile section */
		2602DE47290AD20200CC83F2 /* XCGLogger in Frameworks */ = {isa = PBXBuildFile; productRef = 2602DE46290AD20200CC83F2 /* XCGLogger */; };
		2607877F28D669C200FF2C33 /* Alamofire in Frameworks */ = {isa = PBXBuildFile; productRef = 2607877E28D669C200FF2C33 /* Alamofire */; };
		2607878128D669C200FF2C33 /* XMLCoder in Frameworks */ = {isa = PBXBuildFile; productRef = 2607878028D669C200FF2C33 /* XMLCoder */; };
		2607878328D669C200FF2C33 /* SwiftDate in Frameworks */ = {isa = PBXBuildFile; productRef = 2607878228D669C200FF2C33 /* SwiftDate */; };
		2607878428D669D700FF2C33 /* DateIntervalFormatter.swift in Sources */ = {isa = PBXBuildFile; fileRef = 2674BCB028D0870300E31A20 /* DateIntervalFormatter.swift */; };
		2607878A28D669D700FF2C33 /* FormattingStyle.swift in Sources */ = {isa = PBXBuildFile; fileRef = 2674BCB328D0872800E31A20 /* FormattingStyle.swift */; };
		2607878E28D669D700FF2C33 /* AppState.swift in Sources */ = {isa = PBXBuildFile; fileRef = 26624ADE28C7DB2E000F7E2E /* AppState.swift */; };
		2607879028D669D700FF2C33 /* PriceChartView.swift in Sources */ = {isa = PBXBuildFile; fileRef = 269687A828D452CB002142BF /* PriceChartView.swift */; };
		2607879228D66A1200FF2C33 /* ForexAPI.swift in Sources */ = {isa = PBXBuildFile; fileRef = 26624AF128C9332F000F7E2E /* ForexAPI.swift */; };
		2607879328D66A1200FF2C33 /* DayAheadPrices.swift in Sources */ = {isa = PBXBuildFile; fileRef = 26624AE228C7DBC1000F7E2E /* DayAheadPrices.swift */; };
		2607879428D66A1200FF2C33 /* PricesAPI.swift in Sources */ = {isa = PBXBuildFile; fileRef = 26624AF728C93E1F000F7E2E /* PricesAPI.swift */; };
		2607879528D66A5E00FF2C33 /* libEPWatchCore.a in Frameworks */ = {isa = PBXBuildFile; fileRef = 2607877728D6693000FF2C33 /* libEPWatchCore.a */; };
		2607879628D66A8C00FF2C33 /* libEPWatchCore.a in Frameworks */ = {isa = PBXBuildFile; fileRef = 2607877728D6693000FF2C33 /* libEPWatchCore.a */; };
		2607879F28D70B8C00FF2C33 /* WidgetKit.framework in Frameworks */ = {isa = PBXBuildFile; fileRef = 2674BC6328D0572D00E31A20 /* WidgetKit.framework */; };
		260787A028D70B8C00FF2C33 /* SwiftUI.framework in Frameworks */ = {isa = PBXBuildFile; fileRef = 2674BC6528D0572D00E31A20 /* SwiftUI.framework */; };
		260787A328D70B8C00FF2C33 /* EPWatchWidgetExtension.swift in Sources */ = {isa = PBXBuildFile; fileRef = 260787A228D70B8C00FF2C33 /* EPWatchWidgetExtension.swift */; };
		260787A928D70B8D00FF2C33 /* EPWatchWidgetExtension.appex in Embed Foundation Extensions */ = {isa = PBXBuildFile; fileRef = 2607879E28D70B8C00FF2C33 /* EPWatchWidgetExtension.appex */; settings = {ATTRIBUTES = (RemoveHeadersOnCopy, ); }; };
		260787B328D70CE900FF2C33 /* PricePointTimelineProvider.swift in Sources */ = {isa = PBXBuildFile; fileRef = 260787B228D70CE900FF2C33 /* PricePointTimelineProvider.swift */; };
		260787B428D70D1200FF2C33 /* PricePointTimelineEntry.swift in Sources */ = {isa = PBXBuildFile; fileRef = 2674BCB528D08AA000E31A20 /* PricePointTimelineEntry.swift */; };
		260787B628D7109C00FF2C33 /* PricePointCircularWidgetView.swift in Sources */ = {isa = PBXBuildFile; fileRef = 260787B528D7109C00FF2C33 /* PricePointCircularWidgetView.swift */; };
		260787B828D711C100FF2C33 /* PricePointRectangularWidgetView.swift in Sources */ = {isa = PBXBuildFile; fileRef = 260787B728D711C100FF2C33 /* PricePointRectangularWidgetView.swift */; };
		260787BA28D711FF00FF2C33 /* PricePointLargeWidgetView.swift in Sources */ = {isa = PBXBuildFile; fileRef = 260787B928D711FF00FF2C33 /* PricePointLargeWidgetView.swift */; };
		260787BC28D7123A00FF2C33 /* PricePointInlineWidgetView.swift in Sources */ = {isa = PBXBuildFile; fileRef = 260787BB28D7123A00FF2C33 /* PricePointInlineWidgetView.swift */; };
		260787BE28D712BB00FF2C33 /* PricePointWidgetView.swift in Sources */ = {isa = PBXBuildFile; fileRef = 260787BD28D712BB00FF2C33 /* PricePointWidgetView.swift */; };
		260787C028D7171E00FF2C33 /* libEPWatchCore.a in Frameworks */ = {isa = PBXBuildFile; fileRef = 2607877728D6693000FF2C33 /* libEPWatchCore.a */; };
		260787C328D7182C00FF2C33 /* libEPWatchCore.a in Frameworks */ = {isa = PBXBuildFile; fileRef = 2607877728D6693000FF2C33 /* libEPWatchCore.a */; platformFilters = (ios, watchos, ); };
		260787C728D88A3900FF2C33 /* InfoPlist.strings in Resources */ = {isa = PBXBuildFile; fileRef = 260787C528D88A3900FF2C33 /* InfoPlist.strings */; };
		260787CA28D88A3900FF2C33 /* Localizable.strings in Resources */ = {isa = PBXBuildFile; fileRef = 260787C828D88A3900FF2C33 /* Localizable.strings */; };
		260787D828D88FFB00FF2C33 /* InfoPlist.strings in Resources */ = {isa = PBXBuildFile; fileRef = 260787C528D88A3900FF2C33 /* InfoPlist.strings */; };
		260787D928D88FFB00FF2C33 /* Localizable.strings in Resources */ = {isa = PBXBuildFile; fileRef = 260787C828D88A3900FF2C33 /* Localizable.strings */; };
		260787DA28D88FFC00FF2C33 /* InfoPlist.strings in Resources */ = {isa = PBXBuildFile; fileRef = 260787C528D88A3900FF2C33 /* InfoPlist.strings */; };
		260787DB28D88FFC00FF2C33 /* Localizable.strings in Resources */ = {isa = PBXBuildFile; fileRef = 260787C828D88A3900FF2C33 /* Localizable.strings */; };
		260787DC28D88FFC00FF2C33 /* InfoPlist.strings in Resources */ = {isa = PBXBuildFile; fileRef = 260787C528D88A3900FF2C33 /* InfoPlist.strings */; };
		260787DD28D88FFC00FF2C33 /* Localizable.strings in Resources */ = {isa = PBXBuildFile; fileRef = 260787C828D88A3900FF2C33 /* Localizable.strings */; };
		261E7D3B28DB0F470018CB4A /* XMLCoder in Frameworks */ = {isa = PBXBuildFile; productRef = 261E7D3A28DB0F470018CB4A /* XMLCoder */; };
		261FC1A028B77720007B4A4E /* EPWatchKitApp.swift in Sources */ = {isa = PBXBuildFile; fileRef = 261FC19F28B77720007B4A4E /* EPWatchKitApp.swift */; };
		261FC1A228B77720007B4A4E /* ContentView.swift in Sources */ = {isa = PBXBuildFile; fileRef = 261FC1A128B77720007B4A4E /* ContentView.swift */; };
		261FC1A428B77720007B4A4E /* NotificationController.swift in Sources */ = {isa = PBXBuildFile; fileRef = 261FC1A328B77720007B4A4E /* NotificationController.swift */; };
		261FC1A628B77720007B4A4E /* NotificationView.swift in Sources */ = {isa = PBXBuildFile; fileRef = 261FC1A528B77720007B4A4E /* NotificationView.swift */; };
		263A126128D906CD00A11816 /* day-ahead-prices-2.xml in Resources */ = {isa = PBXBuildFile; fileRef = 263A126028D906CD00A11816 /* day-ahead-prices-2.xml */; };
		26490D21290DB6CD0030AEE1 /* CurrencySubdivision.swift in Sources */ = {isa = PBXBuildFile; fileRef = 265733252905D7B000CE9A4C /* CurrencySubdivision.swift */; };
		26490D22290DB6CD0030AEE1 /* Currency.swift in Sources */ = {isa = PBXBuildFile; fileRef = 2657331B2903121E00CE9A4C /* Currency.swift */; };
		26490D23290DB6CD0030AEE1 /* PriceRange.swift in Sources */ = {isa = PBXBuildFile; fileRef = 2696879628D26A3D002142BF /* PriceRange.swift */; };
		26490D24290DB6CD0030AEE1 /* PriceArea.swift in Sources */ = {isa = PBXBuildFile; fileRef = 26573319290311C200CE9A4C /* PriceArea.swift */; };
		26490D25290DB6CD0030AEE1 /* Region.swift in Sources */ = {isa = PBXBuildFile; fileRef = 2696879428D2021C002142BF /* Region.swift */; };
		26490D26290DB6CD0030AEE1 /* CurrencyPresentation.swift in Sources */ = {isa = PBXBuildFile; fileRef = 265733272905D7C500CE9A4C /* CurrencyPresentation.swift */; };
		26490D27290DB6CD0030AEE1 /* PriceLimits.swift in Sources */ = {isa = PBXBuildFile; fileRef = 269687A428D3B5F8002142BF /* PriceLimits.swift */; };
		26490D28290DB6CD0030AEE1 /* PricePoint.swift in Sources */ = {isa = PBXBuildFile; fileRef = 26624AEF28C92D3C000F7E2E /* PricePoint.swift */; };
		264E989528DB2BA600E02F65 /* Assets.xcassets in Resources */ = {isa = PBXBuildFile; fileRef = 2696881A28D477EE002142BF /* Assets.xcassets */; };
		264E989628DB2BA600E02F65 /* Assets.xcassets in Resources */ = {isa = PBXBuildFile; fileRef = 2696881A28D477EE002142BF /* Assets.xcassets */; };
		264E989728DB2BA600E02F65 /* Assets.xcassets in Resources */ = {isa = PBXBuildFile; fileRef = 2696881A28D477EE002142BF /* Assets.xcassets */; };
		265733202905446D00CE9A4C /* BasicSettingsView.swift in Sources */ = {isa = PBXBuildFile; fileRef = 2657331F2905446D00CE9A4C /* BasicSettingsView.swift */; };
		2657332229054A4000CE9A4C /* CurrencyPresentationSettingsView.swift in Sources */ = {isa = PBXBuildFile; fileRef = 2657332129054A4000CE9A4C /* CurrencyPresentationSettingsView.swift */; };
		265733242905D09500CE9A4C /* BasicSettingsNavigationLink.swift in Sources */ = {isa = PBXBuildFile; fileRef = 265733232905D09500CE9A4C /* BasicSettingsNavigationLink.swift */; };
		2657332A2905E3B600CE9A4C /* SettingsSection.swift in Sources */ = {isa = PBXBuildFile; fileRef = 265733292905E3B600CE9A4C /* SettingsSection.swift */; };
		2657332C29070FBF00CE9A4C /* ExchangeRate.swift in Sources */ = {isa = PBXBuildFile; fileRef = 2657332B29070FBF00CE9A4C /* ExchangeRate.swift */; };
		265733312907291700CE9A4C /* PriceViewFooter.swift in Sources */ = {isa = PBXBuildFile; fileRef = 265733302907291700CE9A4C /* PriceViewFooter.swift */; };
		2674BC6428D0572D00E31A20 /* WidgetKit.framework in Frameworks */ = {isa = PBXBuildFile; fileRef = 2674BC6328D0572D00E31A20 /* WidgetKit.framework */; };
		2674BC6628D0572D00E31A20 /* SwiftUI.framework in Frameworks */ = {isa = PBXBuildFile; fileRef = 2674BC6528D0572D00E31A20 /* SwiftUI.framework */; };
		2674BC6928D0572D00E31A20 /* EPWatchKitAppExtension.swift in Sources */ = {isa = PBXBuildFile; fileRef = 2674BC6828D0572D00E31A20 /* EPWatchKitAppExtension.swift */; };
		2674BC6F28D0572E00E31A20 /* EPWatchKitAppExtension.appex in Embed Foundation Extensions */ = {isa = PBXBuildFile; fileRef = 2674BC6228D0572D00E31A20 /* EPWatchKitAppExtension.appex */; settings = {ATTRIBUTES = (RemoveHeadersOnCopy, ); }; };
		2674BC8828D0596500E31A20 /* EPWatchCoreTests.swift in Sources */ = {isa = PBXBuildFile; fileRef = 2674BC8728D0596500E31A20 /* EPWatchCoreTests.swift */; };
		2674BCB728D0928500E31A20 /* day-ahead-prices-1.xml in Resources */ = {isa = PBXBuildFile; fileRef = 26C71B1728C1468500C2DC59 /* day-ahead-prices-1.xml */; };
		2690400928D5DA4100A823F5 /* EPWatchKitApp.app in Embed Watch Content */ = {isa = PBXBuildFile; fileRef = 261FC18F28B7771F007B4A4E /* EPWatchKitApp.app */; settings = {ATTRIBUTES = (RemoveHeadersOnCopy, ); }; };
		2690401128D6680B00A823F5 /* Alamofire in Frameworks */ = {isa = PBXBuildFile; productRef = 2690401028D6680B00A823F5 /* Alamofire */; };
		2690401728D6682800A823F5 /* SwiftDate in Frameworks */ = {isa = PBXBuildFile; productRef = 2690401628D6682800A823F5 /* SwiftDate */; };
		2696879028D10112002142BF /* PriceView.swift in Sources */ = {isa = PBXBuildFile; fileRef = 2696878F28D10112002142BF /* PriceView.swift */; };
		2696879A28D26CD0002142BF /* PriceAreaSettingsView.swift in Sources */ = {isa = PBXBuildFile; fileRef = 2696879928D26CD0002142BF /* PriceAreaSettingsView.swift */; };
		2696881728D477ED002142BF /* EPWatchApp.swift in Sources */ = {isa = PBXBuildFile; fileRef = 2696881628D477ED002142BF /* EPWatchApp.swift */; };
		2696881928D477ED002142BF /* ContentView.swift in Sources */ = {isa = PBXBuildFile; fileRef = 2696881828D477ED002142BF /* ContentView.swift */; };
		2696883128D47C4B002142BF /* PriceView.swift in Sources */ = {isa = PBXBuildFile; fileRef = 2696883028D47C4B002142BF /* PriceView.swift */; };
		2696883428D4801F002142BF /* SettingsView.swift in Sources */ = {isa = PBXBuildFile; fileRef = 2696883228D47F3B002142BF /* SettingsView.swift */; };
		2696883728D4817D002142BF /* SettingsView.swift in Sources */ = {isa = PBXBuildFile; fileRef = 2696879128D1CD91002142BF /* SettingsView.swift */; };
		26AC446529112D5D00B86B1E /* CircularProgressView.swift in Sources */ = {isa = PBXBuildFile; fileRef = 26AC446429112D5D00B86B1E /* CircularProgressView.swift */; };
		26AC4466291269EB00B86B1E /* UserDefaults+AppGroup.swift in Sources */ = {isa = PBXBuildFile; fileRef = 2696879D28D3A2C8002142BF /* UserDefaults+AppGroup.swift */; };
		26AC4467291269EB00B86B1E /* Calendar+Helpers.swift in Sources */ = {isa = PBXBuildFile; fileRef = 2602DE5E290D20FF00CC83F2 /* Calendar+Helpers.swift */; };
		26AC4468291269EB00B86B1E /* LogOnce.swift in Sources */ = {isa = PBXBuildFile; fileRef = 2602DE4E290BCD7E00CC83F2 /* LogOnce.swift */; };
		26AC4469291269EB00B86B1E /* FileManager+Directories.swift in Sources */ = {isa = PBXBuildFile; fileRef = 26F28FD72910773A00D42DFB /* FileManager+Directories.swift */; };
		26AC446A291269EB00B86B1E /* Error.swift in Sources */ = {isa = PBXBuildFile; fileRef = 26624AE928C8EFFB000F7E2E /* Error.swift */; };
		26AC446B291269EB00B86B1E /* String+AppGroupIdentifier.swift in Sources */ = {isa = PBXBuildFile; fileRef = 2602DE4A290B0DE300CC83F2 /* String+AppGroupIdentifier.swift */; };
		26AC446C291269EB00B86B1E /* Log.swift in Sources */ = {isa = PBXBuildFile; fileRef = 26624AE628C883C9000F7E2E /* Log.swift */; };
		26AC446D291269EB00B86B1E /* AppStorageCodable.swift in Sources */ = {isa = PBXBuildFile; fileRef = 26624AF328C93541000F7E2E /* AppStorageCodable.swift */; };
		26AC446F291269EB00B86B1E /* WCSessionActivationState+Description.swift in Sources */ = {isa = PBXBuildFile; fileRef = 26F28FD62910773A00D42DFB /* WCSessionActivationState+Description.swift */; };
		26AC447129126A6000B86B1E /* String+Localized.swift in Sources */ = {isa = PBXBuildFile; fileRef = 2657332E2907244300CE9A4C /* String+Localized.swift */; };
		26CD57C428DAFFC3007FC8BB /* libEPWatchCore.a in Frameworks */ = {isa = PBXBuildFile; fileRef = 2607877728D6693000FF2C33 /* libEPWatchCore.a */; };
		26EC4A1428D9C52C004DD8EB /* Assets.xcassets in Resources */ = {isa = PBXBuildFile; fileRef = 2696881A28D477EE002142BF /* Assets.xcassets */; };
		26F28FDC2910778300D42DFB /* SupportSettingsView.swift in Sources */ = {isa = PBXBuildFile; fileRef = 26F28FDA2910778300D42DFB /* SupportSettingsView.swift */; };
		26F28FDD2910778300D42DFB /* ShareLogsState.swift in Sources */ = {isa = PBXBuildFile; fileRef = 26F28FDB2910778300D42DFB /* ShareLogsState.swift */; };
		26F28FDF2910782000D42DFB /* HostCommunicationManager.swift in Sources */ = {isa = PBXBuildFile; fileRef = 26F28FDE2910781F00D42DFB /* HostCommunicationManager.swift */; };
		26F28FE5291078B800D42DFB /* ActivityView in Frameworks */ = {isa = PBXBuildFile; productRef = 26F28FE4291078B800D42DFB /* ActivityView */; };
/* End PBXBuildFile section */

/* Begin PBXContainerItemProxy section */
		2607879828D66B2300FF2C33 /* PBXContainerItemProxy */ = {
			isa = PBXContainerItemProxy;
			containerPortal = 261FC18528B7771F007B4A4E /* Project object */;
			proxyType = 1;
			remoteGlobalIDString = 2607877628D6693000FF2C33;
			remoteInfo = EPWatchCore;
		};
		260787A728D70B8D00FF2C33 /* PBXContainerItemProxy */ = {
			isa = PBXContainerItemProxy;
			containerPortal = 261FC18528B7771F007B4A4E /* Project object */;
			proxyType = 1;
			remoteGlobalIDString = 2607879D28D70B8C00FF2C33;
			remoteInfo = EPWatchWidgetExtensionExtension;
		};
		260787C128D7171E00FF2C33 /* PBXContainerItemProxy */ = {
			isa = PBXContainerItemProxy;
			containerPortal = 261FC18528B7771F007B4A4E /* Project object */;
			proxyType = 1;
			remoteGlobalIDString = 2607877628D6693000FF2C33;
			remoteInfo = EPWatchCore;
		};
		260787E128D8983D00FF2C33 /* PBXContainerItemProxy */ = {
			isa = PBXContainerItemProxy;
			containerPortal = 261FC18528B7771F007B4A4E /* Project object */;
			proxyType = 1;
			remoteGlobalIDString = 2607877628D6693000FF2C33;
			remoteInfo = EPWatchCore;
		};
		2674BC6D28D0572E00E31A20 /* PBXContainerItemProxy */ = {
			isa = PBXContainerItemProxy;
			containerPortal = 261FC18528B7771F007B4A4E /* Project object */;
			proxyType = 1;
			remoteGlobalIDString = 2674BC6128D0572D00E31A20;
			remoteInfo = "EPWatch ComplicationsExtension";
		};
		2690400A28D5DA4100A823F5 /* PBXContainerItemProxy */ = {
			isa = PBXContainerItemProxy;
			containerPortal = 261FC18528B7771F007B4A4E /* Project object */;
			proxyType = 1;
			remoteGlobalIDString = 261FC18E28B7771F007B4A4E;
			remoteInfo = EPWatchKitApp;
		};
		26CD57C528DAFFC3007FC8BB /* PBXContainerItemProxy */ = {
			isa = PBXContainerItemProxy;
			containerPortal = 261FC18528B7771F007B4A4E /* Project object */;
			proxyType = 1;
			remoteGlobalIDString = 2607877628D6693000FF2C33;
			remoteInfo = EPWatchCore;
		};
/* End PBXContainerItemProxy section */

/* Begin PBXCopyFilesBuildPhase section */
		2607877528D6693000FF2C33 /* CopyFiles */ = {
			isa = PBXCopyFilesBuildPhase;
			buildActionMask = 2147483647;
			dstPath = "include/$(PRODUCT_NAME)";
			dstSubfolderSpec = 16;
			files = (
			);
			runOnlyForDeploymentPostprocessing = 0;
		};
		260787AD28D70B8D00FF2C33 /* Embed Foundation Extensions */ = {
			isa = PBXCopyFilesBuildPhase;
			buildActionMask = 2147483647;
			dstPath = "";
			dstSubfolderSpec = 13;
			files = (
				260787A928D70B8D00FF2C33 /* EPWatchWidgetExtension.appex in Embed Foundation Extensions */,
			);
			name = "Embed Foundation Extensions";
			runOnlyForDeploymentPostprocessing = 0;
		};
		2674BC7028D0572E00E31A20 /* Embed Foundation Extensions */ = {
			isa = PBXCopyFilesBuildPhase;
			buildActionMask = 2147483647;
			dstPath = "";
			dstSubfolderSpec = 13;
			files = (
				2674BC6F28D0572E00E31A20 /* EPWatchKitAppExtension.appex in Embed Foundation Extensions */,
			);
			name = "Embed Foundation Extensions";
			runOnlyForDeploymentPostprocessing = 0;
		};
		2674BC9528D059A400E31A20 /* Embed Frameworks */ = {
			isa = PBXCopyFilesBuildPhase;
			buildActionMask = 2147483647;
			dstPath = "";
			dstSubfolderSpec = 10;
			files = (
			);
			name = "Embed Frameworks";
			runOnlyForDeploymentPostprocessing = 0;
		};
		2690400C28D5DA4100A823F5 /* Embed Watch Content */ = {
			isa = PBXCopyFilesBuildPhase;
			buildActionMask = 2147483647;
			dstPath = "$(CONTENTS_FOLDER_PATH)/Watch";
			dstSubfolderSpec = 16;
			files = (
				2690400928D5DA4100A823F5 /* EPWatchKitApp.app in Embed Watch Content */,
			);
			name = "Embed Watch Content";
			runOnlyForDeploymentPostprocessing = 0;
		};
		2696882F28D478C3002142BF /* Embed Frameworks */ = {
			isa = PBXCopyFilesBuildPhase;
			buildActionMask = 2147483647;
			dstPath = "";
			dstSubfolderSpec = 10;
			files = (
			);
			name = "Embed Frameworks";
			runOnlyForDeploymentPostprocessing = 0;
		};
/* End PBXCopyFilesBuildPhase section */

/* Begin PBXFileReference section */
		2602DE4A290B0DE300CC83F2 /* String+AppGroupIdentifier.swift */ = {isa = PBXFileReference; lastKnownFileType = sourcecode.swift; path = "String+AppGroupIdentifier.swift"; sourceTree = "<group>"; };
		2602DE4E290BCD7E00CC83F2 /* LogOnce.swift */ = {isa = PBXFileReference; lastKnownFileType = sourcecode.swift; path = LogOnce.swift; sourceTree = "<group>"; };
		2602DE5E290D20FF00CC83F2 /* Calendar+Helpers.swift */ = {isa = PBXFileReference; lastKnownFileType = sourcecode.swift; path = "Calendar+Helpers.swift"; sourceTree = "<group>"; };
		2607877728D6693000FF2C33 /* libEPWatchCore.a */ = {isa = PBXFileReference; explicitFileType = archive.ar; includeInIndex = 0; path = libEPWatchCore.a; sourceTree = BUILT_PRODUCTS_DIR; };
		2607879E28D70B8C00FF2C33 /* EPWatchWidgetExtension.appex */ = {isa = PBXFileReference; explicitFileType = "wrapper.app-extension"; includeInIndex = 0; path = EPWatchWidgetExtension.appex; sourceTree = BUILT_PRODUCTS_DIR; };
		260787A228D70B8C00FF2C33 /* EPWatchWidgetExtension.swift */ = {isa = PBXFileReference; lastKnownFileType = sourcecode.swift; path = EPWatchWidgetExtension.swift; sourceTree = "<group>"; };
		260787A628D70B8D00FF2C33 /* Info.plist */ = {isa = PBXFileReference; lastKnownFileType = text.plist.xml; path = Info.plist; sourceTree = "<group>"; };
		260787B228D70CE900FF2C33 /* PricePointTimelineProvider.swift */ = {isa = PBXFileReference; lastKnownFileType = sourcecode.swift; path = PricePointTimelineProvider.swift; sourceTree = "<group>"; };
		260787B528D7109C00FF2C33 /* PricePointCircularWidgetView.swift */ = {isa = PBXFileReference; lastKnownFileType = sourcecode.swift; path = PricePointCircularWidgetView.swift; sourceTree = "<group>"; };
		260787B728D711C100FF2C33 /* PricePointRectangularWidgetView.swift */ = {isa = PBXFileReference; lastKnownFileType = sourcecode.swift; path = PricePointRectangularWidgetView.swift; sourceTree = "<group>"; };
		260787B928D711FF00FF2C33 /* PricePointLargeWidgetView.swift */ = {isa = PBXFileReference; lastKnownFileType = sourcecode.swift; path = PricePointLargeWidgetView.swift; sourceTree = "<group>"; };
		260787BB28D7123A00FF2C33 /* PricePointInlineWidgetView.swift */ = {isa = PBXFileReference; lastKnownFileType = sourcecode.swift; path = PricePointInlineWidgetView.swift; sourceTree = "<group>"; };
		260787BD28D712BB00FF2C33 /* PricePointWidgetView.swift */ = {isa = PBXFileReference; lastKnownFileType = sourcecode.swift; path = PricePointWidgetView.swift; sourceTree = "<group>"; };
		260787C428D72EA600FF2C33 /* EPWatchWidgetExtension.entitlements */ = {isa = PBXFileReference; lastKnownFileType = text.plist.entitlements; path = EPWatchWidgetExtension.entitlements; sourceTree = "<group>"; };
		260787C628D88A3900FF2C33 /* sv */ = {isa = PBXFileReference; lastKnownFileType = text.plist.strings; name = sv; path = sv.lproj/InfoPlist.strings; sourceTree = "<group>"; };
		260787C928D88A3900FF2C33 /* sv */ = {isa = PBXFileReference; lastKnownFileType = text.plist.strings; name = sv; path = sv.lproj/Localizable.strings; sourceTree = "<group>"; };
		260787E028D8922C00FF2C33 /* en */ = {isa = PBXFileReference; lastKnownFileType = text.plist.strings; name = en; path = en.lproj/InfoPlist.strings; sourceTree = "<group>"; };
		261FC18F28B7771F007B4A4E /* EPWatchKitApp.app */ = {isa = PBXFileReference; explicitFileType = wrapper.application; includeInIndex = 0; path = EPWatchKitApp.app; sourceTree = BUILT_PRODUCTS_DIR; };
		261FC19F28B77720007B4A4E /* EPWatchKitApp.swift */ = {isa = PBXFileReference; lastKnownFileType = sourcecode.swift; path = EPWatchKitApp.swift; sourceTree = "<group>"; };
		261FC1A128B77720007B4A4E /* ContentView.swift */ = {isa = PBXFileReference; lastKnownFileType = sourcecode.swift; path = ContentView.swift; sourceTree = "<group>"; };
		261FC1A328B77720007B4A4E /* NotificationController.swift */ = {isa = PBXFileReference; lastKnownFileType = sourcecode.swift; path = NotificationController.swift; sourceTree = "<group>"; };
		261FC1A528B77720007B4A4E /* NotificationView.swift */ = {isa = PBXFileReference; lastKnownFileType = sourcecode.swift; path = NotificationView.swift; sourceTree = "<group>"; };
		261FC1AC28B77721007B4A4E /* Preview Assets.xcassets */ = {isa = PBXFileReference; lastKnownFileType = folder.assetcatalog; path = "Preview Assets.xcassets"; sourceTree = "<group>"; };
		261FC1AF28B77721007B4A4E /* PushNotificationPayload.apns */ = {isa = PBXFileReference; lastKnownFileType = text; path = PushNotificationPayload.apns; sourceTree = "<group>"; };
		263A126028D906CD00A11816 /* day-ahead-prices-2.xml */ = {isa = PBXFileReference; fileEncoding = 4; lastKnownFileType = text.xml; path = "day-ahead-prices-2.xml"; sourceTree = "<group>"; };
		26573319290311C200CE9A4C /* PriceArea.swift */ = {isa = PBXFileReference; lastKnownFileType = sourcecode.swift; path = PriceArea.swift; sourceTree = "<group>"; };
		2657331B2903121E00CE9A4C /* Currency.swift */ = {isa = PBXFileReference; lastKnownFileType = sourcecode.swift; path = Currency.swift; sourceTree = "<group>"; };
		2657331F2905446D00CE9A4C /* BasicSettingsView.swift */ = {isa = PBXFileReference; lastKnownFileType = sourcecode.swift; path = BasicSettingsView.swift; sourceTree = "<group>"; };
		2657332129054A4000CE9A4C /* CurrencyPresentationSettingsView.swift */ = {isa = PBXFileReference; lastKnownFileType = sourcecode.swift; path = CurrencyPresentationSettingsView.swift; sourceTree = "<group>"; };
		265733232905D09500CE9A4C /* BasicSettingsNavigationLink.swift */ = {isa = PBXFileReference; lastKnownFileType = sourcecode.swift; path = BasicSettingsNavigationLink.swift; sourceTree = "<group>"; };
		265733252905D7B000CE9A4C /* CurrencySubdivision.swift */ = {isa = PBXFileReference; lastKnownFileType = sourcecode.swift; path = CurrencySubdivision.swift; sourceTree = "<group>"; };
		265733272905D7C500CE9A4C /* CurrencyPresentation.swift */ = {isa = PBXFileReference; lastKnownFileType = sourcecode.swift; path = CurrencyPresentation.swift; sourceTree = "<group>"; };
		265733292905E3B600CE9A4C /* SettingsSection.swift */ = {isa = PBXFileReference; lastKnownFileType = sourcecode.swift; path = SettingsSection.swift; sourceTree = "<group>"; };
		2657332B29070FBF00CE9A4C /* ExchangeRate.swift */ = {isa = PBXFileReference; lastKnownFileType = sourcecode.swift; path = ExchangeRate.swift; sourceTree = "<group>"; };
		2657332E2907244300CE9A4C /* String+Localized.swift */ = {isa = PBXFileReference; lastKnownFileType = sourcecode.swift; path = "String+Localized.swift"; sourceTree = "<group>"; };
		265733302907291700CE9A4C /* PriceViewFooter.swift */ = {isa = PBXFileReference; lastKnownFileType = sourcecode.swift; path = PriceViewFooter.swift; sourceTree = "<group>"; };
		26624ADE28C7DB2E000F7E2E /* AppState.swift */ = {isa = PBXFileReference; lastKnownFileType = sourcecode.swift; path = AppState.swift; sourceTree = "<group>"; };
		26624AE228C7DBC1000F7E2E /* DayAheadPrices.swift */ = {isa = PBXFileReference; lastKnownFileType = sourcecode.swift; path = DayAheadPrices.swift; sourceTree = "<group>"; };
		26624AE628C883C9000F7E2E /* Log.swift */ = {isa = PBXFileReference; fileEncoding = 4; lastKnownFileType = sourcecode.swift; path = Log.swift; sourceTree = "<group>"; };
		26624AE928C8EFFB000F7E2E /* Error.swift */ = {isa = PBXFileReference; fileEncoding = 4; lastKnownFileType = sourcecode.swift; path = Error.swift; sourceTree = "<group>"; };
		26624AEF28C92D3C000F7E2E /* PricePoint.swift */ = {isa = PBXFileReference; lastKnownFileType = sourcecode.swift; path = PricePoint.swift; sourceTree = "<group>"; };
		26624AF128C9332F000F7E2E /* ForexAPI.swift */ = {isa = PBXFileReference; lastKnownFileType = sourcecode.swift; path = ForexAPI.swift; sourceTree = "<group>"; };
		26624AF328C93541000F7E2E /* AppStorageCodable.swift */ = {isa = PBXFileReference; fileEncoding = 4; lastKnownFileType = sourcecode.swift; path = AppStorageCodable.swift; sourceTree = "<group>"; };
		26624AF728C93E1F000F7E2E /* PricesAPI.swift */ = {isa = PBXFileReference; lastKnownFileType = sourcecode.swift; path = PricesAPI.swift; sourceTree = "<group>"; };
		2674BC6228D0572D00E31A20 /* EPWatchKitAppExtension.appex */ = {isa = PBXFileReference; explicitFileType = "wrapper.app-extension"; includeInIndex = 0; path = EPWatchKitAppExtension.appex; sourceTree = BUILT_PRODUCTS_DIR; };
		2674BC6328D0572D00E31A20 /* WidgetKit.framework */ = {isa = PBXFileReference; lastKnownFileType = wrapper.framework; name = WidgetKit.framework; path = System/Library/Frameworks/WidgetKit.framework; sourceTree = SDKROOT; };
		2674BC6528D0572D00E31A20 /* SwiftUI.framework */ = {isa = PBXFileReference; lastKnownFileType = wrapper.framework; name = SwiftUI.framework; path = System/Library/Frameworks/SwiftUI.framework; sourceTree = SDKROOT; };
		2674BC6828D0572D00E31A20 /* EPWatchKitAppExtension.swift */ = {isa = PBXFileReference; lastKnownFileType = sourcecode.swift; path = EPWatchKitAppExtension.swift; sourceTree = "<group>"; };
		2674BC6C28D0572E00E31A20 /* Info.plist */ = {isa = PBXFileReference; lastKnownFileType = text.plist.xml; path = Info.plist; sourceTree = "<group>"; };
		2674BC7C28D0596500E31A20 /* EPWatchCore.docc */ = {isa = PBXFileReference; lastKnownFileType = folder.documentationcatalog; path = EPWatchCore.docc; sourceTree = "<group>"; };
		2674BC8228D0596500E31A20 /* EPWatchCoreTests.xctest */ = {isa = PBXFileReference; explicitFileType = wrapper.cfbundle; includeInIndex = 0; path = EPWatchCoreTests.xctest; sourceTree = BUILT_PRODUCTS_DIR; };
		2674BC8728D0596500E31A20 /* EPWatchCoreTests.swift */ = {isa = PBXFileReference; lastKnownFileType = sourcecode.swift; path = EPWatchCoreTests.swift; sourceTree = "<group>"; };
		2674BCB028D0870300E31A20 /* DateIntervalFormatter.swift */ = {isa = PBXFileReference; lastKnownFileType = sourcecode.swift; path = DateIntervalFormatter.swift; sourceTree = "<group>"; };
		2674BCB328D0872800E31A20 /* FormattingStyle.swift */ = {isa = PBXFileReference; lastKnownFileType = sourcecode.swift; path = FormattingStyle.swift; sourceTree = "<group>"; };
		2674BCB528D08AA000E31A20 /* PricePointTimelineEntry.swift */ = {isa = PBXFileReference; lastKnownFileType = sourcecode.swift; path = PricePointTimelineEntry.swift; sourceTree = "<group>"; };
		2696878F28D10112002142BF /* PriceView.swift */ = {isa = PBXFileReference; lastKnownFileType = sourcecode.swift; path = PriceView.swift; sourceTree = "<group>"; };
		2696879128D1CD91002142BF /* SettingsView.swift */ = {isa = PBXFileReference; lastKnownFileType = sourcecode.swift; path = SettingsView.swift; sourceTree = "<group>"; };
		2696879428D2021C002142BF /* Region.swift */ = {isa = PBXFileReference; lastKnownFileType = sourcecode.swift; path = Region.swift; sourceTree = "<group>"; };
		2696879628D26A3D002142BF /* PriceRange.swift */ = {isa = PBXFileReference; lastKnownFileType = sourcecode.swift; path = PriceRange.swift; sourceTree = "<group>"; };
		2696879928D26CD0002142BF /* PriceAreaSettingsView.swift */ = {isa = PBXFileReference; lastKnownFileType = sourcecode.swift; path = PriceAreaSettingsView.swift; sourceTree = "<group>"; };
		2696879B28D3A126002142BF /* EPWatchKitApp.entitlements */ = {isa = PBXFileReference; lastKnownFileType = text.plist.entitlements; path = EPWatchKitApp.entitlements; sourceTree = "<group>"; };
		2696879C28D3A164002142BF /* EPWatchKitAppExtension.entitlements */ = {isa = PBXFileReference; lastKnownFileType = text.plist.entitlements; path = EPWatchKitAppExtension.entitlements; sourceTree = "<group>"; };
		2696879D28D3A2C8002142BF /* UserDefaults+AppGroup.swift */ = {isa = PBXFileReference; lastKnownFileType = sourcecode.swift; path = "UserDefaults+AppGroup.swift"; sourceTree = "<group>"; };
		2696879F28D3A5D0002142BF /* WidgetKit.framework */ = {isa = PBXFileReference; lastKnownFileType = wrapper.framework; name = WidgetKit.framework; path = Platforms/WatchOS.platform/Developer/SDKs/WatchOS9.0.sdk/System/Library/Frameworks/WidgetKit.framework; sourceTree = DEVELOPER_DIR; };
		269687A428D3B5F8002142BF /* PriceLimits.swift */ = {isa = PBXFileReference; lastKnownFileType = sourcecode.swift; path = PriceLimits.swift; sourceTree = "<group>"; };
		269687A828D452CB002142BF /* PriceChartView.swift */ = {isa = PBXFileReference; lastKnownFileType = sourcecode.swift; path = PriceChartView.swift; sourceTree = "<group>"; };
		2696880C28D47422002142BF /* Info.plist */ = {isa = PBXFileReference; lastKnownFileType = text.plist.xml; path = Info.plist; sourceTree = "<group>"; };
		2696881428D477EC002142BF /* EPWatch.app */ = {isa = PBXFileReference; explicitFileType = wrapper.application; includeInIndex = 0; path = EPWatch.app; sourceTree = BUILT_PRODUCTS_DIR; };
		2696881628D477ED002142BF /* EPWatchApp.swift */ = {isa = PBXFileReference; lastKnownFileType = sourcecode.swift; path = EPWatchApp.swift; sourceTree = "<group>"; };
		2696881828D477ED002142BF /* ContentView.swift */ = {isa = PBXFileReference; lastKnownFileType = sourcecode.swift; path = ContentView.swift; sourceTree = "<group>"; };
		2696881A28D477EE002142BF /* Assets.xcassets */ = {isa = PBXFileReference; lastKnownFileType = folder.assetcatalog; path = Assets.xcassets; sourceTree = "<group>"; };
		2696881D28D477EE002142BF /* Preview Assets.xcassets */ = {isa = PBXFileReference; lastKnownFileType = folder.assetcatalog; path = "Preview Assets.xcassets"; sourceTree = "<group>"; };
		2696882228D4784A002142BF /* Info.plist */ = {isa = PBXFileReference; lastKnownFileType = text.plist.xml; path = Info.plist; sourceTree = "<group>"; };
		2696882428D47888002142BF /* EPWatch.entitlements */ = {isa = PBXFileReference; lastKnownFileType = text.plist.entitlements; path = EPWatch.entitlements; sourceTree = "<group>"; };
		2696883028D47C4B002142BF /* PriceView.swift */ = {isa = PBXFileReference; lastKnownFileType = sourcecode.swift; path = PriceView.swift; sourceTree = "<group>"; };
		2696883228D47F3B002142BF /* SettingsView.swift */ = {isa = PBXFileReference; lastKnownFileType = sourcecode.swift; path = SettingsView.swift; sourceTree = "<group>"; };
		26AC446429112D5D00B86B1E /* CircularProgressView.swift */ = {isa = PBXFileReference; lastKnownFileType = sourcecode.swift; path = CircularProgressView.swift; sourceTree = "<group>"; };
		26C71B1728C1468500C2DC59 /* day-ahead-prices-1.xml */ = {isa = PBXFileReference; fileEncoding = 4; lastKnownFileType = text.xml; path = "day-ahead-prices-1.xml"; sourceTree = "<group>"; };
		26F28FD62910773A00D42DFB /* WCSessionActivationState+Description.swift */ = {isa = PBXFileReference; fileEncoding = 4; lastKnownFileType = sourcecode.swift; path = "WCSessionActivationState+Description.swift"; sourceTree = "<group>"; };
		26F28FD72910773A00D42DFB /* FileManager+Directories.swift */ = {isa = PBXFileReference; fileEncoding = 4; lastKnownFileType = sourcecode.swift; path = "FileManager+Directories.swift"; sourceTree = "<group>"; };
		26F28FDA2910778300D42DFB /* SupportSettingsView.swift */ = {isa = PBXFileReference; fileEncoding = 4; lastKnownFileType = sourcecode.swift; path = SupportSettingsView.swift; sourceTree = "<group>"; };
		26F28FDB2910778300D42DFB /* ShareLogsState.swift */ = {isa = PBXFileReference; fileEncoding = 4; lastKnownFileType = sourcecode.swift; path = ShareLogsState.swift; sourceTree = "<group>"; };
		26F28FDE2910781F00D42DFB /* HostCommunicationManager.swift */ = {isa = PBXFileReference; fileEncoding = 4; lastKnownFileType = sourcecode.swift; path = HostCommunicationManager.swift; sourceTree = "<group>"; };
		26F28FE62910796700D42DFB /* String+Localized.swift */ = {isa = PBXFileReference; fileEncoding = 4; lastKnownFileType = sourcecode.swift; path = "String+Localized.swift"; sourceTree = "<group>"; };
/* End PBXFileReference section */

/* Begin PBXFrameworksBuildPhase section */
		2607877428D6693000FF2C33 /* Frameworks */ = {
			isa = PBXFrameworksBuildPhase;
			buildActionMask = 2147483647;
			files = (
				2607878128D669C200FF2C33 /* XMLCoder in Frameworks */,
				2607877F28D669C200FF2C33 /* Alamofire in Frameworks */,
				2607878328D669C200FF2C33 /* SwiftDate in Frameworks */,
				2602DE47290AD20200CC83F2 /* XCGLogger in Frameworks */,
			);
			runOnlyForDeploymentPostprocessing = 0;
		};
		2607879B28D70B8C00FF2C33 /* Frameworks */ = {
			isa = PBXFrameworksBuildPhase;
			buildActionMask = 2147483647;
			files = (
				260787C028D7171E00FF2C33 /* libEPWatchCore.a in Frameworks */,
				260787A028D70B8C00FF2C33 /* SwiftUI.framework in Frameworks */,
				2607879F28D70B8C00FF2C33 /* WidgetKit.framework in Frameworks */,
			);
			runOnlyForDeploymentPostprocessing = 0;
		};
		261FC19728B77720007B4A4E /* Frameworks */ = {
			isa = PBXFrameworksBuildPhase;
			buildActionMask = 2147483647;
			files = (
				26CD57C428DAFFC3007FC8BB /* libEPWatchCore.a in Frameworks */,
			);
			runOnlyForDeploymentPostprocessing = 0;
		};
		2674BC5F28D0572D00E31A20 /* Frameworks */ = {
			isa = PBXFrameworksBuildPhase;
			buildActionMask = 2147483647;
			files = (
				2607879628D66A8C00FF2C33 /* libEPWatchCore.a in Frameworks */,
				2674BC6628D0572D00E31A20 /* SwiftUI.framework in Frameworks */,
				2674BC6428D0572D00E31A20 /* WidgetKit.framework in Frameworks */,
			);
			runOnlyForDeploymentPostprocessing = 0;
		};
		2674BC7F28D0596500E31A20 /* Frameworks */ = {
			isa = PBXFrameworksBuildPhase;
			buildActionMask = 2147483647;
			files = (
				260787C328D7182C00FF2C33 /* libEPWatchCore.a in Frameworks */,
			);
			runOnlyForDeploymentPostprocessing = 0;
		};
		2696881128D477EC002142BF /* Frameworks */ = {
			isa = PBXFrameworksBuildPhase;
			buildActionMask = 2147483647;
			files = (
				26F28FE5291078B800D42DFB /* ActivityView in Frameworks */,
				2607879528D66A5E00FF2C33 /* libEPWatchCore.a in Frameworks */,
				2690401728D6682800A823F5 /* SwiftDate in Frameworks */,
				261E7D3B28DB0F470018CB4A /* XMLCoder in Frameworks */,
				2690401128D6680B00A823F5 /* Alamofire in Frameworks */,
			);
			runOnlyForDeploymentPostprocessing = 0;
		};
/* End PBXFrameworksBuildPhase section */

/* Begin PBXGroup section */
		260787A128D70B8C00FF2C33 /* EPWatchWidgetExtension */ = {
			isa = PBXGroup;
			children = (
				260787A228D70B8C00FF2C33 /* EPWatchWidgetExtension.swift */,
				260787BF28D716E500FF2C33 /* Resources */,
			);
			path = EPWatchWidgetExtension;
			sourceTree = "<group>";
		};
		260787B128D70C9D00FF2C33 /* Widget */ = {
			isa = PBXGroup;
			children = (
				260787B528D7109C00FF2C33 /* PricePointCircularWidgetView.swift */,
				260787BB28D7123A00FF2C33 /* PricePointInlineWidgetView.swift */,
				260787B928D711FF00FF2C33 /* PricePointLargeWidgetView.swift */,
				260787B728D711C100FF2C33 /* PricePointRectangularWidgetView.swift */,
				2674BCB528D08AA000E31A20 /* PricePointTimelineEntry.swift */,
				260787B228D70CE900FF2C33 /* PricePointTimelineProvider.swift */,
				260787BD28D712BB00FF2C33 /* PricePointWidgetView.swift */,
			);
			path = Widget;
			sourceTree = "<group>";
		};
		260787BF28D716E500FF2C33 /* Resources */ = {
			isa = PBXGroup;
			children = (
				260787C428D72EA600FF2C33 /* EPWatchWidgetExtension.entitlements */,
				260787A628D70B8D00FF2C33 /* Info.plist */,
			);
			path = Resources;
			sourceTree = "<group>";
		};
		260787D728D88F5100FF2C33 /* Localization */ = {
			isa = PBXGroup;
			children = (
				260787C828D88A3900FF2C33 /* Localizable.strings */,
				260787C528D88A3900FF2C33 /* InfoPlist.strings */,
			);
			path = Localization;
			sourceTree = "<group>";
		};
		261FC18428B7771F007B4A4E = {
			isa = PBXGroup;
			children = (
				2696881528D477ED002142BF /* EPWatch */,
				260787A128D70B8C00FF2C33 /* EPWatchWidgetExtension */,
				261FC19328B7771F007B4A4E /* EPWatchKitApp */,
				2674BC6728D0572D00E31A20 /* EPWatchKitAppExtension */,
				2674BC7A28D0596500E31A20 /* EPWatchCore */,
				2674BC8628D0596500E31A20 /* EPWatchCoreTests */,
				26C71B1928C1469D00C2DC59 /* Frameworks */,
				261FC18C28B7771F007B4A4E /* Products */,
				26EC4A1528D9C54E004DD8EB /* Resources */,
				26AC447029126A4D00B86B1E /* Recovered References */,
			);
			sourceTree = "<group>";
		};
		261FC18C28B7771F007B4A4E /* Products */ = {
			isa = PBXGroup;
			children = (
				261FC18F28B7771F007B4A4E /* EPWatchKitApp.app */,
				2674BC6228D0572D00E31A20 /* EPWatchKitAppExtension.appex */,
				2674BC8228D0596500E31A20 /* EPWatchCoreTests.xctest */,
				2696881428D477EC002142BF /* EPWatch.app */,
				2607877728D6693000FF2C33 /* libEPWatchCore.a */,
				2607879E28D70B8C00FF2C33 /* EPWatchWidgetExtension.appex */,
			);
			name = Products;
			sourceTree = "<group>";
		};
		261FC19328B7771F007B4A4E /* EPWatchKitApp */ = {
			isa = PBXGroup;
			children = (
				261FC1A128B77720007B4A4E /* ContentView.swift */,
				261FC19F28B77720007B4A4E /* EPWatchKitApp.swift */,
				26F28FDE2910781F00D42DFB /* HostCommunicationManager.swift */,
				2674BC4428CF7CF900E31A20 /* Notifications */,
				261FC1AB28B77721007B4A4E /* Preview Content */,
				2696878F28D10112002142BF /* PriceView.swift */,
				269687AA28D46FD7002142BF /* Resources */,
				2696879828D26CBE002142BF /* Settings */,
			);
			path = EPWatchKitApp;
			sourceTree = "<group>";
		};
		261FC1AB28B77721007B4A4E /* Preview Content */ = {
			isa = PBXGroup;
			children = (
				261FC1AC28B77721007B4A4E /* Preview Assets.xcassets */,
			);
			path = "Preview Content";
			sourceTree = "<group>";
		};
		2657332D290710B700CE9A4C /* Currency */ = {
			isa = PBXGroup;
			children = (
				2657331B2903121E00CE9A4C /* Currency.swift */,
				265733272905D7C500CE9A4C /* CurrencyPresentation.swift */,
				265733252905D7B000CE9A4C /* CurrencySubdivision.swift */,
				2657332B29070FBF00CE9A4C /* ExchangeRate.swift */,
				26624AF128C9332F000F7E2E /* ForexAPI.swift */,
			);
			path = Currency;
			sourceTree = "<group>";
		};
		26624AF628C93DEA000F7E2E /* API */ = {
			isa = PBXGroup;
			children = (
				26624AF928C93E91000F7E2E /* Prices */,
			);
			path = API;
			sourceTree = "<group>";
		};
		26624AF928C93E91000F7E2E /* Prices */ = {
			isa = PBXGroup;
			children = (
				26624AE228C7DBC1000F7E2E /* DayAheadPrices.swift */,
				26624AF728C93E1F000F7E2E /* PricesAPI.swift */,
			);
			path = Prices;
			sourceTree = "<group>";
		};
		2674BC4428CF7CF900E31A20 /* Notifications */ = {
			isa = PBXGroup;
			children = (
				261FC1A328B77720007B4A4E /* NotificationController.swift */,
				261FC1A528B77720007B4A4E /* NotificationView.swift */,
				261FC1AF28B77721007B4A4E /* PushNotificationPayload.apns */,
			);
			path = Notifications;
			sourceTree = "<group>";
		};
		2674BC6728D0572D00E31A20 /* EPWatchKitAppExtension */ = {
			isa = PBXGroup;
			children = (
				2674BC6828D0572D00E31A20 /* EPWatchKitAppExtension.swift */,
				269687AB28D46FF3002142BF /* Resources */,
			);
			path = EPWatchKitAppExtension;
			sourceTree = "<group>";
		};
		2674BC7A28D0596500E31A20 /* EPWatchCore */ = {
			isa = PBXGroup;
			children = (
				26624AF628C93DEA000F7E2E /* API */,
				26624ADE28C7DB2E000F7E2E /* AppState.swift */,
				2657332D290710B700CE9A4C /* Currency */,
				2674BC7C28D0596500E31A20 /* EPWatchCore.docc */,
				2674BCB228D0871800E31A20 /* Formatting */,
				269687A328D3B5EA002142BF /* Models */,
				2674BC9E28D0651F00E31A20 /* Utils */,
				269687A728D452B9002142BF /* Views */,
				260787B128D70C9D00FF2C33 /* Widget */,
			);
			path = EPWatchCore;
			sourceTree = "<group>";
		};
		2674BC8628D0596500E31A20 /* EPWatchCoreTests */ = {
			isa = PBXGroup;
			children = (
				26C71B1728C1468500C2DC59 /* day-ahead-prices-1.xml */,
				263A126028D906CD00A11816 /* day-ahead-prices-2.xml */,
				2674BC8728D0596500E31A20 /* EPWatchCoreTests.swift */,
			);
			path = EPWatchCoreTests;
			sourceTree = "<group>";
		};
		2674BC9E28D0651F00E31A20 /* Utils */ = {
			isa = PBXGroup;
			children = (
				26624AF328C93541000F7E2E /* AppStorageCodable.swift */,
				2602DE5E290D20FF00CC83F2 /* Calendar+Helpers.swift */,
				26624AE928C8EFFB000F7E2E /* Error.swift */,
				26F28FD72910773A00D42DFB /* FileManager+Directories.swift */,
				26624AE628C883C9000F7E2E /* Log.swift */,
				2602DE4E290BCD7E00CC83F2 /* LogOnce.swift */,
				2602DE4A290B0DE300CC83F2 /* String+AppGroupIdentifier.swift */,
				2657332E2907244300CE9A4C /* String+Localized.swift */,
				2696879D28D3A2C8002142BF /* UserDefaults+AppGroup.swift */,
				26F28FD62910773A00D42DFB /* WCSessionActivationState+Description.swift */,
			);
			path = Utils;
			sourceTree = "<group>";
		};
		2674BCB228D0871800E31A20 /* Formatting */ = {
			isa = PBXGroup;
			children = (
				2674BCB028D0870300E31A20 /* DateIntervalFormatter.swift */,
				2674BCB328D0872800E31A20 /* FormattingStyle.swift */,
			);
			path = Formatting;
			sourceTree = "<group>";
		};
		2696879828D26CBE002142BF /* Settings */ = {
			isa = PBXGroup;
			children = (
				2696879928D26CD0002142BF /* PriceAreaSettingsView.swift */,
				2696879128D1CD91002142BF /* SettingsView.swift */,
			);
			path = Settings;
			sourceTree = "<group>";
		};
		269687A328D3B5EA002142BF /* Models */ = {
			isa = PBXGroup;
			children = (
				26573319290311C200CE9A4C /* PriceArea.swift */,
				269687A428D3B5F8002142BF /* PriceLimits.swift */,
				26624AEF28C92D3C000F7E2E /* PricePoint.swift */,
				2696879628D26A3D002142BF /* PriceRange.swift */,
				2696879428D2021C002142BF /* Region.swift */,
			);
			path = Models;
			sourceTree = "<group>";
		};
		269687A728D452B9002142BF /* Views */ = {
			isa = PBXGroup;
			children = (
				265733232905D09500CE9A4C /* BasicSettingsNavigationLink.swift */,
				2657331F2905446D00CE9A4C /* BasicSettingsView.swift */,
				2657332129054A4000CE9A4C /* CurrencyPresentationSettingsView.swift */,
				269687A828D452CB002142BF /* PriceChartView.swift */,
				265733292905E3B600CE9A4C /* SettingsSection.swift */,
			);
			path = Views;
			sourceTree = "<group>";
		};
		269687AA28D46FD7002142BF /* Resources */ = {
			isa = PBXGroup;
			children = (
				2696879B28D3A126002142BF /* EPWatchKitApp.entitlements */,
				2696880C28D47422002142BF /* Info.plist */,
			);
			path = Resources;
			sourceTree = "<group>";
		};
		269687AB28D46FF3002142BF /* Resources */ = {
			isa = PBXGroup;
			children = (
				2696879C28D3A164002142BF /* EPWatchKitAppExtension.entitlements */,
				2674BC6C28D0572E00E31A20 /* Info.plist */,
			);
			path = Resources;
			sourceTree = "<group>";
		};
		2696881528D477ED002142BF /* EPWatch */ = {
			isa = PBXGroup;
			children = (
				2696881828D477ED002142BF /* ContentView.swift */,
				2696881628D477ED002142BF /* EPWatchApp.swift */,
				2696881C28D477EE002142BF /* Preview Content */,
				2696883028D47C4B002142BF /* PriceView.swift */,
				2696882328D47864002142BF /* Resources */,
				2696883228D47F3B002142BF /* SettingsView.swift */,
				26F28FDB2910778300D42DFB /* ShareLogsState.swift */,
				26F28FDA2910778300D42DFB /* SupportSettingsView.swift */,
				26AC446429112D5D00B86B1E /* CircularProgressView.swift */,
				265733302907291700CE9A4C /* PriceViewFooter.swift */,
			);
			path = EPWatch;
			sourceTree = "<group>";
		};
		2696881C28D477EE002142BF /* Preview Content */ = {
			isa = PBXGroup;
			children = (
				2696881D28D477EE002142BF /* Preview Assets.xcassets */,
			);
			path = "Preview Content";
			sourceTree = "<group>";
		};
		2696882328D47864002142BF /* Resources */ = {
			isa = PBXGroup;
			children = (
				2696882428D47888002142BF /* EPWatch.entitlements */,
				2696882228D4784A002142BF /* Info.plist */,
			);
			path = Resources;
			sourceTree = "<group>";
		};
		26AC447029126A4D00B86B1E /* Recovered References */ = {
			isa = PBXGroup;
			children = (
				26F28FE62910796700D42DFB /* String+Localized.swift */,
			);
			name = "Recovered References";
			sourceTree = "<group>";
		};
		26C71B1928C1469D00C2DC59 /* Frameworks */ = {
			isa = PBXGroup;
			children = (
				2674BC6328D0572D00E31A20 /* WidgetKit.framework */,
				2696879F28D3A5D0002142BF /* WidgetKit.framework */,
				2674BC6528D0572D00E31A20 /* SwiftUI.framework */,
			);
			name = Frameworks;
			sourceTree = "<group>";
		};
		26EC4A1528D9C54E004DD8EB /* Resources */ = {
			isa = PBXGroup;
			children = (
				2696881A28D477EE002142BF /* Assets.xcassets */,
				260787D728D88F5100FF2C33 /* Localization */,
			);
			path = Resources;
			sourceTree = "<group>";
		};
/* End PBXGroup section */

/* Begin PBXNativeTarget section */
		2607877628D6693000FF2C33 /* EPWatchCore */ = {
			isa = PBXNativeTarget;
			buildConfigurationList = 2607877B28D6693000FF2C33 /* Build configuration list for PBXNativeTarget "EPWatchCore" */;
			buildPhases = (
				2607877328D6693000FF2C33 /* Sources */,
				2607877428D6693000FF2C33 /* Frameworks */,
				2607877528D6693000FF2C33 /* CopyFiles */,
			);
			buildRules = (
			);
			dependencies = (
			);
			name = EPWatchCore;
			packageProductDependencies = (
				2607877E28D669C200FF2C33 /* Alamofire */,
				2607878028D669C200FF2C33 /* XMLCoder */,
				2607878228D669C200FF2C33 /* SwiftDate */,
				2602DE46290AD20200CC83F2 /* XCGLogger */,
			);
			productName = EPWatchCore;
			productReference = 2607877728D6693000FF2C33 /* libEPWatchCore.a */;
			productType = "com.apple.product-type.library.static";
		};
		2607879D28D70B8C00FF2C33 /* EPWatchWidgetExtension */ = {
			isa = PBXNativeTarget;
			buildConfigurationList = 260787AA28D70B8D00FF2C33 /* Build configuration list for PBXNativeTarget "EPWatchWidgetExtension" */;
			buildPhases = (
				2607879A28D70B8C00FF2C33 /* Sources */,
				2607879B28D70B8C00FF2C33 /* Frameworks */,
				2607879C28D70B8C00FF2C33 /* Resources */,
			);
			buildRules = (
			);
			dependencies = (
				260787C228D7171E00FF2C33 /* PBXTargetDependency */,
			);
			name = EPWatchWidgetExtension;
			productName = EPWatchWidgetExtensionExtension;
			productReference = 2607879E28D70B8C00FF2C33 /* EPWatchWidgetExtension.appex */;
			productType = "com.apple.product-type.app-extension";
		};
		261FC18E28B7771F007B4A4E /* EPWatchKitApp */ = {
			isa = PBXNativeTarget;
			buildConfigurationList = 261FC1B628B77721007B4A4E /* Build configuration list for PBXNativeTarget "EPWatchKitApp" */;
			buildPhases = (
				261FC18D28B7771F007B4A4E /* Resources */,
				261FC19628B77720007B4A4E /* Sources */,
				261FC19728B77720007B4A4E /* Frameworks */,
				2674BC7028D0572E00E31A20 /* Embed Foundation Extensions */,
				2674BC9528D059A400E31A20 /* Embed Frameworks */,
				26DAC0BC29026F890079F66A /* Entsoe Security Token */,
			);
			buildRules = (
			);
			dependencies = (
				2674BC6E28D0572E00E31A20 /* PBXTargetDependency */,
				26CD57C628DAFFC3007FC8BB /* PBXTargetDependency */,
			);
			name = EPWatchKitApp;
			packageProductDependencies = (
			);
			productName = "EPWatch WatchKit App";
			productReference = 261FC18F28B7771F007B4A4E /* EPWatchKitApp.app */;
			productType = "com.apple.product-type.application";
		};
		2674BC6128D0572D00E31A20 /* EPWatchKitAppExtension */ = {
			isa = PBXNativeTarget;
			buildConfigurationList = 2674BC7328D0572E00E31A20 /* Build configuration list for PBXNativeTarget "EPWatchKitAppExtension" */;
			buildPhases = (
				2674BC5E28D0572D00E31A20 /* Sources */,
				2674BC5F28D0572D00E31A20 /* Frameworks */,
				2674BC6028D0572D00E31A20 /* Resources */,
			);
			buildRules = (
			);
			dependencies = (
			);
			name = EPWatchKitAppExtension;
			packageProductDependencies = (
			);
			productName = "EPWatch ComplicationsExtension";
			productReference = 2674BC6228D0572D00E31A20 /* EPWatchKitAppExtension.appex */;
			productType = "com.apple.product-type.app-extension";
		};
		2674BC8128D0596500E31A20 /* EPWatchCoreTests */ = {
			isa = PBXNativeTarget;
			buildConfigurationList = 2674BC8D28D0596500E31A20 /* Build configuration list for PBXNativeTarget "EPWatchCoreTests" */;
			buildPhases = (
				2674BC7E28D0596500E31A20 /* Sources */,
				2674BC7F28D0596500E31A20 /* Frameworks */,
				2674BC8028D0596500E31A20 /* Resources */,
			);
			buildRules = (
			);
			dependencies = (
				260787E228D8983D00FF2C33 /* PBXTargetDependency */,
			);
			name = EPWatchCoreTests;
			productName = EPWatchCoreTests;
			productReference = 2674BC8228D0596500E31A20 /* EPWatchCoreTests.xctest */;
			productType = "com.apple.product-type.bundle.unit-test";
		};
		2696881328D477EC002142BF /* EPWatch */ = {
			isa = PBXNativeTarget;
			buildConfigurationList = 2696881F28D477EE002142BF /* Build configuration list for PBXNativeTarget "EPWatch" */;
			buildPhases = (
				2696881028D477EC002142BF /* Sources */,
				2696881128D477EC002142BF /* Frameworks */,
				2696881228D477EC002142BF /* Resources */,
				2696882F28D478C3002142BF /* Embed Frameworks */,
				2690400C28D5DA4100A823F5 /* Embed Watch Content */,
				260787AD28D70B8D00FF2C33 /* Embed Foundation Extensions */,
				26DAC0BB290268760079F66A /* Entsoe Security Token */,
			);
			buildRules = (
			);
			dependencies = (
				2607879928D66B2300FF2C33 /* PBXTargetDependency */,
				2690400B28D5DA4100A823F5 /* PBXTargetDependency */,
				260787A828D70B8D00FF2C33 /* PBXTargetDependency */,
			);
			name = EPWatch;
			packageProductDependencies = (
				2690401028D6680B00A823F5 /* Alamofire */,
				2690401628D6682800A823F5 /* SwiftDate */,
				261E7D3A28DB0F470018CB4A /* XMLCoder */,
				26F28FE4291078B800D42DFB /* ActivityView */,
			);
			productName = EPWatch;
			productReference = 2696881428D477EC002142BF /* EPWatch.app */;
			productType = "com.apple.product-type.application";
		};
/* End PBXNativeTarget section */

/* Begin PBXProject section */
		261FC18528B7771F007B4A4E /* Project object */ = {
			isa = PBXProject;
			attributes = {
				BuildIndependentTargetsInParallel = 1;
				LastSwiftUpdateCheck = 1400;
				LastUpgradeCheck = 1410;
				TargetAttributes = {
					2607877628D6693000FF2C33 = {
						CreatedOnToolsVersion = 14.0;
					};
					2607879D28D70B8C00FF2C33 = {
						CreatedOnToolsVersion = 14.0;
					};
					261FC18E28B7771F007B4A4E = {
						CreatedOnToolsVersion = 13.4.1;
					};
					2674BC6128D0572D00E31A20 = {
						CreatedOnToolsVersion = 14.0;
					};
					2674BC8128D0596500E31A20 = {
						CreatedOnToolsVersion = 14.0;
					};
					2696881328D477EC002142BF = {
						CreatedOnToolsVersion = 14.0;
					};
				};
			};
			buildConfigurationList = 261FC18828B7771F007B4A4E /* Build configuration list for PBXProject "EPWatch" */;
			compatibilityVersion = "Xcode 14.0";
			developmentRegion = en;
			hasScannedForEncodings = 0;
			knownRegions = (
				en,
				Base,
				sv,
			);
			mainGroup = 261FC18428B7771F007B4A4E;
			packageReferences = (
				2690400F28D6680B00A823F5 /* XCRemoteSwiftPackageReference "Alamofire" */,
				2690401228D6681800A823F5 /* XCRemoteSwiftPackageReference "XMLCoder" */,
				2690401528D6682800A823F5 /* XCRemoteSwiftPackageReference "SwiftDate" */,
				2602DE43290AD0D400CC83F2 /* XCRemoteSwiftPackageReference "XCGLogger" */,
				26F28FE3291078B800D42DFB /* XCRemoteSwiftPackageReference "ActivityView" */,
			);
			productRefGroup = 261FC18C28B7771F007B4A4E /* Products */;
			projectDirPath = "";
			projectRoot = "";
			targets = (
				2696881328D477EC002142BF /* EPWatch */,
				2607879D28D70B8C00FF2C33 /* EPWatchWidgetExtension */,
				261FC18E28B7771F007B4A4E /* EPWatchKitApp */,
				2674BC6128D0572D00E31A20 /* EPWatchKitAppExtension */,
				2607877628D6693000FF2C33 /* EPWatchCore */,
				2674BC8128D0596500E31A20 /* EPWatchCoreTests */,
			);
		};
/* End PBXProject section */

/* Begin PBXResourcesBuildPhase section */
		2607879C28D70B8C00FF2C33 /* Resources */ = {
			isa = PBXResourcesBuildPhase;
			buildActionMask = 2147483647;
			files = (
				260787D928D88FFB00FF2C33 /* Localizable.strings in Resources */,
				264E989528DB2BA600E02F65 /* Assets.xcassets in Resources */,
				260787D828D88FFB00FF2C33 /* InfoPlist.strings in Resources */,
			);
			runOnlyForDeploymentPostprocessing = 0;
		};
		261FC18D28B7771F007B4A4E /* Resources */ = {
			isa = PBXResourcesBuildPhase;
			buildActionMask = 2147483647;
			files = (
				260787DB28D88FFC00FF2C33 /* Localizable.strings in Resources */,
				264E989628DB2BA600E02F65 /* Assets.xcassets in Resources */,
				260787DA28D88FFC00FF2C33 /* InfoPlist.strings in Resources */,
			);
			runOnlyForDeploymentPostprocessing = 0;
		};
		2674BC6028D0572D00E31A20 /* Resources */ = {
			isa = PBXResourcesBuildPhase;
			buildActionMask = 2147483647;
			files = (
				260787DD28D88FFC00FF2C33 /* Localizable.strings in Resources */,
				264E989728DB2BA600E02F65 /* Assets.xcassets in Resources */,
				260787DC28D88FFC00FF2C33 /* InfoPlist.strings in Resources */,
			);
			runOnlyForDeploymentPostprocessing = 0;
		};
		2674BC8028D0596500E31A20 /* Resources */ = {
			isa = PBXResourcesBuildPhase;
			buildActionMask = 2147483647;
			files = (
				2674BCB728D0928500E31A20 /* day-ahead-prices-1.xml in Resources */,
				263A126128D906CD00A11816 /* day-ahead-prices-2.xml in Resources */,
			);
			runOnlyForDeploymentPostprocessing = 0;
		};
		2696881228D477EC002142BF /* Resources */ = {
			isa = PBXResourcesBuildPhase;
			buildActionMask = 2147483647;
			files = (
				260787CA28D88A3900FF2C33 /* Localizable.strings in Resources */,
				26EC4A1428D9C52C004DD8EB /* Assets.xcassets in Resources */,
				260787C728D88A3900FF2C33 /* InfoPlist.strings in Resources */,
			);
			runOnlyForDeploymentPostprocessing = 0;
		};
/* End PBXResourcesBuildPhase section */

/* Begin PBXShellScriptBuildPhase section */
		26DAC0BB290268760079F66A /* Entsoe Security Token */ = {
			isa = PBXShellScriptBuildPhase;
			alwaysOutOfDate = 1;
			buildActionMask = 2147483647;
			files = (
			);
			inputFileListPaths = (
			);
			inputPaths = (
				"$(TARGET_BUILD_DIR)/$(INFOPLIST_PATH)",
			);
			name = "Entsoe Security Token";
			outputFileListPaths = (
			);
			outputPaths = (
			);
			runOnlyForDeploymentPostprocessing = 0;
			shellPath = /bin/sh;
			shellScript = "# Look for a file named '.security_token' next to this .xcodeproj file\ntoken_file=.security_token\ntoken=\"$(cat $token_file 2>/dev/null)\"\nif [ \"$token\" ]; then\n  plutil -replace EntsoeSecurityToken -string $token \"$TARGET_BUILD_DIR/$INFOPLIST_PATH\"\nelse\n  echo \"error: Missing entsoe security token. Get a security token from <https://transparency.entsoe.eu/usrm/user/myAccountSettings>, then create a new file at $token_file that contains the security token.\"\nfi\n";
		};
		26DAC0BC29026F890079F66A /* Entsoe Security Token */ = {
			isa = PBXShellScriptBuildPhase;
			alwaysOutOfDate = 1;
			buildActionMask = 2147483647;
			files = (
			);
			inputFileListPaths = (
			);
			inputPaths = (
				"$(TARGET_BUILD_DIR)/$(INFOPLIST_PATH)",
			);
			name = "Entsoe Security Token";
			outputFileListPaths = (
			);
			outputPaths = (
			);
			runOnlyForDeploymentPostprocessing = 0;
			shellPath = /bin/sh;
			shellScript = "# Look for a file named '.security_token' next to this .xcodeproj file\ntoken_file=.security_token\ntoken=\"$(cat $token_file 2>/dev/null)\"\nif [ \"$token\" ]; then\n  plutil -replace EntsoeSecurityToken -string $token \"$TARGET_BUILD_DIR/$INFOPLIST_PATH\"\nelse\n  echo \"error: Missing entsoe security token. Get a security token from <https://transparency.entsoe.eu/usrm/user/myAccountSettings>, then create a new file at $token_file that contains the security token.\"\nfi\n";
		};
/* End PBXShellScriptBuildPhase section */

/* Begin PBXSourcesBuildPhase section */
		2607877328D6693000FF2C33 /* Sources */ = {
			isa = PBXSourcesBuildPhase;
			buildActionMask = 2147483647;
			files = (
				26AC446D291269EB00B86B1E /* AppStorageCodable.swift in Sources */,
				2607879328D66A1200FF2C33 /* DayAheadPrices.swift in Sources */,
				26490D23290DB6CD0030AEE1 /* PriceRange.swift in Sources */,
				26AC446C291269EB00B86B1E /* Log.swift in Sources */,
				26AC4468291269EB00B86B1E /* LogOnce.swift in Sources */,
				260787BA28D711FF00FF2C33 /* PricePointLargeWidgetView.swift in Sources */,
				26490D27290DB6CD0030AEE1 /* PriceLimits.swift in Sources */,
				260787B328D70CE900FF2C33 /* PricePointTimelineProvider.swift in Sources */,
				26AC4466291269EB00B86B1E /* UserDefaults+AppGroup.swift in Sources */,
				26490D22290DB6CD0030AEE1 /* Currency.swift in Sources */,
				265733242905D09500CE9A4C /* BasicSettingsNavigationLink.swift in Sources */,
				26490D21290DB6CD0030AEE1 /* CurrencySubdivision.swift in Sources */,
				26AC447129126A6000B86B1E /* String+Localized.swift in Sources */,
				26AC446F291269EB00B86B1E /* WCSessionActivationState+Description.swift in Sources */,
				2607879428D66A1200FF2C33 /* PricesAPI.swift in Sources */,
				2607878E28D669D700FF2C33 /* AppState.swift in Sources */,
				26AC446A291269EB00B86B1E /* Error.swift in Sources */,
				26AC446B291269EB00B86B1E /* String+AppGroupIdentifier.swift in Sources */,
				26490D28290DB6CD0030AEE1 /* PricePoint.swift in Sources */,
				26490D25290DB6CD0030AEE1 /* Region.swift in Sources */,
				260787B628D7109C00FF2C33 /* PricePointCircularWidgetView.swift in Sources */,
				2657332C29070FBF00CE9A4C /* ExchangeRate.swift in Sources */,
				260787BE28D712BB00FF2C33 /* PricePointWidgetView.swift in Sources */,
				2657332A2905E3B600CE9A4C /* SettingsSection.swift in Sources */,
				2607879028D669D700FF2C33 /* PriceChartView.swift in Sources */,
				2607878A28D669D700FF2C33 /* FormattingStyle.swift in Sources */,
				2607879228D66A1200FF2C33 /* ForexAPI.swift in Sources */,
				2657332229054A4000CE9A4C /* CurrencyPresentationSettingsView.swift in Sources */,
				260787BC28D7123A00FF2C33 /* PricePointInlineWidgetView.swift in Sources */,
				26AC4467291269EB00B86B1E /* Calendar+Helpers.swift in Sources */,
				26490D26290DB6CD0030AEE1 /* CurrencyPresentation.swift in Sources */,
				26490D24290DB6CD0030AEE1 /* PriceArea.swift in Sources */,
				265733202905446D00CE9A4C /* BasicSettingsView.swift in Sources */,
				260787B428D70D1200FF2C33 /* PricePointTimelineEntry.swift in Sources */,
				26AC4469291269EB00B86B1E /* FileManager+Directories.swift in Sources */,
				260787B828D711C100FF2C33 /* PricePointRectangularWidgetView.swift in Sources */,
				2607878428D669D700FF2C33 /* DateIntervalFormatter.swift in Sources */,
			);
			runOnlyForDeploymentPostprocessing = 0;
		};
		2607879A28D70B8C00FF2C33 /* Sources */ = {
			isa = PBXSourcesBuildPhase;
			buildActionMask = 2147483647;
			files = (
				260787A328D70B8C00FF2C33 /* EPWatchWidgetExtension.swift in Sources */,
			);
			runOnlyForDeploymentPostprocessing = 0;
		};
		261FC19628B77720007B4A4E /* Sources */ = {
			isa = PBXSourcesBuildPhase;
			buildActionMask = 2147483647;
			files = (
				26F28FDF2910782000D42DFB /* HostCommunicationManager.swift in Sources */,
				2696883728D4817D002142BF /* SettingsView.swift in Sources */,
				261FC1A428B77720007B4A4E /* NotificationController.swift in Sources */,
				261FC1A228B77720007B4A4E /* ContentView.swift in Sources */,
				261FC1A028B77720007B4A4E /* EPWatchKitApp.swift in Sources */,
				261FC1A628B77720007B4A4E /* NotificationView.swift in Sources */,
				2696879028D10112002142BF /* PriceView.swift in Sources */,
				2696879A28D26CD0002142BF /* PriceAreaSettingsView.swift in Sources */,
			);
			runOnlyForDeploymentPostprocessing = 0;
		};
		2674BC5E28D0572D00E31A20 /* Sources */ = {
			isa = PBXSourcesBuildPhase;
			buildActionMask = 2147483647;
			files = (
				2674BC6928D0572D00E31A20 /* EPWatchKitAppExtension.swift in Sources */,
			);
			runOnlyForDeploymentPostprocessing = 0;
		};
		2674BC7E28D0596500E31A20 /* Sources */ = {
			isa = PBXSourcesBuildPhase;
			buildActionMask = 2147483647;
			files = (
				2674BC8828D0596500E31A20 /* EPWatchCoreTests.swift in Sources */,
			);
			runOnlyForDeploymentPostprocessing = 0;
		};
		2696881028D477EC002142BF /* Sources */ = {
			isa = PBXSourcesBuildPhase;
			buildActionMask = 2147483647;
			files = (
				26F28FDD2910778300D42DFB /* ShareLogsState.swift in Sources */,
				2696881928D477ED002142BF /* ContentView.swift in Sources */,
				265733312907291700CE9A4C /* PriceViewFooter.swift in Sources */,
				2696883428D4801F002142BF /* SettingsView.swift in Sources */,
				26AC446529112D5D00B86B1E /* CircularProgressView.swift in Sources */,
				26F28FDC2910778300D42DFB /* SupportSettingsView.swift in Sources */,
				2696881728D477ED002142BF /* EPWatchApp.swift in Sources */,
				2696883128D47C4B002142BF /* PriceView.swift in Sources */,
			);
			runOnlyForDeploymentPostprocessing = 0;
		};
/* End PBXSourcesBuildPhase section */

/* Begin PBXTargetDependency section */
		2607879928D66B2300FF2C33 /* PBXTargetDependency */ = {
			isa = PBXTargetDependency;
			target = 2607877628D6693000FF2C33 /* EPWatchCore */;
			targetProxy = 2607879828D66B2300FF2C33 /* PBXContainerItemProxy */;
		};
		260787A828D70B8D00FF2C33 /* PBXTargetDependency */ = {
			isa = PBXTargetDependency;
			target = 2607879D28D70B8C00FF2C33 /* EPWatchWidgetExtension */;
			targetProxy = 260787A728D70B8D00FF2C33 /* PBXContainerItemProxy */;
		};
		260787C228D7171E00FF2C33 /* PBXTargetDependency */ = {
			isa = PBXTargetDependency;
			target = 2607877628D6693000FF2C33 /* EPWatchCore */;
			targetProxy = 260787C128D7171E00FF2C33 /* PBXContainerItemProxy */;
		};
		260787E228D8983D00FF2C33 /* PBXTargetDependency */ = {
			isa = PBXTargetDependency;
			platformFilters = (
				ios,
				watchos,
			);
			target = 2607877628D6693000FF2C33 /* EPWatchCore */;
			targetProxy = 260787E128D8983D00FF2C33 /* PBXContainerItemProxy */;
		};
		2674BC6E28D0572E00E31A20 /* PBXTargetDependency */ = {
			isa = PBXTargetDependency;
			target = 2674BC6128D0572D00E31A20 /* EPWatchKitAppExtension */;
			targetProxy = 2674BC6D28D0572E00E31A20 /* PBXContainerItemProxy */;
		};
		2690400B28D5DA4100A823F5 /* PBXTargetDependency */ = {
			isa = PBXTargetDependency;
			target = 261FC18E28B7771F007B4A4E /* EPWatchKitApp */;
			targetProxy = 2690400A28D5DA4100A823F5 /* PBXContainerItemProxy */;
		};
		26CD57C628DAFFC3007FC8BB /* PBXTargetDependency */ = {
			isa = PBXTargetDependency;
			target = 2607877628D6693000FF2C33 /* EPWatchCore */;
			targetProxy = 26CD57C528DAFFC3007FC8BB /* PBXContainerItemProxy */;
		};
/* End PBXTargetDependency section */

/* Begin PBXVariantGroup section */
		260787C528D88A3900FF2C33 /* InfoPlist.strings */ = {
			isa = PBXVariantGroup;
			children = (
				260787C628D88A3900FF2C33 /* sv */,
				260787E028D8922C00FF2C33 /* en */,
			);
			name = InfoPlist.strings;
			sourceTree = "<group>";
		};
		260787C828D88A3900FF2C33 /* Localizable.strings */ = {
			isa = PBXVariantGroup;
			children = (
				260787C928D88A3900FF2C33 /* sv */,
			);
			name = Localizable.strings;
			sourceTree = "<group>";
		};
/* End PBXVariantGroup section */

/* Begin XCBuildConfiguration section */
		2607877C28D6693000FF2C33 /* Debug */ = {
			isa = XCBuildConfiguration;
			buildSettings = {
				CODE_SIGN_STYLE = Automatic;
				DEAD_CODE_STRIPPING = YES;
				DEVELOPMENT_TEAM = MDUSC5XAF4;
				OTHER_LDFLAGS = "-ObjC";
				PRODUCT_NAME = "$(TARGET_NAME)";
				SDKROOT = auto;
				SKIP_INSTALL = YES;
				SUPPORTED_PLATFORMS = "iphoneos iphonesimulator macosx watchos watchsimulator";
				SWIFT_VERSION = 5.0;
				TARGETED_DEVICE_FAMILY = 4;
			};
			name = Debug;
		};
		2607877D28D6693000FF2C33 /* Release */ = {
			isa = XCBuildConfiguration;
			buildSettings = {
				CODE_SIGN_STYLE = Automatic;
				DEAD_CODE_STRIPPING = YES;
				DEVELOPMENT_TEAM = MDUSC5XAF4;
				OTHER_LDFLAGS = "-ObjC";
				PRODUCT_NAME = "$(TARGET_NAME)";
				SDKROOT = auto;
				SKIP_INSTALL = YES;
				SUPPORTED_PLATFORMS = "iphoneos iphonesimulator macosx watchos watchsimulator";
				SWIFT_VERSION = 5.0;
				TARGETED_DEVICE_FAMILY = 4;
			};
			name = Release;
		};
		260787AB28D70B8D00FF2C33 /* Debug */ = {
			isa = XCBuildConfiguration;
			buildSettings = {
				ASSETCATALOG_COMPILER_GLOBAL_ACCENT_COLOR_NAME = AccentColor;
				ASSETCATALOG_COMPILER_WIDGET_BACKGROUND_COLOR_NAME = WidgetBackground;
				CODE_SIGN_ENTITLEMENTS = EPWatchWidgetExtension/Resources/EPWatchWidgetExtension.entitlements;
				CODE_SIGN_STYLE = Automatic;
				CURRENT_PROJECT_VERSION = 1;
				DEVELOPMENT_TEAM = MDUSC5XAF4;
				GENERATE_INFOPLIST_FILE = YES;
				INFOPLIST_FILE = EPWatchWidgetExtension/Resources/Info.plist;
				INFOPLIST_KEY_CFBundleDisplayName = EPWatchWidgetExtension;
				INFOPLIST_KEY_NSHumanReadableCopyright = "";
				LD_RUNPATH_SEARCH_PATHS = (
					"$(inherited)",
					"@executable_path/Frameworks",
					"@executable_path/../../Frameworks",
				);
				MARKETING_VERSION = 1.2;
				PRODUCT_BUNDLE_IDENTIFIER = se.j0nas.EPWatch.widgetextension;
				PRODUCT_NAME = "$(TARGET_NAME)";
				SKIP_INSTALL = YES;
				SWIFT_EMIT_LOC_STRINGS = YES;
				SWIFT_VERSION = 5.0;
				TARGETED_DEVICE_FAMILY = "1,2";
			};
			name = Debug;
		};
		260787AC28D70B8D00FF2C33 /* Release */ = {
			isa = XCBuildConfiguration;
			buildSettings = {
				ASSETCATALOG_COMPILER_GLOBAL_ACCENT_COLOR_NAME = AccentColor;
				ASSETCATALOG_COMPILER_WIDGET_BACKGROUND_COLOR_NAME = WidgetBackground;
				CODE_SIGN_ENTITLEMENTS = EPWatchWidgetExtension/Resources/EPWatchWidgetExtension.entitlements;
				CODE_SIGN_STYLE = Automatic;
				CURRENT_PROJECT_VERSION = 1;
				DEVELOPMENT_TEAM = MDUSC5XAF4;
				GENERATE_INFOPLIST_FILE = YES;
				INFOPLIST_FILE = EPWatchWidgetExtension/Resources/Info.plist;
				INFOPLIST_KEY_CFBundleDisplayName = EPWatchWidgetExtension;
				INFOPLIST_KEY_NSHumanReadableCopyright = "";
				LD_RUNPATH_SEARCH_PATHS = (
					"$(inherited)",
					"@executable_path/Frameworks",
					"@executable_path/../../Frameworks",
				);
				MARKETING_VERSION = 1.2;
				PRODUCT_BUNDLE_IDENTIFIER = se.j0nas.EPWatch.widgetextension;
				PRODUCT_NAME = "$(TARGET_NAME)";
				SKIP_INSTALL = YES;
				SWIFT_EMIT_LOC_STRINGS = YES;
				SWIFT_VERSION = 5.0;
				TARGETED_DEVICE_FAMILY = "1,2";
			};
			name = Release;
		};
		261FC1B028B77721007B4A4E /* Debug */ = {
			isa = XCBuildConfiguration;
			buildSettings = {
				ALWAYS_SEARCH_USER_PATHS = NO;
				CLANG_ANALYZER_LOCALIZABILITY_NONLOCALIZED = YES;
				CLANG_ANALYZER_NONNULL = YES;
				CLANG_ANALYZER_NUMBER_OBJECT_CONVERSION = YES_AGGRESSIVE;
				CLANG_CXX_LANGUAGE_STANDARD = "gnu++20";
				CLANG_ENABLE_MODULES = YES;
				CLANG_ENABLE_OBJC_ARC = YES;
				CLANG_ENABLE_OBJC_WEAK = YES;
				CLANG_WARN_BLOCK_CAPTURE_AUTORELEASING = YES;
				CLANG_WARN_BOOL_CONVERSION = YES;
				CLANG_WARN_COMMA = YES;
				CLANG_WARN_CONSTANT_CONVERSION = YES;
				CLANG_WARN_DEPRECATED_OBJC_IMPLEMENTATIONS = YES;
				CLANG_WARN_DIRECT_OBJC_ISA_USAGE = YES_ERROR;
				CLANG_WARN_DOCUMENTATION_COMMENTS = YES;
				CLANG_WARN_EMPTY_BODY = YES;
				CLANG_WARN_ENUM_CONVERSION = YES;
				CLANG_WARN_INFINITE_RECURSION = YES;
				CLANG_WARN_INT_CONVERSION = YES;
				CLANG_WARN_NON_LITERAL_NULL_CONVERSION = YES;
				CLANG_WARN_OBJC_IMPLICIT_RETAIN_SELF = YES;
				CLANG_WARN_OBJC_LITERAL_CONVERSION = YES;
				CLANG_WARN_OBJC_ROOT_CLASS = YES_ERROR;
				CLANG_WARN_QUOTED_INCLUDE_IN_FRAMEWORK_HEADER = YES;
				CLANG_WARN_RANGE_LOOP_ANALYSIS = YES;
				CLANG_WARN_STRICT_PROTOTYPES = YES;
				CLANG_WARN_SUSPICIOUS_MOVE = YES;
				CLANG_WARN_UNGUARDED_AVAILABILITY = YES_AGGRESSIVE;
				CLANG_WARN_UNREACHABLE_CODE = YES;
				CLANG_WARN__DUPLICATE_METHOD_MATCH = YES;
				COPY_PHASE_STRIP = NO;
				DEBUG_INFORMATION_FORMAT = dwarf;
				ENABLE_STRICT_OBJC_MSGSEND = YES;
				ENABLE_TESTABILITY = YES;
				GCC_C_LANGUAGE_STANDARD = gnu11;
				GCC_DYNAMIC_NO_PIC = NO;
				GCC_NO_COMMON_BLOCKS = YES;
				GCC_OPTIMIZATION_LEVEL = 0;
				GCC_PREPROCESSOR_DEFINITIONS = (
					"DEBUG=1",
					"$(inherited)",
				);
				GCC_WARN_64_TO_32_BIT_CONVERSION = YES;
				GCC_WARN_ABOUT_RETURN_TYPE = YES_ERROR;
				GCC_WARN_UNDECLARED_SELECTOR = YES;
				GCC_WARN_UNINITIALIZED_AUTOS = YES_AGGRESSIVE;
				GCC_WARN_UNUSED_FUNCTION = YES;
				GCC_WARN_UNUSED_VARIABLE = YES;
				IPHONEOS_DEPLOYMENT_TARGET = 16.0;
				MTL_ENABLE_DEBUG_INFO = INCLUDE_SOURCE;
				MTL_FAST_MATH = YES;
				ONLY_ACTIVE_ARCH = YES;
				SDKROOT = iphoneos;
				SWIFT_ACTIVE_COMPILATION_CONDITIONS = DEBUG;
				SWIFT_OPTIMIZATION_LEVEL = "-Onone";
				WATCHOS_DEPLOYMENT_TARGET = 9.0;
			};
			name = Debug;
		};
		261FC1B128B77721007B4A4E /* Release */ = {
			isa = XCBuildConfiguration;
			buildSettings = {
				ALWAYS_SEARCH_USER_PATHS = NO;
				CLANG_ANALYZER_LOCALIZABILITY_NONLOCALIZED = YES;
				CLANG_ANALYZER_NONNULL = YES;
				CLANG_ANALYZER_NUMBER_OBJECT_CONVERSION = YES_AGGRESSIVE;
				CLANG_CXX_LANGUAGE_STANDARD = "gnu++20";
				CLANG_ENABLE_MODULES = YES;
				CLANG_ENABLE_OBJC_ARC = YES;
				CLANG_ENABLE_OBJC_WEAK = YES;
				CLANG_WARN_BLOCK_CAPTURE_AUTORELEASING = YES;
				CLANG_WARN_BOOL_CONVERSION = YES;
				CLANG_WARN_COMMA = YES;
				CLANG_WARN_CONSTANT_CONVERSION = YES;
				CLANG_WARN_DEPRECATED_OBJC_IMPLEMENTATIONS = YES;
				CLANG_WARN_DIRECT_OBJC_ISA_USAGE = YES_ERROR;
				CLANG_WARN_DOCUMENTATION_COMMENTS = YES;
				CLANG_WARN_EMPTY_BODY = YES;
				CLANG_WARN_ENUM_CONVERSION = YES;
				CLANG_WARN_INFINITE_RECURSION = YES;
				CLANG_WARN_INT_CONVERSION = YES;
				CLANG_WARN_NON_LITERAL_NULL_CONVERSION = YES;
				CLANG_WARN_OBJC_IMPLICIT_RETAIN_SELF = YES;
				CLANG_WARN_OBJC_LITERAL_CONVERSION = YES;
				CLANG_WARN_OBJC_ROOT_CLASS = YES_ERROR;
				CLANG_WARN_QUOTED_INCLUDE_IN_FRAMEWORK_HEADER = YES;
				CLANG_WARN_RANGE_LOOP_ANALYSIS = YES;
				CLANG_WARN_STRICT_PROTOTYPES = YES;
				CLANG_WARN_SUSPICIOUS_MOVE = YES;
				CLANG_WARN_UNGUARDED_AVAILABILITY = YES_AGGRESSIVE;
				CLANG_WARN_UNREACHABLE_CODE = YES;
				CLANG_WARN__DUPLICATE_METHOD_MATCH = YES;
				COPY_PHASE_STRIP = NO;
				DEBUG_INFORMATION_FORMAT = "dwarf-with-dsym";
				ENABLE_NS_ASSERTIONS = NO;
				ENABLE_STRICT_OBJC_MSGSEND = YES;
				GCC_C_LANGUAGE_STANDARD = gnu11;
				GCC_NO_COMMON_BLOCKS = YES;
				GCC_WARN_64_TO_32_BIT_CONVERSION = YES;
				GCC_WARN_ABOUT_RETURN_TYPE = YES_ERROR;
				GCC_WARN_UNDECLARED_SELECTOR = YES;
				GCC_WARN_UNINITIALIZED_AUTOS = YES_AGGRESSIVE;
				GCC_WARN_UNUSED_FUNCTION = YES;
				GCC_WARN_UNUSED_VARIABLE = YES;
				IPHONEOS_DEPLOYMENT_TARGET = 16.0;
				MTL_ENABLE_DEBUG_INFO = NO;
				MTL_FAST_MATH = YES;
				SDKROOT = iphoneos;
				SWIFT_COMPILATION_MODE = wholemodule;
				SWIFT_OPTIMIZATION_LEVEL = "-O";
				VALIDATE_PRODUCT = YES;
				WATCHOS_DEPLOYMENT_TARGET = 9.0;
			};
			name = Release;
		};
		261FC1B728B77721007B4A4E /* Debug */ = {
			isa = XCBuildConfiguration;
			buildSettings = {
				ASSETCATALOG_COMPILER_APPICON_NAME = AppIcon;
				ASSETCATALOG_COMPILER_COMPLICATION_NAME = Complication;
				ASSETCATALOG_COMPILER_GLOBAL_ACCENT_COLOR_NAME = AccentColor;
				CODE_SIGN_ENTITLEMENTS = EPWatchKitApp/Resources/EPWatchKitApp.entitlements;
				CODE_SIGN_STYLE = Automatic;
				CURRENT_PROJECT_VERSION = 1;
				DEVELOPMENT_TEAM = MDUSC5XAF4;
				GENERATE_INFOPLIST_FILE = YES;
				INFOPLIST_FILE = EPWatchKitApp/Resources/Info.plist;
				INFOPLIST_KEY_CFBundleDisplayName = EPWatch;
				INFOPLIST_KEY_NSHumanReadableCopyright = "";
				INFOPLIST_KEY_UISupportedInterfaceOrientations = "UIInterfaceOrientationPortrait UIInterfaceOrientationPortraitUpsideDown";
				INFOPLIST_KEY_WKCompanionAppBundleIdentifier = se.j0nas.EPWatch;
				INFOPLIST_KEY_WKRunsIndependentlyOfCompanionApp = YES;
				LD_RUNPATH_SEARCH_PATHS = (
					"@executable_path/Frameworks",
					"@executable_path/../../Frameworks",
				);
				MARKETING_VERSION = 1.2;
				PRODUCT_BUNDLE_IDENTIFIER = se.j0nas.EPWatch.watchkitapp;
				PRODUCT_NAME = "$(TARGET_NAME)";
				SDKROOT = watchos;
				SKIP_INSTALL = YES;
				SWIFT_EMIT_LOC_STRINGS = YES;
				SWIFT_VERSION = 5.0;
				TARGETED_DEVICE_FAMILY = 4;
				WATCHOS_DEPLOYMENT_TARGET = 9.0;
			};
			name = Debug;
		};
		261FC1B828B77721007B4A4E /* Release */ = {
			isa = XCBuildConfiguration;
			buildSettings = {
				ASSETCATALOG_COMPILER_APPICON_NAME = AppIcon;
				ASSETCATALOG_COMPILER_COMPLICATION_NAME = Complication;
				ASSETCATALOG_COMPILER_GLOBAL_ACCENT_COLOR_NAME = AccentColor;
				CODE_SIGN_ENTITLEMENTS = EPWatchKitApp/Resources/EPWatchKitApp.entitlements;
				CODE_SIGN_STYLE = Automatic;
				CURRENT_PROJECT_VERSION = 1;
				DEVELOPMENT_TEAM = MDUSC5XAF4;
				GENERATE_INFOPLIST_FILE = YES;
				INFOPLIST_FILE = EPWatchKitApp/Resources/Info.plist;
				INFOPLIST_KEY_CFBundleDisplayName = EPWatch;
				INFOPLIST_KEY_NSHumanReadableCopyright = "";
				INFOPLIST_KEY_UISupportedInterfaceOrientations = "UIInterfaceOrientationPortrait UIInterfaceOrientationPortraitUpsideDown";
				INFOPLIST_KEY_WKCompanionAppBundleIdentifier = se.j0nas.EPWatch;
				INFOPLIST_KEY_WKRunsIndependentlyOfCompanionApp = YES;
				LD_RUNPATH_SEARCH_PATHS = (
					"@executable_path/Frameworks",
					"@executable_path/../../Frameworks",
				);
				MARKETING_VERSION = 1.2;
				PRODUCT_BUNDLE_IDENTIFIER = se.j0nas.EPWatch.watchkitapp;
				PRODUCT_NAME = "$(TARGET_NAME)";
				SDKROOT = watchos;
				SKIP_INSTALL = YES;
				SWIFT_EMIT_LOC_STRINGS = YES;
				SWIFT_VERSION = 5.0;
				TARGETED_DEVICE_FAMILY = 4;
				WATCHOS_DEPLOYMENT_TARGET = 9.0;
			};
			name = Release;
		};
		2674BC7128D0572E00E31A20 /* Debug */ = {
			isa = XCBuildConfiguration;
			buildSettings = {
				ASSETCATALOG_COMPILER_GLOBAL_ACCENT_COLOR_NAME = AccentColor;
				ASSETCATALOG_COMPILER_WIDGET_BACKGROUND_COLOR_NAME = WidgetBackground;
				CLANG_CXX_LANGUAGE_STANDARD = "gnu++20";
				CODE_SIGN_ENTITLEMENTS = EPWatchKitAppExtension/Resources/EPWatchKitAppExtension.entitlements;
				CODE_SIGN_STYLE = Automatic;
				CURRENT_PROJECT_VERSION = 1;
				DEVELOPMENT_TEAM = MDUSC5XAF4;
				GENERATE_INFOPLIST_FILE = YES;
				INFOPLIST_FILE = EPWatchKitAppExtension/Resources/Info.plist;
				INFOPLIST_KEY_CFBundleDisplayName = EPWatch;
				INFOPLIST_KEY_NSHumanReadableCopyright = "";
				LD_RUNPATH_SEARCH_PATHS = (
					"$(inherited)",
					"@executable_path/Frameworks",
					"@executable_path/../../Frameworks",
					"@executable_path/../../../../Frameworks",
				);
				MARKETING_VERSION = 1.2;
				PRODUCT_BUNDLE_IDENTIFIER = se.j0nas.EPWatch.watchkitapp.extension;
				PRODUCT_NAME = "$(TARGET_NAME)";
				SDKROOT = watchos;
				SKIP_INSTALL = YES;
				SWIFT_EMIT_LOC_STRINGS = YES;
				SWIFT_VERSION = 5.0;
				TARGETED_DEVICE_FAMILY = 4;
				WATCHOS_DEPLOYMENT_TARGET = 9.0;
			};
			name = Debug;
		};
		2674BC7228D0572E00E31A20 /* Release */ = {
			isa = XCBuildConfiguration;
			buildSettings = {
				ASSETCATALOG_COMPILER_GLOBAL_ACCENT_COLOR_NAME = AccentColor;
				ASSETCATALOG_COMPILER_WIDGET_BACKGROUND_COLOR_NAME = WidgetBackground;
				CLANG_CXX_LANGUAGE_STANDARD = "gnu++20";
				CODE_SIGN_ENTITLEMENTS = EPWatchKitAppExtension/Resources/EPWatchKitAppExtension.entitlements;
				CODE_SIGN_STYLE = Automatic;
				CURRENT_PROJECT_VERSION = 1;
				DEVELOPMENT_TEAM = MDUSC5XAF4;
				GENERATE_INFOPLIST_FILE = YES;
				INFOPLIST_FILE = EPWatchKitAppExtension/Resources/Info.plist;
				INFOPLIST_KEY_CFBundleDisplayName = EPWatch;
				INFOPLIST_KEY_NSHumanReadableCopyright = "";
				LD_RUNPATH_SEARCH_PATHS = (
					"$(inherited)",
					"@executable_path/Frameworks",
					"@executable_path/../../Frameworks",
					"@executable_path/../../../../Frameworks",
				);
				MARKETING_VERSION = 1.2;
				PRODUCT_BUNDLE_IDENTIFIER = se.j0nas.EPWatch.watchkitapp.extension;
				PRODUCT_NAME = "$(TARGET_NAME)";
				SDKROOT = watchos;
				SKIP_INSTALL = YES;
				SWIFT_EMIT_LOC_STRINGS = YES;
				SWIFT_VERSION = 5.0;
				TARGETED_DEVICE_FAMILY = 4;
				WATCHOS_DEPLOYMENT_TARGET = 9.0;
			};
			name = Release;
		};
		2674BC8E28D0596500E31A20 /* Debug */ = {
			isa = XCBuildConfiguration;
			buildSettings = {
				ALWAYS_EMBED_SWIFT_STANDARD_LIBRARIES = YES;
				CLANG_CXX_LANGUAGE_STANDARD = "gnu++20";
				CODE_SIGN_STYLE = Automatic;
				CURRENT_PROJECT_VERSION = 1;
				DEAD_CODE_STRIPPING = YES;
				DEVELOPMENT_TEAM = MDUSC5XAF4;
				GENERATE_INFOPLIST_FILE = YES;
				MARKETING_VERSION = 1.0;
				PRODUCT_BUNDLE_IDENTIFIER = se.j0nas.EPWatchCoreTests;
				PRODUCT_NAME = "$(TARGET_NAME)";
				SDKROOT = auto;
				SUPPORTED_PLATFORMS = "iphoneos iphonesimulator macosx watchos watchsimulator";
				SUPPORTS_MACCATALYST = NO;
				SUPPORTS_MAC_DESIGNED_FOR_IPHONE_IPAD = NO;
				SWIFT_EMIT_LOC_STRINGS = NO;
				SWIFT_VERSION = 5.0;
				TARGETED_DEVICE_FAMILY = "1,4";
			};
			name = Debug;
		};
		2674BC8F28D0596500E31A20 /* Release */ = {
			isa = XCBuildConfiguration;
			buildSettings = {
				ALWAYS_EMBED_SWIFT_STANDARD_LIBRARIES = YES;
				CLANG_CXX_LANGUAGE_STANDARD = "gnu++20";
				CODE_SIGN_STYLE = Automatic;
				CURRENT_PROJECT_VERSION = 1;
				DEAD_CODE_STRIPPING = YES;
				DEVELOPMENT_TEAM = MDUSC5XAF4;
				GENERATE_INFOPLIST_FILE = YES;
				MARKETING_VERSION = 1.0;
				PRODUCT_BUNDLE_IDENTIFIER = se.j0nas.EPWatchCoreTests;
				PRODUCT_NAME = "$(TARGET_NAME)";
				SDKROOT = auto;
				SUPPORTED_PLATFORMS = "iphoneos iphonesimulator macosx watchos watchsimulator";
				SUPPORTS_MACCATALYST = NO;
				SUPPORTS_MAC_DESIGNED_FOR_IPHONE_IPAD = NO;
				SWIFT_EMIT_LOC_STRINGS = NO;
				SWIFT_VERSION = 5.0;
				TARGETED_DEVICE_FAMILY = "1,4";
			};
			name = Release;
		};
		2696882028D477EE002142BF /* Debug */ = {
			isa = XCBuildConfiguration;
			buildSettings = {
				ALWAYS_EMBED_SWIFT_STANDARD_LIBRARIES = YES;
				ASSETCATALOG_COMPILER_APPICON_NAME = AppIcon;
				ASSETCATALOG_COMPILER_GLOBAL_ACCENT_COLOR_NAME = AccentColor;
				CODE_SIGN_ENTITLEMENTS = EPWatch/Resources/EPWatch.entitlements;
				CODE_SIGN_STYLE = Automatic;
				CURRENT_PROJECT_VERSION = 1;
				DEVELOPMENT_ASSET_PATHS = "\"EPWatch/Preview Content\"";
				DEVELOPMENT_TEAM = MDUSC5XAF4;
				ENABLE_PREVIEWS = YES;
				GENERATE_INFOPLIST_FILE = YES;
				INFOPLIST_FILE = EPWatch/Resources/Info.plist;
				INFOPLIST_KEY_UIApplicationSceneManifest_Generation = YES;
				INFOPLIST_KEY_UIApplicationSupportsIndirectInputEvents = YES;
				INFOPLIST_KEY_UILaunchScreen_Generation = YES;
				INFOPLIST_KEY_UISupportedInterfaceOrientations_iPad = "UIInterfaceOrientationPortrait UIInterfaceOrientationPortraitUpsideDown UIInterfaceOrientationLandscapeLeft UIInterfaceOrientationLandscapeRight";
				INFOPLIST_KEY_UISupportedInterfaceOrientations_iPhone = "UIInterfaceOrientationPortrait UIInterfaceOrientationLandscapeLeft UIInterfaceOrientationLandscapeRight";
				LD_RUNPATH_SEARCH_PATHS = (
					"$(inherited)",
					"@executable_path/Frameworks",
				);
				MARKETING_VERSION = 1.2;
				PRODUCT_BUNDLE_IDENTIFIER = se.j0nas.EPWatch;
				PRODUCT_NAME = "$(TARGET_NAME)";
				SUPPORTED_PLATFORMS = "iphoneos iphonesimulator";
				SUPPORTS_MACCATALYST = NO;
				SUPPORTS_MAC_DESIGNED_FOR_IPHONE_IPAD = NO;
				SWIFT_EMIT_LOC_STRINGS = YES;
				SWIFT_VERSION = 5.0;
				TARGETED_DEVICE_FAMILY = "1,2";
			};
			name = Debug;
		};
		2696882128D477EE002142BF /* Release */ = {
			isa = XCBuildConfiguration;
			buildSettings = {
				ALWAYS_EMBED_SWIFT_STANDARD_LIBRARIES = YES;
				ASSETCATALOG_COMPILER_APPICON_NAME = AppIcon;
				ASSETCATALOG_COMPILER_GLOBAL_ACCENT_COLOR_NAME = AccentColor;
				CODE_SIGN_ENTITLEMENTS = EPWatch/Resources/EPWatch.entitlements;
				CODE_SIGN_STYLE = Automatic;
				CURRENT_PROJECT_VERSION = 1;
				DEVELOPMENT_ASSET_PATHS = "\"EPWatch/Preview Content\"";
				DEVELOPMENT_TEAM = MDUSC5XAF4;
				ENABLE_PREVIEWS = YES;
				GENERATE_INFOPLIST_FILE = YES;
				INFOPLIST_FILE = EPWatch/Resources/Info.plist;
				INFOPLIST_KEY_UIApplicationSceneManifest_Generation = YES;
				INFOPLIST_KEY_UIApplicationSupportsIndirectInputEvents = YES;
				INFOPLIST_KEY_UILaunchScreen_Generation = YES;
				INFOPLIST_KEY_UISupportedInterfaceOrientations_iPad = "UIInterfaceOrientationPortrait UIInterfaceOrientationPortraitUpsideDown UIInterfaceOrientationLandscapeLeft UIInterfaceOrientationLandscapeRight";
				INFOPLIST_KEY_UISupportedInterfaceOrientations_iPhone = "UIInterfaceOrientationPortrait UIInterfaceOrientationLandscapeLeft UIInterfaceOrientationLandscapeRight";
				LD_RUNPATH_SEARCH_PATHS = (
					"$(inherited)",
					"@executable_path/Frameworks",
				);
				MARKETING_VERSION = 1.2;
				PRODUCT_BUNDLE_IDENTIFIER = se.j0nas.EPWatch;
				PRODUCT_NAME = "$(TARGET_NAME)";
				SUPPORTED_PLATFORMS = "iphoneos iphonesimulator";
				SUPPORTS_MACCATALYST = NO;
				SUPPORTS_MAC_DESIGNED_FOR_IPHONE_IPAD = NO;
				SWIFT_EMIT_LOC_STRINGS = YES;
				SWIFT_VERSION = 5.0;
				TARGETED_DEVICE_FAMILY = "1,2";
			};
			name = Release;
		};
/* End XCBuildConfiguration section */

/* Begin XCConfigurationList section */
		2607877B28D6693000FF2C33 /* Build configuration list for PBXNativeTarget "EPWatchCore" */ = {
			isa = XCConfigurationList;
			buildConfigurations = (
				2607877C28D6693000FF2C33 /* Debug */,
				2607877D28D6693000FF2C33 /* Release */,
			);
			defaultConfigurationIsVisible = 0;
			defaultConfigurationName = Release;
		};
		260787AA28D70B8D00FF2C33 /* Build configuration list for PBXNativeTarget "EPWatchWidgetExtension" */ = {
			isa = XCConfigurationList;
			buildConfigurations = (
				260787AB28D70B8D00FF2C33 /* Debug */,
				260787AC28D70B8D00FF2C33 /* Release */,
			);
			defaultConfigurationIsVisible = 0;
			defaultConfigurationName = Release;
		};
		261FC18828B7771F007B4A4E /* Build configuration list for PBXProject "EPWatch" */ = {
			isa = XCConfigurationList;
			buildConfigurations = (
				261FC1B028B77721007B4A4E /* Debug */,
				261FC1B128B77721007B4A4E /* Release */,
			);
			defaultConfigurationIsVisible = 0;
			defaultConfigurationName = Release;
		};
		261FC1B628B77721007B4A4E /* Build configuration list for PBXNativeTarget "EPWatchKitApp" */ = {
			isa = XCConfigurationList;
			buildConfigurations = (
				261FC1B728B77721007B4A4E /* Debug */,
				261FC1B828B77721007B4A4E /* Release */,
			);
			defaultConfigurationIsVisible = 0;
			defaultConfigurationName = Release;
		};
		2674BC7328D0572E00E31A20 /* Build configuration list for PBXNativeTarget "EPWatchKitAppExtension" */ = {
			isa = XCConfigurationList;
			buildConfigurations = (
				2674BC7128D0572E00E31A20 /* Debug */,
				2674BC7228D0572E00E31A20 /* Release */,
			);
			defaultConfigurationIsVisible = 0;
			defaultConfigurationName = Release;
		};
		2674BC8D28D0596500E31A20 /* Build configuration list for PBXNativeTarget "EPWatchCoreTests" */ = {
			isa = XCConfigurationList;
			buildConfigurations = (
				2674BC8E28D0596500E31A20 /* Debug */,
				2674BC8F28D0596500E31A20 /* Release */,
			);
			defaultConfigurationIsVisible = 0;
			defaultConfigurationName = Release;
		};
		2696881F28D477EE002142BF /* Build configuration list for PBXNativeTarget "EPWatch" */ = {
			isa = XCConfigurationList;
			buildConfigurations = (
				2696882028D477EE002142BF /* Debug */,
				2696882128D477EE002142BF /* Release */,
			);
			defaultConfigurationIsVisible = 0;
			defaultConfigurationName = Release;
		};
/* End XCConfigurationList section */

/* Begin XCRemoteSwiftPackageReference section */
		2602DE43290AD0D400CC83F2 /* XCRemoteSwiftPackageReference "XCGLogger" */ = {
			isa = XCRemoteSwiftPackageReference;
			repositoryURL = "https://github.com/DaveWoodCom/XCGLogger.git";
			requirement = {
				kind = upToNextMajorVersion;
				minimumVersion = 7.0.0;
			};
		};
		2690400F28D6680B00A823F5 /* XCRemoteSwiftPackageReference "Alamofire" */ = {
			isa = XCRemoteSwiftPackageReference;
			repositoryURL = "https://github.com/Alamofire/Alamofire.git";
			requirement = {
				kind = upToNextMajorVersion;
				minimumVersion = 5.0.0;
			};
		};
		2690401228D6681800A823F5 /* XCRemoteSwiftPackageReference "XMLCoder" */ = {
			isa = XCRemoteSwiftPackageReference;
			repositoryURL = "https://github.com/CoreOffice/XMLCoder.git";
			requirement = {
				kind = upToNextMajorVersion;
				minimumVersion = 0.9.0;
			};
		};
		2690401528D6682800A823F5 /* XCRemoteSwiftPackageReference "SwiftDate" */ = {
			isa = XCRemoteSwiftPackageReference;
			repositoryURL = "https://github.com/malcommac/SwiftDate.git";
			requirement = {
				kind = upToNextMajorVersion;
				minimumVersion = 7.0.0;
			};
		};
		26F28FE3291078B800D42DFB /* XCRemoteSwiftPackageReference "ActivityView" */ = {
			isa = XCRemoteSwiftPackageReference;
			repositoryURL = "https://github.com/SwiftUI-Plus/ActivityView.git";
			requirement = {
				kind = upToNextMajorVersion;
				minimumVersion = 1.0.0;
			};
		};
/* End XCRemoteSwiftPackageReference section */

/* Begin XCSwiftPackageProductDependency section */
		2602DE46290AD20200CC83F2 /* XCGLogger */ = {
			isa = XCSwiftPackageProductDependency;
			package = 2602DE43290AD0D400CC83F2 /* XCRemoteSwiftPackageReference "XCGLogger" */;
			productName = XCGLogger;
		};
		2607877E28D669C200FF2C33 /* Alamofire */ = {
			isa = XCSwiftPackageProductDependency;
			package = 2690400F28D6680B00A823F5 /* XCRemoteSwiftPackageReference "Alamofire" */;
			productName = Alamofire;
		};
		2607878028D669C200FF2C33 /* XMLCoder */ = {
			isa = XCSwiftPackageProductDependency;
			package = 2690401228D6681800A823F5 /* XCRemoteSwiftPackageReference "XMLCoder" */;
			productName = XMLCoder;
		};
		2607878228D669C200FF2C33 /* SwiftDate */ = {
			isa = XCSwiftPackageProductDependency;
			package = 2690401528D6682800A823F5 /* XCRemoteSwiftPackageReference "SwiftDate" */;
			productName = SwiftDate;
		};
		261E7D3A28DB0F470018CB4A /* XMLCoder */ = {
			isa = XCSwiftPackageProductDependency;
			package = 2690401228D6681800A823F5 /* XCRemoteSwiftPackageReference "XMLCoder" */;
			productName = XMLCoder;
		};
		2690401028D6680B00A823F5 /* Alamofire */ = {
			isa = XCSwiftPackageProductDependency;
			package = 2690400F28D6680B00A823F5 /* XCRemoteSwiftPackageReference "Alamofire" */;
			productName = Alamofire;
		};
		2690401628D6682800A823F5 /* SwiftDate */ = {
			isa = XCSwiftPackageProductDependency;
			package = 2690401528D6682800A823F5 /* XCRemoteSwiftPackageReference "SwiftDate" */;
			productName = SwiftDate;
		};
		26F28FE4291078B800D42DFB /* ActivityView */ = {
			isa = XCSwiftPackageProductDependency;
			package = 26F28FE3291078B800D42DFB /* XCRemoteSwiftPackageReference "ActivityView" */;
			productName = ActivityView;
		};
/* End XCSwiftPackageProductDependency section */
	};
	rootObject = 261FC18528B7771F007B4A4E /* Project object */;
}
