// !$*UTF8*$!
{
	archiveVersion = 1;
	classes = {
	};
	objectVersion = 56;
	objects = {

/* Begin PBXBuildFile section */
		261FC19528B77720007B4A4E /* Assets.xcassets in Resources */ = {isa = PBXBuildFile; fileRef = 261FC19428B77720007B4A4E /* Assets.xcassets */; };
		261FC1A028B77720007B4A4E /* EPWatchKitApp.swift in Sources */ = {isa = PBXBuildFile; fileRef = 261FC19F28B77720007B4A4E /* EPWatchKitApp.swift */; };
		261FC1A228B77720007B4A4E /* ContentView.swift in Sources */ = {isa = PBXBuildFile; fileRef = 261FC1A128B77720007B4A4E /* ContentView.swift */; };
		261FC1A428B77720007B4A4E /* NotificationController.swift in Sources */ = {isa = PBXBuildFile; fileRef = 261FC1A328B77720007B4A4E /* NotificationController.swift */; };
		261FC1A628B77720007B4A4E /* NotificationView.swift in Sources */ = {isa = PBXBuildFile; fileRef = 261FC1A528B77720007B4A4E /* NotificationView.swift */; };
		261FC1AD28B77721007B4A4E /* Preview Assets.xcassets in Resources */ = {isa = PBXBuildFile; fileRef = 261FC1AC28B77721007B4A4E /* Preview Assets.xcassets */; };
		2674BC6428D0572D00E31A20 /* WidgetKit.framework in Frameworks */ = {isa = PBXBuildFile; fileRef = 2674BC6328D0572D00E31A20 /* WidgetKit.framework */; };
		2674BC6628D0572D00E31A20 /* SwiftUI.framework in Frameworks */ = {isa = PBXBuildFile; fileRef = 2674BC6528D0572D00E31A20 /* SwiftUI.framework */; };
		2674BC6928D0572D00E31A20 /* Complications.swift in Sources */ = {isa = PBXBuildFile; fileRef = 2674BC6828D0572D00E31A20 /* Complications.swift */; };
		2674BC6B28D0572E00E31A20 /* Assets.xcassets in Resources */ = {isa = PBXBuildFile; fileRef = 2674BC6A28D0572E00E31A20 /* Assets.xcassets */; };
		2674BC6F28D0572E00E31A20 /* EPWatchKitAppExtension.appex in Embed Foundation Extensions */ = {isa = PBXBuildFile; fileRef = 2674BC6228D0572D00E31A20 /* EPWatchKitAppExtension.appex */; settings = {ATTRIBUTES = (RemoveHeadersOnCopy, ); }; };
		2674BC7D28D0596500E31A20 /* EPWatchCore.docc in Sources */ = {isa = PBXBuildFile; fileRef = 2674BC7C28D0596500E31A20 /* EPWatchCore.docc */; };
		2674BC8328D0596500E31A20 /* EPWatchCore.framework in Frameworks */ = {isa = PBXBuildFile; fileRef = 2674BC7928D0596500E31A20 /* EPWatchCore.framework */; };
		2674BC8828D0596500E31A20 /* EPWatchCoreTests.swift in Sources */ = {isa = PBXBuildFile; fileRef = 2674BC8728D0596500E31A20 /* EPWatchCoreTests.swift */; };
		2674BC8928D0596500E31A20 /* EPWatchCore.h in Headers */ = {isa = PBXBuildFile; fileRef = 2674BC7B28D0596500E31A20 /* EPWatchCore.h */; settings = {ATTRIBUTES = (Public, ); }; };
		2674BC9028D0598E00E31A20 /* PricePoint.swift in Sources */ = {isa = PBXBuildFile; fileRef = 26624AEF28C92D3C000F7E2E /* PricePoint.swift */; };
		2674BC9128D059A400E31A20 /* EPWatchCore.framework in Frameworks */ = {isa = PBXBuildFile; fileRef = 2674BC7928D0596500E31A20 /* EPWatchCore.framework */; };
		2674BC9228D059A400E31A20 /* EPWatchCore.framework in Embed Frameworks */ = {isa = PBXBuildFile; fileRef = 2674BC7928D0596500E31A20 /* EPWatchCore.framework */; settings = {ATTRIBUTES = (CodeSignOnCopy, RemoveHeadersOnCopy, ); }; };
		2674BC9628D05A4C00E31A20 /* EPWatchCore.framework in Frameworks */ = {isa = PBXBuildFile; fileRef = 2674BC7928D0596500E31A20 /* EPWatchCore.framework */; };
		2674BC9C28D05A8300E31A20 /* SwiftDate in Frameworks */ = {isa = PBXBuildFile; productRef = 2674BC9B28D05A8300E31A20 /* SwiftDate */; };
		2674BC9D28D064F200E31A20 /* AppState.swift in Sources */ = {isa = PBXBuildFile; fileRef = 26624ADE28C7DB2E000F7E2E /* AppState.swift */; };
		2674BC9F28D0654300E31A20 /* ForexAPI.swift in Sources */ = {isa = PBXBuildFile; fileRef = 26624AF128C9332F000F7E2E /* ForexAPI.swift */; };
		2674BCA028D0654A00E31A20 /* DayAheadPrices.swift in Sources */ = {isa = PBXBuildFile; fileRef = 26624AE228C7DBC1000F7E2E /* DayAheadPrices.swift */; };
		2674BCA128D0654A00E31A20 /* PricesAPI.swift in Sources */ = {isa = PBXBuildFile; fileRef = 26624AF728C93E1F000F7E2E /* PricesAPI.swift */; };
		2674BCA228D0656800E31A20 /* AppStorageCodable.swift in Sources */ = {isa = PBXBuildFile; fileRef = 26624AF328C93541000F7E2E /* AppStorageCodable.swift */; };
		2674BCA328D0657B00E31A20 /* Log.swift in Sources */ = {isa = PBXBuildFile; fileRef = 26624AE628C883C9000F7E2E /* Log.swift */; };
		2674BCA428D0657B00E31A20 /* Error.swift in Sources */ = {isa = PBXBuildFile; fileRef = 26624AE928C8EFFB000F7E2E /* Error.swift */; };
		2674BCA628D065ED00E31A20 /* Alamofire in Frameworks */ = {isa = PBXBuildFile; productRef = 2674BCA528D065ED00E31A20 /* Alamofire */; };
		2674BCA828D0660600E31A20 /* XMLCoder in Frameworks */ = {isa = PBXBuildFile; productRef = 2674BCA728D0660600E31A20 /* XMLCoder */; };
		2674BCAD28D079B800E31A20 /* Provider.swift in Sources */ = {isa = PBXBuildFile; fileRef = 2674BCAC28D079B800E31A20 /* Provider.swift */; };
		2674BCAF28D086E500E31A20 /* PriceFormatter.swift in Sources */ = {isa = PBXBuildFile; fileRef = 2674BCAE28D086E500E31A20 /* PriceFormatter.swift */; };
		2674BCB128D0870300E31A20 /* DateIntervalFormatter.swift in Sources */ = {isa = PBXBuildFile; fileRef = 2674BCB028D0870300E31A20 /* DateIntervalFormatter.swift */; };
		2674BCB428D0872800E31A20 /* FormattingStyle.swift in Sources */ = {isa = PBXBuildFile; fileRef = 2674BCB328D0872800E31A20 /* FormattingStyle.swift */; };
		2674BCB628D08AA000E31A20 /* PricePointTimelineEntry.swift in Sources */ = {isa = PBXBuildFile; fileRef = 2674BCB528D08AA000E31A20 /* PricePointTimelineEntry.swift */; };
		2674BCB728D0928500E31A20 /* day-ahead-prices-1.xml in Resources */ = {isa = PBXBuildFile; fileRef = 26C71B1728C1468500C2DC59 /* day-ahead-prices-1.xml */; };
		2690400228D4848A00A823F5 /* SwiftDate in Frameworks */ = {isa = PBXBuildFile; productRef = 2690400128D4848A00A823F5 /* SwiftDate */; };
		2690400928D5DA4100A823F5 /* EPWatchKitApp.app in Embed Watch Content */ = {isa = PBXBuildFile; fileRef = 261FC18F28B7771F007B4A4E /* EPWatchKitApp.app */; settings = {ATTRIBUTES = (RemoveHeadersOnCopy, ); }; };
		2696879028D10112002142BF /* PriceView.swift in Sources */ = {isa = PBXBuildFile; fileRef = 2696878F28D10112002142BF /* PriceView.swift */; };
		2696879528D2021C002142BF /* Regions.swift in Sources */ = {isa = PBXBuildFile; fileRef = 2696879428D2021C002142BF /* Regions.swift */; };
		2696879728D26A3D002142BF /* PriceRange.swift in Sources */ = {isa = PBXBuildFile; fileRef = 2696879628D26A3D002142BF /* PriceRange.swift */; };
		2696879A28D26CD0002142BF /* PriceAreaSettingsView.swift in Sources */ = {isa = PBXBuildFile; fileRef = 2696879928D26CD0002142BF /* PriceAreaSettingsView.swift */; };
		2696879E28D3A2C8002142BF /* UserDefaults+AppGroup.swift in Sources */ = {isa = PBXBuildFile; fileRef = 2696879D28D3A2C8002142BF /* UserDefaults+AppGroup.swift */; };
		269687A028D3A5D0002142BF /* WidgetKit.framework in Frameworks */ = {isa = PBXBuildFile; fileRef = 2696879F28D3A5D0002142BF /* WidgetKit.framework */; };
		269687A528D3B5F8002142BF /* PriceLimits.swift in Sources */ = {isa = PBXBuildFile; fileRef = 269687A428D3B5F8002142BF /* PriceLimits.swift */; };
		269687A928D452CB002142BF /* PriceChartView.swift in Sources */ = {isa = PBXBuildFile; fileRef = 269687A828D452CB002142BF /* PriceChartView.swift */; };
		2696881728D477ED002142BF /* EPWatchApp.swift in Sources */ = {isa = PBXBuildFile; fileRef = 2696881628D477ED002142BF /* EPWatchApp.swift */; };
		2696881928D477ED002142BF /* ContentView.swift in Sources */ = {isa = PBXBuildFile; fileRef = 2696881828D477ED002142BF /* ContentView.swift */; };
		2696881B28D477EE002142BF /* Assets.xcassets in Resources */ = {isa = PBXBuildFile; fileRef = 2696881A28D477EE002142BF /* Assets.xcassets */; };
		2696881E28D477EE002142BF /* Preview Assets.xcassets in Resources */ = {isa = PBXBuildFile; fileRef = 2696881D28D477EE002142BF /* Preview Assets.xcassets */; };
		2696882628D478C3002142BF /* XMLCoder in Frameworks */ = {isa = PBXBuildFile; productRef = 2696882528D478C3002142BF /* XMLCoder */; };
		2696882828D478C3002142BF /* SwiftDate in Frameworks */ = {isa = PBXBuildFile; productRef = 2696882728D478C3002142BF /* SwiftDate */; };
		2696882A28D478C3002142BF /* Alamofire in Frameworks */ = {isa = PBXBuildFile; productRef = 2696882928D478C3002142BF /* Alamofire */; };
		2696882B28D478C3002142BF /* EPWatchCore.framework in Frameworks */ = {isa = PBXBuildFile; fileRef = 2674BC7928D0596500E31A20 /* EPWatchCore.framework */; };
		2696882C28D478C3002142BF /* EPWatchCore.framework in Embed Frameworks */ = {isa = PBXBuildFile; fileRef = 2674BC7928D0596500E31A20 /* EPWatchCore.framework */; settings = {ATTRIBUTES = (CodeSignOnCopy, RemoveHeadersOnCopy, ); }; };
		2696883128D47C4B002142BF /* PriceView.swift in Sources */ = {isa = PBXBuildFile; fileRef = 2696883028D47C4B002142BF /* PriceView.swift */; };
		2696883428D4801F002142BF /* SettingsView.swift in Sources */ = {isa = PBXBuildFile; fileRef = 2696883228D47F3B002142BF /* SettingsView.swift */; };
		2696883628D4804A002142BF /* PriceAreaSettingsView.swift in Sources */ = {isa = PBXBuildFile; fileRef = 2696883528D4804A002142BF /* PriceAreaSettingsView.swift */; };
		2696883728D4817D002142BF /* SettingsView.swift in Sources */ = {isa = PBXBuildFile; fileRef = 2696879128D1CD91002142BF /* SettingsView.swift */; };
/* End PBXBuildFile section */

/* Begin PBXContainerItemProxy section */
		2674BC6D28D0572E00E31A20 /* PBXContainerItemProxy */ = {
			isa = PBXContainerItemProxy;
			containerPortal = 261FC18528B7771F007B4A4E /* Project object */;
			proxyType = 1;
			remoteGlobalIDString = 2674BC6128D0572D00E31A20;
			remoteInfo = "EPWatch ComplicationsExtension";
		};
		2674BC8428D0596500E31A20 /* PBXContainerItemProxy */ = {
			isa = PBXContainerItemProxy;
			containerPortal = 261FC18528B7771F007B4A4E /* Project object */;
			proxyType = 1;
			remoteGlobalIDString = 2674BC7828D0596500E31A20;
			remoteInfo = EPWatchCore;
		};
		2674BC9328D059A400E31A20 /* PBXContainerItemProxy */ = {
			isa = PBXContainerItemProxy;
			containerPortal = 261FC18528B7771F007B4A4E /* Project object */;
			proxyType = 1;
			remoteGlobalIDString = 2674BC7828D0596500E31A20;
			remoteInfo = EPWatchCore;
		};
		2674BC9828D05A4C00E31A20 /* PBXContainerItemProxy */ = {
			isa = PBXContainerItemProxy;
			containerPortal = 261FC18528B7771F007B4A4E /* Project object */;
			proxyType = 1;
			remoteGlobalIDString = 2674BC7828D0596500E31A20;
			remoteInfo = EPWatchCore;
		};
		2690400A28D5DA4100A823F5 /* PBXContainerItemProxy */ = {
			isa = PBXContainerItemProxy;
			containerPortal = 261FC18528B7771F007B4A4E /* Project object */;
			proxyType = 1;
			remoteGlobalIDString = 261FC18E28B7771F007B4A4E;
			remoteInfo = EPWatchKitApp;
		};
		2696882D28D478C3002142BF /* PBXContainerItemProxy */ = {
			isa = PBXContainerItemProxy;
			containerPortal = 261FC18528B7771F007B4A4E /* Project object */;
			proxyType = 1;
			remoteGlobalIDString = 2674BC7828D0596500E31A20;
			remoteInfo = EPWatchCore;
		};
/* End PBXContainerItemProxy section */

/* Begin PBXCopyFilesBuildPhase section */
		2674BC7028D0572E00E31A20 /* Embed Foundation Extensions */ = {
			isa = PBXCopyFilesBuildPhase;
			buildActionMask = 2147483647;
			dstPath = "";
			dstSubfolderSpec = 13;
			files = (
				2674BC6F28D0572E00E31A20 /* EPWatchKitAppExtension.appex in Embed Foundation Extensions */,
			);
			name = "Embed Foundation Extensions";
			runOnlyForDeploymentPostprocessing = 0;
		};
		2674BC9528D059A400E31A20 /* Embed Frameworks */ = {
			isa = PBXCopyFilesBuildPhase;
			buildActionMask = 2147483647;
			dstPath = "";
			dstSubfolderSpec = 10;
			files = (
				2674BC9228D059A400E31A20 /* EPWatchCore.framework in Embed Frameworks */,
			);
			name = "Embed Frameworks";
			runOnlyForDeploymentPostprocessing = 0;
		};
		2690400C28D5DA4100A823F5 /* Embed Watch Content */ = {
			isa = PBXCopyFilesBuildPhase;
			buildActionMask = 2147483647;
			dstPath = "$(CONTENTS_FOLDER_PATH)/Watch";
			dstSubfolderSpec = 16;
			files = (
				2690400928D5DA4100A823F5 /* EPWatchKitApp.app in Embed Watch Content */,
			);
			name = "Embed Watch Content";
			runOnlyForDeploymentPostprocessing = 0;
		};
		2696882F28D478C3002142BF /* Embed Frameworks */ = {
			isa = PBXCopyFilesBuildPhase;
			buildActionMask = 2147483647;
			dstPath = "";
			dstSubfolderSpec = 10;
			files = (
				2696882C28D478C3002142BF /* EPWatchCore.framework in Embed Frameworks */,
			);
			name = "Embed Frameworks";
			runOnlyForDeploymentPostprocessing = 0;
		};
/* End PBXCopyFilesBuildPhase section */

/* Begin PBXFileReference section */
		261FC18F28B7771F007B4A4E /* EPWatchKitApp.app */ = {isa = PBXFileReference; explicitFileType = wrapper.application; includeInIndex = 0; path = EPWatchKitApp.app; sourceTree = BUILT_PRODUCTS_DIR; };
		261FC19428B77720007B4A4E /* Assets.xcassets */ = {isa = PBXFileReference; lastKnownFileType = folder.assetcatalog; path = Assets.xcassets; sourceTree = "<group>"; };
		261FC19F28B77720007B4A4E /* EPWatchKitApp.swift */ = {isa = PBXFileReference; lastKnownFileType = sourcecode.swift; path = EPWatchKitApp.swift; sourceTree = "<group>"; };
		261FC1A128B77720007B4A4E /* ContentView.swift */ = {isa = PBXFileReference; lastKnownFileType = sourcecode.swift; path = ContentView.swift; sourceTree = "<group>"; };
		261FC1A328B77720007B4A4E /* NotificationController.swift */ = {isa = PBXFileReference; lastKnownFileType = sourcecode.swift; path = NotificationController.swift; sourceTree = "<group>"; };
		261FC1A528B77720007B4A4E /* NotificationView.swift */ = {isa = PBXFileReference; lastKnownFileType = sourcecode.swift; path = NotificationView.swift; sourceTree = "<group>"; };
		261FC1AC28B77721007B4A4E /* Preview Assets.xcassets */ = {isa = PBXFileReference; lastKnownFileType = folder.assetcatalog; path = "Preview Assets.xcassets"; sourceTree = "<group>"; };
		261FC1AF28B77721007B4A4E /* PushNotificationPayload.apns */ = {isa = PBXFileReference; lastKnownFileType = text; path = PushNotificationPayload.apns; sourceTree = "<group>"; };
		26624ADE28C7DB2E000F7E2E /* AppState.swift */ = {isa = PBXFileReference; lastKnownFileType = sourcecode.swift; path = AppState.swift; sourceTree = "<group>"; };
		26624AE228C7DBC1000F7E2E /* DayAheadPrices.swift */ = {isa = PBXFileReference; lastKnownFileType = sourcecode.swift; path = DayAheadPrices.swift; sourceTree = "<group>"; };
		26624AE628C883C9000F7E2E /* Log.swift */ = {isa = PBXFileReference; fileEncoding = 4; lastKnownFileType = sourcecode.swift; path = Log.swift; sourceTree = "<group>"; };
		26624AE928C8EFFB000F7E2E /* Error.swift */ = {isa = PBXFileReference; fileEncoding = 4; lastKnownFileType = sourcecode.swift; path = Error.swift; sourceTree = "<group>"; };
		26624AEF28C92D3C000F7E2E /* PricePoint.swift */ = {isa = PBXFileReference; lastKnownFileType = sourcecode.swift; path = PricePoint.swift; sourceTree = "<group>"; };
		26624AF128C9332F000F7E2E /* ForexAPI.swift */ = {isa = PBXFileReference; lastKnownFileType = sourcecode.swift; path = ForexAPI.swift; sourceTree = "<group>"; };
		26624AF328C93541000F7E2E /* AppStorageCodable.swift */ = {isa = PBXFileReference; fileEncoding = 4; lastKnownFileType = sourcecode.swift; path = AppStorageCodable.swift; sourceTree = "<group>"; };
		26624AF728C93E1F000F7E2E /* PricesAPI.swift */ = {isa = PBXFileReference; lastKnownFileType = sourcecode.swift; path = PricesAPI.swift; sourceTree = "<group>"; };
		2674BC6228D0572D00E31A20 /* EPWatchKitAppExtension.appex */ = {isa = PBXFileReference; explicitFileType = "wrapper.app-extension"; includeInIndex = 0; path = EPWatchKitAppExtension.appex; sourceTree = BUILT_PRODUCTS_DIR; };
		2674BC6328D0572D00E31A20 /* WidgetKit.framework */ = {isa = PBXFileReference; lastKnownFileType = wrapper.framework; name = WidgetKit.framework; path = System/Library/Frameworks/WidgetKit.framework; sourceTree = SDKROOT; };
		2674BC6528D0572D00E31A20 /* SwiftUI.framework */ = {isa = PBXFileReference; lastKnownFileType = wrapper.framework; name = SwiftUI.framework; path = System/Library/Frameworks/SwiftUI.framework; sourceTree = SDKROOT; };
		2674BC6828D0572D00E31A20 /* Complications.swift */ = {isa = PBXFileReference; lastKnownFileType = sourcecode.swift; path = Complications.swift; sourceTree = "<group>"; };
		2674BC6A28D0572E00E31A20 /* Assets.xcassets */ = {isa = PBXFileReference; lastKnownFileType = folder.assetcatalog; path = Assets.xcassets; sourceTree = "<group>"; };
		2674BC6C28D0572E00E31A20 /* Info.plist */ = {isa = PBXFileReference; lastKnownFileType = text.plist.xml; path = Info.plist; sourceTree = "<group>"; };
		2674BC7928D0596500E31A20 /* EPWatchCore.framework */ = {isa = PBXFileReference; explicitFileType = wrapper.framework; includeInIndex = 0; path = EPWatchCore.framework; sourceTree = BUILT_PRODUCTS_DIR; };
		2674BC7B28D0596500E31A20 /* EPWatchCore.h */ = {isa = PBXFileReference; lastKnownFileType = sourcecode.c.h; path = EPWatchCore.h; sourceTree = "<group>"; };
		2674BC7C28D0596500E31A20 /* EPWatchCore.docc */ = {isa = PBXFileReference; lastKnownFileType = folder.documentationcatalog; path = EPWatchCore.docc; sourceTree = "<group>"; };
		2674BC8228D0596500E31A20 /* EPWatchCoreTests.xctest */ = {isa = PBXFileReference; explicitFileType = wrapper.cfbundle; includeInIndex = 0; path = EPWatchCoreTests.xctest; sourceTree = BUILT_PRODUCTS_DIR; };
		2674BC8728D0596500E31A20 /* EPWatchCoreTests.swift */ = {isa = PBXFileReference; lastKnownFileType = sourcecode.swift; path = EPWatchCoreTests.swift; sourceTree = "<group>"; };
		2674BCAC28D079B800E31A20 /* Provider.swift */ = {isa = PBXFileReference; lastKnownFileType = sourcecode.swift; path = Provider.swift; sourceTree = "<group>"; };
		2674BCAE28D086E500E31A20 /* PriceFormatter.swift */ = {isa = PBXFileReference; lastKnownFileType = sourcecode.swift; path = PriceFormatter.swift; sourceTree = "<group>"; };
		2674BCB028D0870300E31A20 /* DateIntervalFormatter.swift */ = {isa = PBXFileReference; lastKnownFileType = sourcecode.swift; path = DateIntervalFormatter.swift; sourceTree = "<group>"; };
		2674BCB328D0872800E31A20 /* FormattingStyle.swift */ = {isa = PBXFileReference; lastKnownFileType = sourcecode.swift; path = FormattingStyle.swift; sourceTree = "<group>"; };
		2674BCB528D08AA000E31A20 /* PricePointTimelineEntry.swift */ = {isa = PBXFileReference; lastKnownFileType = sourcecode.swift; path = PricePointTimelineEntry.swift; sourceTree = "<group>"; };
		2696878F28D10112002142BF /* PriceView.swift */ = {isa = PBXFileReference; lastKnownFileType = sourcecode.swift; path = PriceView.swift; sourceTree = "<group>"; };
		2696879128D1CD91002142BF /* SettingsView.swift */ = {isa = PBXFileReference; lastKnownFileType = sourcecode.swift; path = SettingsView.swift; sourceTree = "<group>"; };
		2696879428D2021C002142BF /* Regions.swift */ = {isa = PBXFileReference; lastKnownFileType = sourcecode.swift; path = Regions.swift; sourceTree = "<group>"; };
		2696879628D26A3D002142BF /* PriceRange.swift */ = {isa = PBXFileReference; lastKnownFileType = sourcecode.swift; path = PriceRange.swift; sourceTree = "<group>"; };
		2696879928D26CD0002142BF /* PriceAreaSettingsView.swift */ = {isa = PBXFileReference; lastKnownFileType = sourcecode.swift; path = PriceAreaSettingsView.swift; sourceTree = "<group>"; };
		2696879B28D3A126002142BF /* EPWatchKitApp.entitlements */ = {isa = PBXFileReference; lastKnownFileType = text.plist.entitlements; path = EPWatchKitApp.entitlements; sourceTree = "<group>"; };
		2696879C28D3A164002142BF /* EPWatchKitAppExtension.entitlements */ = {isa = PBXFileReference; lastKnownFileType = text.plist.entitlements; path = EPWatchKitAppExtension.entitlements; sourceTree = "<group>"; };
		2696879D28D3A2C8002142BF /* UserDefaults+AppGroup.swift */ = {isa = PBXFileReference; lastKnownFileType = sourcecode.swift; path = "UserDefaults+AppGroup.swift"; sourceTree = "<group>"; };
		2696879F28D3A5D0002142BF /* WidgetKit.framework */ = {isa = PBXFileReference; lastKnownFileType = wrapper.framework; name = WidgetKit.framework; path = Platforms/WatchOS.platform/Developer/SDKs/WatchOS9.0.sdk/System/Library/Frameworks/WidgetKit.framework; sourceTree = DEVELOPER_DIR; };
		269687A428D3B5F8002142BF /* PriceLimits.swift */ = {isa = PBXFileReference; lastKnownFileType = sourcecode.swift; path = PriceLimits.swift; sourceTree = "<group>"; };
		269687A828D452CB002142BF /* PriceChartView.swift */ = {isa = PBXFileReference; lastKnownFileType = sourcecode.swift; path = PriceChartView.swift; sourceTree = "<group>"; };
		2696880C28D47422002142BF /* Info.plist */ = {isa = PBXFileReference; lastKnownFileType = text.plist.xml; path = Info.plist; sourceTree = "<group>"; };
		2696881428D477EC002142BF /* EPWatch.app */ = {isa = PBXFileReference; explicitFileType = wrapper.application; includeInIndex = 0; path = EPWatch.app; sourceTree = BUILT_PRODUCTS_DIR; };
		2696881628D477ED002142BF /* EPWatchApp.swift */ = {isa = PBXFileReference; lastKnownFileType = sourcecode.swift; path = EPWatchApp.swift; sourceTree = "<group>"; };
		2696881828D477ED002142BF /* ContentView.swift */ = {isa = PBXFileReference; lastKnownFileType = sourcecode.swift; path = ContentView.swift; sourceTree = "<group>"; };
		2696881A28D477EE002142BF /* Assets.xcassets */ = {isa = PBXFileReference; lastKnownFileType = folder.assetcatalog; path = Assets.xcassets; sourceTree = "<group>"; };
		2696881D28D477EE002142BF /* Preview Assets.xcassets */ = {isa = PBXFileReference; lastKnownFileType = folder.assetcatalog; path = "Preview Assets.xcassets"; sourceTree = "<group>"; };
		2696882228D4784A002142BF /* Info.plist */ = {isa = PBXFileReference; lastKnownFileType = text.plist.xml; path = Info.plist; sourceTree = "<group>"; };
		2696882428D47888002142BF /* EPWatch.entitlements */ = {isa = PBXFileReference; lastKnownFileType = text.plist.entitlements; path = EPWatch.entitlements; sourceTree = "<group>"; };
		2696883028D47C4B002142BF /* PriceView.swift */ = {isa = PBXFileReference; lastKnownFileType = sourcecode.swift; path = PriceView.swift; sourceTree = "<group>"; };
		2696883228D47F3B002142BF /* SettingsView.swift */ = {isa = PBXFileReference; lastKnownFileType = sourcecode.swift; path = SettingsView.swift; sourceTree = "<group>"; };
		2696883528D4804A002142BF /* PriceAreaSettingsView.swift */ = {isa = PBXFileReference; lastKnownFileType = sourcecode.swift; path = PriceAreaSettingsView.swift; sourceTree = "<group>"; };
		26C71B1728C1468500C2DC59 /* day-ahead-prices-1.xml */ = {isa = PBXFileReference; fileEncoding = 4; lastKnownFileType = text.xml; path = "day-ahead-prices-1.xml"; sourceTree = "<group>"; };
/* End PBXFileReference section */

/* Begin PBXFrameworksBuildPhase section */
		261FC19728B77720007B4A4E /* Frameworks */ = {
			isa = PBXFrameworksBuildPhase;
			buildActionMask = 2147483647;
			files = (
				2674BC9128D059A400E31A20 /* EPWatchCore.framework in Frameworks */,
			);
			runOnlyForDeploymentPostprocessing = 0;
		};
		2674BC5F28D0572D00E31A20 /* Frameworks */ = {
			isa = PBXFrameworksBuildPhase;
			buildActionMask = 2147483647;
			files = (
				2690400228D4848A00A823F5 /* SwiftDate in Frameworks */,
				2674BC6628D0572D00E31A20 /* SwiftUI.framework in Frameworks */,
				2674BC6428D0572D00E31A20 /* WidgetKit.framework in Frameworks */,
				2674BC9628D05A4C00E31A20 /* EPWatchCore.framework in Frameworks */,
			);
			runOnlyForDeploymentPostprocessing = 0;
		};
		2674BC7628D0596500E31A20 /* Frameworks */ = {
			isa = PBXFrameworksBuildPhase;
			buildActionMask = 2147483647;
			files = (
				2674BCA828D0660600E31A20 /* XMLCoder in Frameworks */,
				2674BC9C28D05A8300E31A20 /* SwiftDate in Frameworks */,
				2674BCA628D065ED00E31A20 /* Alamofire in Frameworks */,
				269687A028D3A5D0002142BF /* WidgetKit.framework in Frameworks */,
			);
			runOnlyForDeploymentPostprocessing = 0;
		};
		2674BC7F28D0596500E31A20 /* Frameworks */ = {
			isa = PBXFrameworksBuildPhase;
			buildActionMask = 2147483647;
			files = (
				2674BC8328D0596500E31A20 /* EPWatchCore.framework in Frameworks */,
			);
			runOnlyForDeploymentPostprocessing = 0;
		};
		2696881128D477EC002142BF /* Frameworks */ = {
			isa = PBXFrameworksBuildPhase;
			buildActionMask = 2147483647;
			files = (
				2696882A28D478C3002142BF /* Alamofire in Frameworks */,
				2696882828D478C3002142BF /* SwiftDate in Frameworks */,
				2696882B28D478C3002142BF /* EPWatchCore.framework in Frameworks */,
				2696882628D478C3002142BF /* XMLCoder in Frameworks */,
			);
			runOnlyForDeploymentPostprocessing = 0;
		};
/* End PBXFrameworksBuildPhase section */

/* Begin PBXGroup section */
		261FC18428B7771F007B4A4E = {
			isa = PBXGroup;
			children = (
				2696881528D477ED002142BF /* EPWatch */,
				261FC19328B7771F007B4A4E /* EPWatchKitApp */,
				2674BC6728D0572D00E31A20 /* EPWatchKitAppExtension */,
				2674BC7A28D0596500E31A20 /* EPWatchCore */,
				2674BC8628D0596500E31A20 /* EPWatchCoreTests */,
				261FC18C28B7771F007B4A4E /* Products */,
				26C71B1928C1469D00C2DC59 /* Frameworks */,
			);
			sourceTree = "<group>";
		};
		261FC18C28B7771F007B4A4E /* Products */ = {
			isa = PBXGroup;
			children = (
				261FC18F28B7771F007B4A4E /* EPWatchKitApp.app */,
				2674BC6228D0572D00E31A20 /* EPWatchKitAppExtension.appex */,
				2674BC7928D0596500E31A20 /* EPWatchCore.framework */,
				2674BC8228D0596500E31A20 /* EPWatchCoreTests.xctest */,
				2696881428D477EC002142BF /* EPWatch.app */,
			);
			name = Products;
			sourceTree = "<group>";
		};
		261FC19328B7771F007B4A4E /* EPWatchKitApp */ = {
			isa = PBXGroup;
			children = (
				261FC1A128B77720007B4A4E /* ContentView.swift */,
				261FC19F28B77720007B4A4E /* EPWatchKitApp.swift */,
				2674BC4428CF7CF900E31A20 /* Notifications */,
				261FC1AB28B77721007B4A4E /* Preview Content */,
				2696878F28D10112002142BF /* PriceView.swift */,
				269687AA28D46FD7002142BF /* Resources */,
				2696879828D26CBE002142BF /* Settings */,
			);
			path = EPWatchKitApp;
			sourceTree = "<group>";
		};
		261FC1AB28B77721007B4A4E /* Preview Content */ = {
			isa = PBXGroup;
			children = (
				261FC1AC28B77721007B4A4E /* Preview Assets.xcassets */,
			);
			path = "Preview Content";
			sourceTree = "<group>";
		};
		26624AF628C93DEA000F7E2E /* API */ = {
			isa = PBXGroup;
			children = (
				26624AF928C93E91000F7E2E /* Prices */,
				26624AF128C9332F000F7E2E /* ForexAPI.swift */,
			);
			path = API;
			sourceTree = "<group>";
		};
		26624AF928C93E91000F7E2E /* Prices */ = {
			isa = PBXGroup;
			children = (
				26624AE228C7DBC1000F7E2E /* DayAheadPrices.swift */,
				26624AF728C93E1F000F7E2E /* PricesAPI.swift */,
			);
			path = Prices;
			sourceTree = "<group>";
		};
		2674BC4428CF7CF900E31A20 /* Notifications */ = {
			isa = PBXGroup;
			children = (
				261FC1A328B77720007B4A4E /* NotificationController.swift */,
				261FC1A528B77720007B4A4E /* NotificationView.swift */,
				261FC1AF28B77721007B4A4E /* PushNotificationPayload.apns */,
			);
			path = Notifications;
			sourceTree = "<group>";
		};
		2674BC6728D0572D00E31A20 /* EPWatchKitAppExtension */ = {
			isa = PBXGroup;
			children = (
				2674BC6828D0572D00E31A20 /* Complications.swift */,
				2674BCB528D08AA000E31A20 /* PricePointTimelineEntry.swift */,
				2674BCAC28D079B800E31A20 /* Provider.swift */,
				269687AB28D46FF3002142BF /* Resources */,
			);
			path = EPWatchKitAppExtension;
			sourceTree = "<group>";
		};
		2674BC7A28D0596500E31A20 /* EPWatchCore */ = {
			isa = PBXGroup;
			children = (
				26624AF628C93DEA000F7E2E /* API */,
				26624ADE28C7DB2E000F7E2E /* AppState.swift */,
				2674BC7C28D0596500E31A20 /* EPWatchCore.docc */,
				2674BC7B28D0596500E31A20 /* EPWatchCore.h */,
				2674BCB228D0871800E31A20 /* Formatting */,
				269687A328D3B5EA002142BF /* Models */,
				2674BC9E28D0651F00E31A20 /* Utils */,
				269687A728D452B9002142BF /* Views */,
			);
			path = EPWatchCore;
			sourceTree = "<group>";
		};
		2674BC8628D0596500E31A20 /* EPWatchCoreTests */ = {
			isa = PBXGroup;
			children = (
				26C71B1728C1468500C2DC59 /* day-ahead-prices-1.xml */,
				2674BC8728D0596500E31A20 /* EPWatchCoreTests.swift */,
			);
			path = EPWatchCoreTests;
			sourceTree = "<group>";
		};
		2674BC9E28D0651F00E31A20 /* Utils */ = {
			isa = PBXGroup;
			children = (
				26624AF328C93541000F7E2E /* AppStorageCodable.swift */,
				26624AE928C8EFFB000F7E2E /* Error.swift */,
				26624AE628C883C9000F7E2E /* Log.swift */,
				2696879D28D3A2C8002142BF /* UserDefaults+AppGroup.swift */,
			);
			path = Utils;
			sourceTree = "<group>";
		};
		2674BCB228D0871800E31A20 /* Formatting */ = {
			isa = PBXGroup;
			children = (
				2674BCAE28D086E500E31A20 /* PriceFormatter.swift */,
				2674BCB028D0870300E31A20 /* DateIntervalFormatter.swift */,
				2674BCB328D0872800E31A20 /* FormattingStyle.swift */,
			);
			path = Formatting;
			sourceTree = "<group>";
		};
		2696879828D26CBE002142BF /* Settings */ = {
			isa = PBXGroup;
			children = (
				2696879928D26CD0002142BF /* PriceAreaSettingsView.swift */,
				2696879128D1CD91002142BF /* SettingsView.swift */,
			);
			path = Settings;
			sourceTree = "<group>";
		};
		269687A328D3B5EA002142BF /* Models */ = {
			isa = PBXGroup;
			children = (
				269687A428D3B5F8002142BF /* PriceLimits.swift */,
				26624AEF28C92D3C000F7E2E /* PricePoint.swift */,
				2696879628D26A3D002142BF /* PriceRange.swift */,
				2696879428D2021C002142BF /* Regions.swift */,
			);
			path = Models;
			sourceTree = "<group>";
		};
		269687A728D452B9002142BF /* Views */ = {
			isa = PBXGroup;
			children = (
				269687A828D452CB002142BF /* PriceChartView.swift */,
				2696883528D4804A002142BF /* PriceAreaSettingsView.swift */,
			);
			path = Views;
			sourceTree = "<group>";
		};
		269687AA28D46FD7002142BF /* Resources */ = {
			isa = PBXGroup;
			children = (
				261FC19428B77720007B4A4E /* Assets.xcassets */,
				2696879B28D3A126002142BF /* EPWatchKitApp.entitlements */,
				2696880C28D47422002142BF /* Info.plist */,
			);
			path = Resources;
			sourceTree = "<group>";
		};
		269687AB28D46FF3002142BF /* Resources */ = {
			isa = PBXGroup;
			children = (
				2674BC6A28D0572E00E31A20 /* Assets.xcassets */,
				2696879C28D3A164002142BF /* EPWatchKitAppExtension.entitlements */,
				2674BC6C28D0572E00E31A20 /* Info.plist */,
			);
			path = Resources;
			sourceTree = "<group>";
		};
		2696881528D477ED002142BF /* EPWatch */ = {
			isa = PBXGroup;
			children = (
				2696881828D477ED002142BF /* ContentView.swift */,
				2696881628D477ED002142BF /* EPWatchApp.swift */,
				2696881C28D477EE002142BF /* Preview Content */,
				2696883028D47C4B002142BF /* PriceView.swift */,
				2696882328D47864002142BF /* Resources */,
				2696883228D47F3B002142BF /* SettingsView.swift */,
			);
			path = EPWatch;
			sourceTree = "<group>";
		};
		2696881C28D477EE002142BF /* Preview Content */ = {
			isa = PBXGroup;
			children = (
				2696881D28D477EE002142BF /* Preview Assets.xcassets */,
			);
			path = "Preview Content";
			sourceTree = "<group>";
		};
		2696882328D47864002142BF /* Resources */ = {
			isa = PBXGroup;
			children = (
				2696882428D47888002142BF /* EPWatch.entitlements */,
				2696882228D4784A002142BF /* Info.plist */,
				2696881A28D477EE002142BF /* Assets.xcassets */,
			);
			path = Resources;
			sourceTree = "<group>";
		};
		26C71B1928C1469D00C2DC59 /* Frameworks */ = {
			isa = PBXGroup;
			children = (
				2674BC6328D0572D00E31A20 /* WidgetKit.framework */,
				2696879F28D3A5D0002142BF /* WidgetKit.framework */,
				2674BC6528D0572D00E31A20 /* SwiftUI.framework */,
			);
			name = Frameworks;
			sourceTree = "<group>";
		};
/* End PBXGroup section */

/* Begin PBXHeadersBuildPhase section */
		2674BC7428D0596500E31A20 /* Headers */ = {
			isa = PBXHeadersBuildPhase;
			buildActionMask = 2147483647;
			files = (
				2674BC8928D0596500E31A20 /* EPWatchCore.h in Headers */,
			);
			runOnlyForDeploymentPostprocessing = 0;
		};
/* End PBXHeadersBuildPhase section */

/* Begin PBXNativeTarget section */
		261FC18E28B7771F007B4A4E /* EPWatchKitApp */ = {
			isa = PBXNativeTarget;
			buildConfigurationList = 261FC1B628B77721007B4A4E /* Build configuration list for PBXNativeTarget "EPWatchKitApp" */;
			buildPhases = (
				261FC18D28B7771F007B4A4E /* Resources */,
				261FC19628B77720007B4A4E /* Sources */,
				261FC19728B77720007B4A4E /* Frameworks */,
				2674BC7028D0572E00E31A20 /* Embed Foundation Extensions */,
				2674BC9528D059A400E31A20 /* Embed Frameworks */,
			);
			buildRules = (
			);
			dependencies = (
				2674BC6E28D0572E00E31A20 /* PBXTargetDependency */,
				2674BC9428D059A400E31A20 /* PBXTargetDependency */,
			);
			name = EPWatchKitApp;
			packageProductDependencies = (
			);
			productName = "EPWatch WatchKit App";
			productReference = 261FC18F28B7771F007B4A4E /* EPWatchKitApp.app */;
			productType = "com.apple.product-type.application";
		};
		2674BC6128D0572D00E31A20 /* EPWatchKitAppExtension */ = {
			isa = PBXNativeTarget;
			buildConfigurationList = 2674BC7328D0572E00E31A20 /* Build configuration list for PBXNativeTarget "EPWatchKitAppExtension" */;
			buildPhases = (
				2674BC5E28D0572D00E31A20 /* Sources */,
				2674BC5F28D0572D00E31A20 /* Frameworks */,
				2674BC6028D0572D00E31A20 /* Resources */,
			);
			buildRules = (
			);
			dependencies = (
				2674BC9928D05A4C00E31A20 /* PBXTargetDependency */,
			);
			name = EPWatchKitAppExtension;
			packageProductDependencies = (
				2690400128D4848A00A823F5 /* SwiftDate */,
			);
			productName = "EPWatch ComplicationsExtension";
			productReference = 2674BC6228D0572D00E31A20 /* EPWatchKitAppExtension.appex */;
			productType = "com.apple.product-type.app-extension";
		};
		2674BC7828D0596500E31A20 /* EPWatchCore */ = {
			isa = PBXNativeTarget;
			buildConfigurationList = 2674BC8A28D0596500E31A20 /* Build configuration list for PBXNativeTarget "EPWatchCore" */;
			buildPhases = (
				2674BC7428D0596500E31A20 /* Headers */,
				2674BC7528D0596500E31A20 /* Sources */,
				2674BC7628D0596500E31A20 /* Frameworks */,
				2674BC7728D0596500E31A20 /* Resources */,
			);
			buildRules = (
			);
			dependencies = (
			);
			name = EPWatchCore;
			packageProductDependencies = (
				2674BC9B28D05A8300E31A20 /* SwiftDate */,
				2674BCA528D065ED00E31A20 /* Alamofire */,
				2674BCA728D0660600E31A20 /* XMLCoder */,
			);
			productName = EPWatchCore;
			productReference = 2674BC7928D0596500E31A20 /* EPWatchCore.framework */;
			productType = "com.apple.product-type.framework";
		};
		2674BC8128D0596500E31A20 /* EPWatchCoreTests */ = {
			isa = PBXNativeTarget;
			buildConfigurationList = 2674BC8D28D0596500E31A20 /* Build configuration list for PBXNativeTarget "EPWatchCoreTests" */;
			buildPhases = (
				2674BC7E28D0596500E31A20 /* Sources */,
				2674BC7F28D0596500E31A20 /* Frameworks */,
				2674BC8028D0596500E31A20 /* Resources */,
			);
			buildRules = (
			);
			dependencies = (
				2674BC8528D0596500E31A20 /* PBXTargetDependency */,
			);
			name = EPWatchCoreTests;
			productName = EPWatchCoreTests;
			productReference = 2674BC8228D0596500E31A20 /* EPWatchCoreTests.xctest */;
			productType = "com.apple.product-type.bundle.unit-test";
		};
		2696881328D477EC002142BF /* EPWatch */ = {
			isa = PBXNativeTarget;
			buildConfigurationList = 2696881F28D477EE002142BF /* Build configuration list for PBXNativeTarget "EPWatch" */;
			buildPhases = (
				2696881028D477EC002142BF /* Sources */,
				2696881128D477EC002142BF /* Frameworks */,
				2696881228D477EC002142BF /* Resources */,
				2696882F28D478C3002142BF /* Embed Frameworks */,
				2690400C28D5DA4100A823F5 /* Embed Watch Content */,
			);
			buildRules = (
			);
			dependencies = (
				2696882E28D478C3002142BF /* PBXTargetDependency */,
				2690400B28D5DA4100A823F5 /* PBXTargetDependency */,
			);
			name = EPWatch;
			packageProductDependencies = (
				2696882528D478C3002142BF /* XMLCoder */,
				2696882728D478C3002142BF /* SwiftDate */,
				2696882928D478C3002142BF /* Alamofire */,
			);
			productName = EPWatch;
			productReference = 2696881428D477EC002142BF /* EPWatch.app */;
			productType = "com.apple.product-type.application";
		};
/* End PBXNativeTarget section */

/* Begin PBXProject section */
		261FC18528B7771F007B4A4E /* Project object */ = {
			isa = PBXProject;
			attributes = {
				BuildIndependentTargetsInParallel = 1;
				LastSwiftUpdateCheck = 1400;
				LastUpgradeCheck = 1400;
				TargetAttributes = {
					261FC18E28B7771F007B4A4E = {
						CreatedOnToolsVersion = 13.4.1;
					};
					2674BC6128D0572D00E31A20 = {
						CreatedOnToolsVersion = 14.0;
					};
					2674BC7828D0596500E31A20 = {
						CreatedOnToolsVersion = 14.0;
					};
					2674BC8128D0596500E31A20 = {
						CreatedOnToolsVersion = 14.0;
					};
					2696881328D477EC002142BF = {
						CreatedOnToolsVersion = 14.0;
					};
				};
			};
			buildConfigurationList = 261FC18828B7771F007B4A4E /* Build configuration list for PBXProject "EPWatch" */;
			compatibilityVersion = "Xcode 14.0";
			developmentRegion = en;
			hasScannedForEncodings = 0;
			knownRegions = (
				en,
				Base,
			);
			mainGroup = 261FC18428B7771F007B4A4E;
			packageReferences = (
				26C71B0828C145EA00C2DC59 /* XCRemoteSwiftPackageReference "XMLCoder" */,
				26624AEB28C8F18C000F7E2E /* XCRemoteSwiftPackageReference "SwiftDate" */,
				268B811028CE6B1600115BDC /* XCRemoteSwiftPackageReference "Alamofire" */,
			);
			productRefGroup = 261FC18C28B7771F007B4A4E /* Products */;
			projectDirPath = "";
			projectRoot = "";
			targets = (
				2696881328D477EC002142BF /* EPWatch */,
				261FC18E28B7771F007B4A4E /* EPWatchKitApp */,
				2674BC6128D0572D00E31A20 /* EPWatchKitAppExtension */,
				2674BC7828D0596500E31A20 /* EPWatchCore */,
				2674BC8128D0596500E31A20 /* EPWatchCoreTests */,
			);
		};
/* End PBXProject section */

/* Begin PBXResourcesBuildPhase section */
		261FC18D28B7771F007B4A4E /* Resources */ = {
			isa = PBXResourcesBuildPhase;
			buildActionMask = 2147483647;
			files = (
				261FC1AD28B77721007B4A4E /* Preview Assets.xcassets in Resources */,
				261FC19528B77720007B4A4E /* Assets.xcassets in Resources */,
			);
			runOnlyForDeploymentPostprocessing = 0;
		};
		2674BC6028D0572D00E31A20 /* Resources */ = {
			isa = PBXResourcesBuildPhase;
			buildActionMask = 2147483647;
			files = (
				2674BC6B28D0572E00E31A20 /* Assets.xcassets in Resources */,
			);
			runOnlyForDeploymentPostprocessing = 0;
		};
		2674BC7728D0596500E31A20 /* Resources */ = {
			isa = PBXResourcesBuildPhase;
			buildActionMask = 2147483647;
			files = (
			);
			runOnlyForDeploymentPostprocessing = 0;
		};
		2674BC8028D0596500E31A20 /* Resources */ = {
			isa = PBXResourcesBuildPhase;
			buildActionMask = 2147483647;
			files = (
				2674BCB728D0928500E31A20 /* day-ahead-prices-1.xml in Resources */,
			);
			runOnlyForDeploymentPostprocessing = 0;
		};
		2696881228D477EC002142BF /* Resources */ = {
			isa = PBXResourcesBuildPhase;
			buildActionMask = 2147483647;
			files = (
				2696881E28D477EE002142BF /* Preview Assets.xcassets in Resources */,
				2696881B28D477EE002142BF /* Assets.xcassets in Resources */,
			);
			runOnlyForDeploymentPostprocessing = 0;
		};
/* End PBXResourcesBuildPhase section */

/* Begin PBXSourcesBuildPhase section */
		261FC19628B77720007B4A4E /* Sources */ = {
			isa = PBXSourcesBuildPhase;
			buildActionMask = 2147483647;
			files = (
				2696883728D4817D002142BF /* SettingsView.swift in Sources */,
				261FC1A428B77720007B4A4E /* NotificationController.swift in Sources */,
				261FC1A228B77720007B4A4E /* ContentView.swift in Sources */,
				261FC1A028B77720007B4A4E /* EPWatchKitApp.swift in Sources */,
				261FC1A628B77720007B4A4E /* NotificationView.swift in Sources */,
				2696879028D10112002142BF /* PriceView.swift in Sources */,
				2696879A28D26CD0002142BF /* PriceAreaSettingsView.swift in Sources */,
			);
			runOnlyForDeploymentPostprocessing = 0;
		};
		2674BC5E28D0572D00E31A20 /* Sources */ = {
			isa = PBXSourcesBuildPhase;
			buildActionMask = 2147483647;
			files = (
				2674BCB628D08AA000E31A20 /* PricePointTimelineEntry.swift in Sources */,
				2674BCAD28D079B800E31A20 /* Provider.swift in Sources */,
				2674BC6928D0572D00E31A20 /* Complications.swift in Sources */,
			);
			runOnlyForDeploymentPostprocessing = 0;
		};
		2674BC7528D0596500E31A20 /* Sources */ = {
			isa = PBXSourcesBuildPhase;
			buildActionMask = 2147483647;
			files = (
				2674BC9D28D064F200E31A20 /* AppState.swift in Sources */,
				269687A528D3B5F8002142BF /* PriceLimits.swift in Sources */,
				2674BC9028D0598E00E31A20 /* PricePoint.swift in Sources */,
				2674BCB428D0872800E31A20 /* FormattingStyle.swift in Sources */,
				2674BCAF28D086E500E31A20 /* PriceFormatter.swift in Sources */,
				2674BC7D28D0596500E31A20 /* EPWatchCore.docc in Sources */,
				2674BCA228D0656800E31A20 /* AppStorageCodable.swift in Sources */,
				2674BCA028D0654A00E31A20 /* DayAheadPrices.swift in Sources */,
				2696883628D4804A002142BF /* PriceAreaSettingsView.swift in Sources */,
				2674BCB128D0870300E31A20 /* DateIntervalFormatter.swift in Sources */,
				2674BCA128D0654A00E31A20 /* PricesAPI.swift in Sources */,
				2696879728D26A3D002142BF /* PriceRange.swift in Sources */,
				269687A928D452CB002142BF /* PriceChartView.swift in Sources */,
				2674BCA328D0657B00E31A20 /* Log.swift in Sources */,
				2674BCA428D0657B00E31A20 /* Error.swift in Sources */,
				2696879528D2021C002142BF /* Regions.swift in Sources */,
				2674BC9F28D0654300E31A20 /* ForexAPI.swift in Sources */,
				2696879E28D3A2C8002142BF /* UserDefaults+AppGroup.swift in Sources */,
			);
			runOnlyForDeploymentPostprocessing = 0;
		};
		2674BC7E28D0596500E31A20 /* Sources */ = {
			isa = PBXSourcesBuildPhase;
			buildActionMask = 2147483647;
			files = (
				2674BC8828D0596500E31A20 /* EPWatchCoreTests.swift in Sources */,
			);
			runOnlyForDeploymentPostprocessing = 0;
		};
		2696881028D477EC002142BF /* Sources */ = {
			isa = PBXSourcesBuildPhase;
			buildActionMask = 2147483647;
			files = (
				2696881928D477ED002142BF /* ContentView.swift in Sources */,
				2696883428D4801F002142BF /* SettingsView.swift in Sources */,
				2696881728D477ED002142BF /* EPWatchApp.swift in Sources */,
				2696883128D47C4B002142BF /* PriceView.swift in Sources */,
			);
			runOnlyForDeploymentPostprocessing = 0;
		};
/* End PBXSourcesBuildPhase section */

/* Begin PBXTargetDependency section */
		2674BC6E28D0572E00E31A20 /* PBXTargetDependency */ = {
			isa = PBXTargetDependency;
			target = 2674BC6128D0572D00E31A20 /* EPWatchKitAppExtension */;
			targetProxy = 2674BC6D28D0572E00E31A20 /* PBXContainerItemProxy */;
		};
		2674BC8528D0596500E31A20 /* PBXTargetDependency */ = {
			isa = PBXTargetDependency;
			target = 2674BC7828D0596500E31A20 /* EPWatchCore */;
			targetProxy = 2674BC8428D0596500E31A20 /* PBXContainerItemProxy */;
		};
		2674BC9428D059A400E31A20 /* PBXTargetDependency */ = {
			isa = PBXTargetDependency;
			target = 2674BC7828D0596500E31A20 /* EPWatchCore */;
			targetProxy = 2674BC9328D059A400E31A20 /* PBXContainerItemProxy */;
		};
		2674BC9928D05A4C00E31A20 /* PBXTargetDependency */ = {
			isa = PBXTargetDependency;
			target = 2674BC7828D0596500E31A20 /* EPWatchCore */;
			targetProxy = 2674BC9828D05A4C00E31A20 /* PBXContainerItemProxy */;
		};
		2690400B28D5DA4100A823F5 /* PBXTargetDependency */ = {
			isa = PBXTargetDependency;
			target = 261FC18E28B7771F007B4A4E /* EPWatchKitApp */;
			targetProxy = 2690400A28D5DA4100A823F5 /* PBXContainerItemProxy */;
		};
		2696882E28D478C3002142BF /* PBXTargetDependency */ = {
			isa = PBXTargetDependency;
			target = 2674BC7828D0596500E31A20 /* EPWatchCore */;
			targetProxy = 2696882D28D478C3002142BF /* PBXContainerItemProxy */;
		};
/* End PBXTargetDependency section */

/* Begin XCBuildConfiguration section */
		261FC1B028B77721007B4A4E /* Debug */ = {
			isa = XCBuildConfiguration;
			buildSettings = {
				ALWAYS_SEARCH_USER_PATHS = NO;
				CLANG_ANALYZER_NONNULL = YES;
				CLANG_ANALYZER_NUMBER_OBJECT_CONVERSION = YES_AGGRESSIVE;
				CLANG_CXX_LANGUAGE_STANDARD = "gnu++20";
				CLANG_ENABLE_MODULES = YES;
				CLANG_ENABLE_OBJC_ARC = YES;
				CLANG_ENABLE_OBJC_WEAK = YES;
				CLANG_WARN_BLOCK_CAPTURE_AUTORELEASING = YES;
				CLANG_WARN_BOOL_CONVERSION = YES;
				CLANG_WARN_COMMA = YES;
				CLANG_WARN_CONSTANT_CONVERSION = YES;
				CLANG_WARN_DEPRECATED_OBJC_IMPLEMENTATIONS = YES;
				CLANG_WARN_DIRECT_OBJC_ISA_USAGE = YES_ERROR;
				CLANG_WARN_DOCUMENTATION_COMMENTS = YES;
				CLANG_WARN_EMPTY_BODY = YES;
				CLANG_WARN_ENUM_CONVERSION = YES;
				CLANG_WARN_INFINITE_RECURSION = YES;
				CLANG_WARN_INT_CONVERSION = YES;
				CLANG_WARN_NON_LITERAL_NULL_CONVERSION = YES;
				CLANG_WARN_OBJC_IMPLICIT_RETAIN_SELF = YES;
				CLANG_WARN_OBJC_LITERAL_CONVERSION = YES;
				CLANG_WARN_OBJC_ROOT_CLASS = YES_ERROR;
				CLANG_WARN_QUOTED_INCLUDE_IN_FRAMEWORK_HEADER = YES;
				CLANG_WARN_RANGE_LOOP_ANALYSIS = YES;
				CLANG_WARN_STRICT_PROTOTYPES = YES;
				CLANG_WARN_SUSPICIOUS_MOVE = YES;
				CLANG_WARN_UNGUARDED_AVAILABILITY = YES_AGGRESSIVE;
				CLANG_WARN_UNREACHABLE_CODE = YES;
				CLANG_WARN__DUPLICATE_METHOD_MATCH = YES;
				COPY_PHASE_STRIP = NO;
				DEBUG_INFORMATION_FORMAT = dwarf;
				ENABLE_STRICT_OBJC_MSGSEND = YES;
				ENABLE_TESTABILITY = YES;
				GCC_C_LANGUAGE_STANDARD = gnu11;
				GCC_DYNAMIC_NO_PIC = NO;
				GCC_NO_COMMON_BLOCKS = YES;
				GCC_OPTIMIZATION_LEVEL = 0;
				GCC_PREPROCESSOR_DEFINITIONS = (
					"DEBUG=1",
					"$(inherited)",
				);
				GCC_WARN_64_TO_32_BIT_CONVERSION = YES;
				GCC_WARN_ABOUT_RETURN_TYPE = YES_ERROR;
				GCC_WARN_UNDECLARED_SELECTOR = YES;
				GCC_WARN_UNINITIALIZED_AUTOS = YES_AGGRESSIVE;
				GCC_WARN_UNUSED_FUNCTION = YES;
				GCC_WARN_UNUSED_VARIABLE = YES;
				IPHONEOS_DEPLOYMENT_TARGET = 16.0;
				MTL_ENABLE_DEBUG_INFO = INCLUDE_SOURCE;
				MTL_FAST_MATH = YES;
				ONLY_ACTIVE_ARCH = YES;
				SDKROOT = iphoneos;
				SWIFT_ACTIVE_COMPILATION_CONDITIONS = DEBUG;
				SWIFT_OPTIMIZATION_LEVEL = "-Onone";
				WATCHOS_DEPLOYMENT_TARGET = 9.0;
			};
			name = Debug;
		};
		261FC1B128B77721007B4A4E /* Release */ = {
			isa = XCBuildConfiguration;
			buildSettings = {
				ALWAYS_SEARCH_USER_PATHS = NO;
				CLANG_ANALYZER_NONNULL = YES;
				CLANG_ANALYZER_NUMBER_OBJECT_CONVERSION = YES_AGGRESSIVE;
				CLANG_CXX_LANGUAGE_STANDARD = "gnu++20";
				CLANG_ENABLE_MODULES = YES;
				CLANG_ENABLE_OBJC_ARC = YES;
				CLANG_ENABLE_OBJC_WEAK = YES;
				CLANG_WARN_BLOCK_CAPTURE_AUTORELEASING = YES;
				CLANG_WARN_BOOL_CONVERSION = YES;
				CLANG_WARN_COMMA = YES;
				CLANG_WARN_CONSTANT_CONVERSION = YES;
				CLANG_WARN_DEPRECATED_OBJC_IMPLEMENTATIONS = YES;
				CLANG_WARN_DIRECT_OBJC_ISA_USAGE = YES_ERROR;
				CLANG_WARN_DOCUMENTATION_COMMENTS = YES;
				CLANG_WARN_EMPTY_BODY = YES;
				CLANG_WARN_ENUM_CONVERSION = YES;
				CLANG_WARN_INFINITE_RECURSION = YES;
				CLANG_WARN_INT_CONVERSION = YES;
				CLANG_WARN_NON_LITERAL_NULL_CONVERSION = YES;
				CLANG_WARN_OBJC_IMPLICIT_RETAIN_SELF = YES;
				CLANG_WARN_OBJC_LITERAL_CONVERSION = YES;
				CLANG_WARN_OBJC_ROOT_CLASS = YES_ERROR;
				CLANG_WARN_QUOTED_INCLUDE_IN_FRAMEWORK_HEADER = YES;
				CLANG_WARN_RANGE_LOOP_ANALYSIS = YES;
				CLANG_WARN_STRICT_PROTOTYPES = YES;
				CLANG_WARN_SUSPICIOUS_MOVE = YES;
				CLANG_WARN_UNGUARDED_AVAILABILITY = YES_AGGRESSIVE;
				CLANG_WARN_UNREACHABLE_CODE = YES;
				CLANG_WARN__DUPLICATE_METHOD_MATCH = YES;
				COPY_PHASE_STRIP = NO;
				DEBUG_INFORMATION_FORMAT = "dwarf-with-dsym";
				ENABLE_NS_ASSERTIONS = NO;
				ENABLE_STRICT_OBJC_MSGSEND = YES;
				GCC_C_LANGUAGE_STANDARD = gnu11;
				GCC_NO_COMMON_BLOCKS = YES;
				GCC_WARN_64_TO_32_BIT_CONVERSION = YES;
				GCC_WARN_ABOUT_RETURN_TYPE = YES_ERROR;
				GCC_WARN_UNDECLARED_SELECTOR = YES;
				GCC_WARN_UNINITIALIZED_AUTOS = YES_AGGRESSIVE;
				GCC_WARN_UNUSED_FUNCTION = YES;
				GCC_WARN_UNUSED_VARIABLE = YES;
				IPHONEOS_DEPLOYMENT_TARGET = 16.0;
				MTL_ENABLE_DEBUG_INFO = NO;
				MTL_FAST_MATH = YES;
				SDKROOT = iphoneos;
				SWIFT_COMPILATION_MODE = wholemodule;
				SWIFT_OPTIMIZATION_LEVEL = "-O";
				VALIDATE_PRODUCT = YES;
				WATCHOS_DEPLOYMENT_TARGET = 9.0;
			};
			name = Release;
		};
		261FC1B728B77721007B4A4E /* Debug */ = {
			isa = XCBuildConfiguration;
			buildSettings = {
				ASSETCATALOG_COMPILER_APPICON_NAME = AppIcon;
				ASSETCATALOG_COMPILER_COMPLICATION_NAME = Complication;
				ASSETCATALOG_COMPILER_GLOBAL_ACCENT_COLOR_NAME = AccentColor;
				CODE_SIGN_ENTITLEMENTS = EPWatchKitApp/Resources/EPWatchKitApp.entitlements;
				CODE_SIGN_STYLE = Automatic;
				CURRENT_PROJECT_VERSION = 1;
				DEVELOPMENT_TEAM = MDUSC5XAF4;
				GENERATE_INFOPLIST_FILE = YES;
				INFOPLIST_FILE = EPWatchKitApp/Resources/Info.plist;
				INFOPLIST_KEY_CFBundleDisplayName = EPWatch;
				INFOPLIST_KEY_NSHumanReadableCopyright = "";
				INFOPLIST_KEY_UISupportedInterfaceOrientations = "UIInterfaceOrientationPortrait UIInterfaceOrientationPortraitUpsideDown";
				INFOPLIST_KEY_WKCompanionAppBundleIdentifier = se.j0nas.EPWatch;
				LD_RUNPATH_SEARCH_PATHS = (
					"@executable_path/Frameworks",
					"@executable_path/../../Frameworks",
				);
				MARKETING_VERSION = 1.0;
				PRODUCT_BUNDLE_IDENTIFIER = se.j0nas.EPWatch.watchkitapp;
				PRODUCT_NAME = "$(TARGET_NAME)";
				SDKROOT = watchos;
				SKIP_INSTALL = YES;
				SWIFT_EMIT_LOC_STRINGS = YES;
				SWIFT_VERSION = 5.0;
				TARGETED_DEVICE_FAMILY = 4;
				WATCHOS_DEPLOYMENT_TARGET = 9.0;
			};
			name = Debug;
		};
		261FC1B828B77721007B4A4E /* Release */ = {
			isa = XCBuildConfiguration;
			buildSettings = {
				ASSETCATALOG_COMPILER_APPICON_NAME = AppIcon;
				ASSETCATALOG_COMPILER_COMPLICATION_NAME = Complication;
				ASSETCATALOG_COMPILER_GLOBAL_ACCENT_COLOR_NAME = AccentColor;
				CODE_SIGN_ENTITLEMENTS = EPWatchKitApp/Resources/EPWatchKitApp.entitlements;
				CODE_SIGN_STYLE = Automatic;
				CURRENT_PROJECT_VERSION = 1;
				DEVELOPMENT_TEAM = MDUSC5XAF4;
				GENERATE_INFOPLIST_FILE = YES;
				INFOPLIST_FILE = EPWatchKitApp/Resources/Info.plist;
				INFOPLIST_KEY_CFBundleDisplayName = EPWatch;
				INFOPLIST_KEY_NSHumanReadableCopyright = "";
				INFOPLIST_KEY_UISupportedInterfaceOrientations = "UIInterfaceOrientationPortrait UIInterfaceOrientationPortraitUpsideDown";
				INFOPLIST_KEY_WKCompanionAppBundleIdentifier = se.j0nas.EPWatch;
				LD_RUNPATH_SEARCH_PATHS = (
					"@executable_path/Frameworks",
					"@executable_path/../../Frameworks",
				);
				MARKETING_VERSION = 1.0;
				PRODUCT_BUNDLE_IDENTIFIER = se.j0nas.EPWatch.watchkitapp;
				PRODUCT_NAME = "$(TARGET_NAME)";
				SDKROOT = watchos;
				SKIP_INSTALL = YES;
				SWIFT_EMIT_LOC_STRINGS = YES;
				SWIFT_VERSION = 5.0;
				TARGETED_DEVICE_FAMILY = 4;
				WATCHOS_DEPLOYMENT_TARGET = 9.0;
			};
			name = Release;
		};
		2674BC7128D0572E00E31A20 /* Debug */ = {
			isa = XCBuildConfiguration;
			buildSettings = {
				ASSETCATALOG_COMPILER_GLOBAL_ACCENT_COLOR_NAME = AccentColor;
				ASSETCATALOG_COMPILER_WIDGET_BACKGROUND_COLOR_NAME = WidgetBackground;
				CLANG_CXX_LANGUAGE_STANDARD = "gnu++20";
				CODE_SIGN_ENTITLEMENTS = EPWatchKitAppExtension/Resources/EPWatchKitAppExtension.entitlements;
				CODE_SIGN_STYLE = Automatic;
				CURRENT_PROJECT_VERSION = 1;
				DEVELOPMENT_TEAM = MDUSC5XAF4;
				GENERATE_INFOPLIST_FILE = YES;
				INFOPLIST_FILE = EPWatchKitAppExtension/Resources/Info.plist;
				INFOPLIST_KEY_CFBundleDisplayName = EPWatch;
				INFOPLIST_KEY_NSHumanReadableCopyright = "";
				LD_RUNPATH_SEARCH_PATHS = (
					"$(inherited)",
					"@executable_path/Frameworks",
					"@executable_path/../../Frameworks",
					"@executable_path/../../../../Frameworks",
				);
				MARKETING_VERSION = 1.0;
				PRODUCT_BUNDLE_IDENTIFIER = se.j0nas.EPWatch.watchkitapp.extension;
				PRODUCT_NAME = "$(TARGET_NAME)";
				SDKROOT = watchos;
				SKIP_INSTALL = YES;
				SWIFT_EMIT_LOC_STRINGS = YES;
				SWIFT_VERSION = 5.0;
				TARGETED_DEVICE_FAMILY = 4;
				WATCHOS_DEPLOYMENT_TARGET = 9.0;
			};
			name = Debug;
		};
		2674BC7228D0572E00E31A20 /* Release */ = {
			isa = XCBuildConfiguration;
			buildSettings = {
				ASSETCATALOG_COMPILER_GLOBAL_ACCENT_COLOR_NAME = AccentColor;
				ASSETCATALOG_COMPILER_WIDGET_BACKGROUND_COLOR_NAME = WidgetBackground;
				CLANG_CXX_LANGUAGE_STANDARD = "gnu++20";
				CODE_SIGN_ENTITLEMENTS = EPWatchKitAppExtension/Resources/EPWatchKitAppExtension.entitlements;
				CODE_SIGN_STYLE = Automatic;
				CURRENT_PROJECT_VERSION = 1;
				DEVELOPMENT_TEAM = MDUSC5XAF4;
				GENERATE_INFOPLIST_FILE = YES;
				INFOPLIST_FILE = EPWatchKitAppExtension/Resources/Info.plist;
				INFOPLIST_KEY_CFBundleDisplayName = EPWatch;
				INFOPLIST_KEY_NSHumanReadableCopyright = "";
				LD_RUNPATH_SEARCH_PATHS = (
					"$(inherited)",
					"@executable_path/Frameworks",
					"@executable_path/../../Frameworks",
					"@executable_path/../../../../Frameworks",
				);
				MARKETING_VERSION = 1.0;
				PRODUCT_BUNDLE_IDENTIFIER = se.j0nas.EPWatch.watchkitapp.extension;
				PRODUCT_NAME = "$(TARGET_NAME)";
				SDKROOT = watchos;
				SKIP_INSTALL = YES;
				SWIFT_EMIT_LOC_STRINGS = YES;
				SWIFT_VERSION = 5.0;
				TARGETED_DEVICE_FAMILY = 4;
				WATCHOS_DEPLOYMENT_TARGET = 9.0;
			};
			name = Release;
		};
		2674BC8B28D0596500E31A20 /* Debug */ = {
			isa = XCBuildConfiguration;
			buildSettings = {
				APPLICATION_EXTENSION_API_ONLY = YES;
				CLANG_CXX_LANGUAGE_STANDARD = "gnu++20";
				CODE_SIGN_STYLE = Automatic;
				CURRENT_PROJECT_VERSION = 1;
				DEFINES_MODULE = YES;
				DEVELOPMENT_TEAM = MDUSC5XAF4;
				DYLIB_COMPATIBILITY_VERSION = 1;
				DYLIB_CURRENT_VERSION = 1;
				DYLIB_INSTALL_NAME_BASE = "@rpath";
				GENERATE_INFOPLIST_FILE = YES;
				INFOPLIST_KEY_NSHumanReadableCopyright = "";
				INSTALL_PATH = "$(LOCAL_LIBRARY_DIR)/Frameworks";
				LD_RUNPATH_SEARCH_PATHS = (
					"$(inherited)",
					"@executable_path/Frameworks",
					"@loader_path/Frameworks",
				);
				MARKETING_VERSION = 1.0;
				PRODUCT_BUNDLE_IDENTIFIER = se.j0nas.EPWatchCore;
				PRODUCT_NAME = "$(TARGET_NAME:c99extidentifier)";
				SDKROOT = auto;
				SKIP_INSTALL = YES;
				SUPPORTED_PLATFORMS = "iphoneos iphonesimulator watchos watchsimulator";
				SUPPORTS_MACCATALYST = NO;
				SUPPORTS_MAC_DESIGNED_FOR_IPHONE_IPAD = NO;
				SWIFT_EMIT_LOC_STRINGS = YES;
				SWIFT_VERSION = 5.0;
				TARGETED_DEVICE_FAMILY = "1,2,4";
				VERSIONING_SYSTEM = "apple-generic";
				VERSION_INFO_PREFIX = "";
			};
			name = Debug;
		};
		2674BC8C28D0596500E31A20 /* Release */ = {
			isa = XCBuildConfiguration;
			buildSettings = {
				APPLICATION_EXTENSION_API_ONLY = YES;
				CLANG_CXX_LANGUAGE_STANDARD = "gnu++20";
				CODE_SIGN_STYLE = Automatic;
				CURRENT_PROJECT_VERSION = 1;
				DEFINES_MODULE = YES;
				DEVELOPMENT_TEAM = MDUSC5XAF4;
				DYLIB_COMPATIBILITY_VERSION = 1;
				DYLIB_CURRENT_VERSION = 1;
				DYLIB_INSTALL_NAME_BASE = "@rpath";
				GENERATE_INFOPLIST_FILE = YES;
				INFOPLIST_KEY_NSHumanReadableCopyright = "";
				INSTALL_PATH = "$(LOCAL_LIBRARY_DIR)/Frameworks";
				LD_RUNPATH_SEARCH_PATHS = (
					"$(inherited)",
					"@executable_path/Frameworks",
					"@loader_path/Frameworks",
				);
				MARKETING_VERSION = 1.0;
				PRODUCT_BUNDLE_IDENTIFIER = se.j0nas.EPWatchCore;
				PRODUCT_NAME = "$(TARGET_NAME:c99extidentifier)";
				SDKROOT = auto;
				SKIP_INSTALL = YES;
				SUPPORTED_PLATFORMS = "iphoneos iphonesimulator watchos watchsimulator";
				SUPPORTS_MACCATALYST = NO;
				SUPPORTS_MAC_DESIGNED_FOR_IPHONE_IPAD = NO;
				SWIFT_EMIT_LOC_STRINGS = YES;
				SWIFT_VERSION = 5.0;
				TARGETED_DEVICE_FAMILY = "1,2,4";
				VERSIONING_SYSTEM = "apple-generic";
				VERSION_INFO_PREFIX = "";
			};
			name = Release;
		};
		2674BC8E28D0596500E31A20 /* Debug */ = {
			isa = XCBuildConfiguration;
			buildSettings = {
				ALWAYS_EMBED_SWIFT_STANDARD_LIBRARIES = YES;
				CLANG_CXX_LANGUAGE_STANDARD = "gnu++20";
				CODE_SIGN_STYLE = Automatic;
				CURRENT_PROJECT_VERSION = 1;
				DEVELOPMENT_TEAM = MDUSC5XAF4;
				GENERATE_INFOPLIST_FILE = YES;
				MARKETING_VERSION = 1.0;
				PRODUCT_BUNDLE_IDENTIFIER = se.j0nas.EPWatchCoreTests;
				PRODUCT_NAME = "$(TARGET_NAME)";
				SDKROOT = watchos;
				SWIFT_EMIT_LOC_STRINGS = NO;
				SWIFT_VERSION = 5.0;
				TARGETED_DEVICE_FAMILY = 4;
				WATCHOS_DEPLOYMENT_TARGET = 9.0;
			};
			name = Debug;
		};
		2674BC8F28D0596500E31A20 /* Release */ = {
			isa = XCBuildConfiguration;
			buildSettings = {
				ALWAYS_EMBED_SWIFT_STANDARD_LIBRARIES = YES;
				CLANG_CXX_LANGUAGE_STANDARD = "gnu++20";
				CODE_SIGN_STYLE = Automatic;
				CURRENT_PROJECT_VERSION = 1;
				DEVELOPMENT_TEAM = MDUSC5XAF4;
				GENERATE_INFOPLIST_FILE = YES;
				MARKETING_VERSION = 1.0;
				PRODUCT_BUNDLE_IDENTIFIER = se.j0nas.EPWatchCoreTests;
				PRODUCT_NAME = "$(TARGET_NAME)";
				SDKROOT = watchos;
				SWIFT_EMIT_LOC_STRINGS = NO;
				SWIFT_VERSION = 5.0;
				TARGETED_DEVICE_FAMILY = 4;
				WATCHOS_DEPLOYMENT_TARGET = 9.0;
			};
			name = Release;
		};
		2696882028D477EE002142BF /* Debug */ = {
			isa = XCBuildConfiguration;
			buildSettings = {
				ALWAYS_EMBED_SWIFT_STANDARD_LIBRARIES = YES;
				ASSETCATALOG_COMPILER_APPICON_NAME = AppIcon;
				ASSETCATALOG_COMPILER_GLOBAL_ACCENT_COLOR_NAME = AccentColor;
				CODE_SIGN_ENTITLEMENTS = EPWatch/Resources/EPWatch.entitlements;
				CODE_SIGN_STYLE = Automatic;
				CURRENT_PROJECT_VERSION = 1;
				DEVELOPMENT_ASSET_PATHS = "\"EPWatch/Preview Content\"";
				DEVELOPMENT_TEAM = MDUSC5XAF4;
				ENABLE_PREVIEWS = YES;
				GENERATE_INFOPLIST_FILE = YES;
				INFOPLIST_FILE = EPWatch/Resources/Info.plist;
				INFOPLIST_KEY_UIApplicationSceneManifest_Generation = YES;
				INFOPLIST_KEY_UIApplicationSupportsIndirectInputEvents = YES;
				INFOPLIST_KEY_UILaunchScreen_Generation = YES;
				INFOPLIST_KEY_UISupportedInterfaceOrientations_iPad = "UIInterfaceOrientationPortrait UIInterfaceOrientationPortraitUpsideDown UIInterfaceOrientationLandscapeLeft UIInterfaceOrientationLandscapeRight";
				INFOPLIST_KEY_UISupportedInterfaceOrientations_iPhone = "UIInterfaceOrientationPortrait UIInterfaceOrientationLandscapeLeft UIInterfaceOrientationLandscapeRight";
				LD_RUNPATH_SEARCH_PATHS = (
					"$(inherited)",
					"@executable_path/Frameworks",
				);
				MARKETING_VERSION = 1.0;
				PRODUCT_BUNDLE_IDENTIFIER = se.j0nas.EPWatch;
				PRODUCT_NAME = "$(TARGET_NAME)";
				SUPPORTED_PLATFORMS = "iphoneos iphonesimulator";
				SUPPORTS_MACCATALYST = NO;
				SUPPORTS_MAC_DESIGNED_FOR_IPHONE_IPAD = NO;
				SWIFT_EMIT_LOC_STRINGS = YES;
				SWIFT_VERSION = 5.0;
				TARGETED_DEVICE_FAMILY = "1,2";
			};
			name = Debug;
		};
		2696882128D477EE002142BF /* Release */ = {
			isa = XCBuildConfiguration;
			buildSettings = {
				ALWAYS_EMBED_SWIFT_STANDARD_LIBRARIES = YES;
				ASSETCATALOG_COMPILER_APPICON_NAME = AppIcon;
				ASSETCATALOG_COMPILER_GLOBAL_ACCENT_COLOR_NAME = AccentColor;
				CODE_SIGN_ENTITLEMENTS = EPWatch/Resources/EPWatch.entitlements;
				CODE_SIGN_STYLE = Automatic;
				CURRENT_PROJECT_VERSION = 1;
				DEVELOPMENT_ASSET_PATHS = "\"EPWatch/Preview Content\"";
				DEVELOPMENT_TEAM = MDUSC5XAF4;
				ENABLE_PREVIEWS = YES;
				GENERATE_INFOPLIST_FILE = YES;
				INFOPLIST_FILE = EPWatch/Resources/Info.plist;
				INFOPLIST_KEY_UIApplicationSceneManifest_Generation = YES;
				INFOPLIST_KEY_UIApplicationSupportsIndirectInputEvents = YES;
				INFOPLIST_KEY_UILaunchScreen_Generation = YES;
				INFOPLIST_KEY_UISupportedInterfaceOrientations_iPad = "UIInterfaceOrientationPortrait UIInterfaceOrientationPortraitUpsideDown UIInterfaceOrientationLandscapeLeft UIInterfaceOrientationLandscapeRight";
				INFOPLIST_KEY_UISupportedInterfaceOrientations_iPhone = "UIInterfaceOrientationPortrait UIInterfaceOrientationLandscapeLeft UIInterfaceOrientationLandscapeRight";
				LD_RUNPATH_SEARCH_PATHS = (
					"$(inherited)",
					"@executable_path/Frameworks",
				);
				MARKETING_VERSION = 1.0;
				PRODUCT_BUNDLE_IDENTIFIER = se.j0nas.EPWatch;
				PRODUCT_NAME = "$(TARGET_NAME)";
				SUPPORTED_PLATFORMS = "iphoneos iphonesimulator";
				SUPPORTS_MACCATALYST = NO;
				SUPPORTS_MAC_DESIGNED_FOR_IPHONE_IPAD = NO;
				SWIFT_EMIT_LOC_STRINGS = YES;
				SWIFT_VERSION = 5.0;
				TARGETED_DEVICE_FAMILY = "1,2";
			};
			name = Release;
		};
/* End XCBuildConfiguration section */

/* Begin XCConfigurationList section */
		261FC18828B7771F007B4A4E /* Build configuration list for PBXProject "EPWatch" */ = {
			isa = XCConfigurationList;
			buildConfigurations = (
				261FC1B028B77721007B4A4E /* Debug */,
				261FC1B128B77721007B4A4E /* Release */,
			);
			defaultConfigurationIsVisible = 0;
			defaultConfigurationName = Release;
		};
		261FC1B628B77721007B4A4E /* Build configuration list for PBXNativeTarget "EPWatchKitApp" */ = {
			isa = XCConfigurationList;
			buildConfigurations = (
				261FC1B728B77721007B4A4E /* Debug */,
				261FC1B828B77721007B4A4E /* Release */,
			);
			defaultConfigurationIsVisible = 0;
			defaultConfigurationName = Release;
		};
		2674BC7328D0572E00E31A20 /* Build configuration list for PBXNativeTarget "EPWatchKitAppExtension" */ = {
			isa = XCConfigurationList;
			buildConfigurations = (
				2674BC7128D0572E00E31A20 /* Debug */,
				2674BC7228D0572E00E31A20 /* Release */,
			);
			defaultConfigurationIsVisible = 0;
			defaultConfigurationName = Release;
		};
		2674BC8A28D0596500E31A20 /* Build configuration list for PBXNativeTarget "EPWatchCore" */ = {
			isa = XCConfigurationList;
			buildConfigurations = (
				2674BC8B28D0596500E31A20 /* Debug */,
				2674BC8C28D0596500E31A20 /* Release */,
			);
			defaultConfigurationIsVisible = 0;
			defaultConfigurationName = Release;
		};
		2674BC8D28D0596500E31A20 /* Build configuration list for PBXNativeTarget "EPWatchCoreTests" */ = {
			isa = XCConfigurationList;
			buildConfigurations = (
				2674BC8E28D0596500E31A20 /* Debug */,
				2674BC8F28D0596500E31A20 /* Release */,
			);
			defaultConfigurationIsVisible = 0;
			defaultConfigurationName = Release;
		};
		2696881F28D477EE002142BF /* Build configuration list for PBXNativeTarget "EPWatch" */ = {
			isa = XCConfigurationList;
			buildConfigurations = (
				2696882028D477EE002142BF /* Debug */,
				2696882128D477EE002142BF /* Release */,
			);
			defaultConfigurationIsVisible = 0;
			defaultConfigurationName = Release;
		};
/* End XCConfigurationList section */

/* Begin XCRemoteSwiftPackageReference section */
		26624AEB28C8F18C000F7E2E /* XCRemoteSwiftPackageReference "SwiftDate" */ = {
			isa = XCRemoteSwiftPackageReference;
			repositoryURL = "https://github.com/malcommac/SwiftDate.git";
			requirement = {
				kind = upToNextMajorVersion;
				minimumVersion = 6.0.0;
			};
		};
		268B811028CE6B1600115BDC /* XCRemoteSwiftPackageReference "Alamofire" */ = {
			isa = XCRemoteSwiftPackageReference;
			repositoryURL = "https://github.com/Alamofire/Alamofire.git";
			requirement = {
				kind = upToNextMajorVersion;
				minimumVersion = 5.0.0;
			};
		};
		26C71B0828C145EA00C2DC59 /* XCRemoteSwiftPackageReference "XMLCoder" */ = {
			isa = XCRemoteSwiftPackageReference;
			repositoryURL = "https://github.com/CoreOffice/XMLCoder.git";
			requirement = {
				kind = upToNextMajorVersion;
				minimumVersion = 0.9.0;
			};
		};
/* End XCRemoteSwiftPackageReference section */

/* Begin XCSwiftPackageProductDependency section */
		2674BC9B28D05A8300E31A20 /* SwiftDate */ = {
			isa = XCSwiftPackageProductDependency;
			package = 26624AEB28C8F18C000F7E2E /* XCRemoteSwiftPackageReference "SwiftDate" */;
			productName = SwiftDate;
		};
		2674BCA528D065ED00E31A20 /* Alamofire */ = {
			isa = XCSwiftPackageProductDependency;
			package = 268B811028CE6B1600115BDC /* XCRemoteSwiftPackageReference "Alamofire" */;
			productName = Alamofire;
		};
		2674BCA728D0660600E31A20 /* XMLCoder */ = {
			isa = XCSwiftPackageProductDependency;
			package = 26C71B0828C145EA00C2DC59 /* XCRemoteSwiftPackageReference "XMLCoder" */;
			productName = XMLCoder;
		};
		2690400128D4848A00A823F5 /* SwiftDate */ = {
			isa = XCSwiftPackageProductDependency;
			package = 26624AEB28C8F18C000F7E2E /* XCRemoteSwiftPackageReference "SwiftDate" */;
			productName = SwiftDate;
		};
		2696882528D478C3002142BF /* XMLCoder */ = {
			isa = XCSwiftPackageProductDependency;
			package = 26C71B0828C145EA00C2DC59 /* XCRemoteSwiftPackageReference "XMLCoder" */;
			productName = XMLCoder;
		};
		2696882728D478C3002142BF /* SwiftDate */ = {
			isa = XCSwiftPackageProductDependency;
			package = 26624AEB28C8F18C000F7E2E /* XCRemoteSwiftPackageReference "SwiftDate" */;
			productName = SwiftDate;
		};
		2696882928D478C3002142BF /* Alamofire */ = {
			isa = XCSwiftPackageProductDependency;
			package = 268B811028CE6B1600115BDC /* XCRemoteSwiftPackageReference "Alamofire" */;
			productName = Alamofire;
		};
/* End XCSwiftPackageProductDependency section */
	};
	rootObject = 261FC18528B7771F007B4A4E /* Project object */;
}
