// !$*UTF8*$!
{
	archiveVersion = 1;
	classes = {
	};
	objectVersion = 55;
	objects = {

/* Begin PBXBuildFile section */
		261FC19028B7771F007B4A4E /* EPWatchWatchKitApp.app in Embed Watch Content */ = {isa = PBXBuildFile; fileRef = 261FC18F28B7771F007B4A4E /* EPWatchWatchKitApp.app */; settings = {ATTRIBUTES = (RemoveHeadersOnCopy, ); }; };
		261FC19528B77720007B4A4E /* Assets.xcassets in Resources */ = {isa = PBXBuildFile; fileRef = 261FC19428B77720007B4A4E /* Assets.xcassets */; };
		261FC1A028B77720007B4A4E /* EPWatchApp.swift in Sources */ = {isa = PBXBuildFile; fileRef = 261FC19F28B77720007B4A4E /* EPWatchApp.swift */; };
		261FC1A228B77720007B4A4E /* ContentView.swift in Sources */ = {isa = PBXBuildFile; fileRef = 261FC1A128B77720007B4A4E /* ContentView.swift */; };
		261FC1A428B77720007B4A4E /* NotificationController.swift in Sources */ = {isa = PBXBuildFile; fileRef = 261FC1A328B77720007B4A4E /* NotificationController.swift */; };
		261FC1A628B77720007B4A4E /* NotificationView.swift in Sources */ = {isa = PBXBuildFile; fileRef = 261FC1A528B77720007B4A4E /* NotificationView.swift */; };
		261FC1A828B77720007B4A4E /* ComplicationController.swift in Sources */ = {isa = PBXBuildFile; fileRef = 261FC1A728B77720007B4A4E /* ComplicationController.swift */; };
		261FC1AD28B77721007B4A4E /* Preview Assets.xcassets in Resources */ = {isa = PBXBuildFile; fileRef = 261FC1AC28B77721007B4A4E /* Preview Assets.xcassets */; };
		2674BC6428D0572D00E31A20 /* WidgetKit.framework in Frameworks */ = {isa = PBXBuildFile; fileRef = 2674BC6328D0572D00E31A20 /* WidgetKit.framework */; };
		2674BC6628D0572D00E31A20 /* SwiftUI.framework in Frameworks */ = {isa = PBXBuildFile; fileRef = 2674BC6528D0572D00E31A20 /* SwiftUI.framework */; };
		2674BC6928D0572D00E31A20 /* EPWatch_Complications.swift in Sources */ = {isa = PBXBuildFile; fileRef = 2674BC6828D0572D00E31A20 /* EPWatch_Complications.swift */; };
		2674BC6B28D0572E00E31A20 /* Assets.xcassets in Resources */ = {isa = PBXBuildFile; fileRef = 2674BC6A28D0572E00E31A20 /* Assets.xcassets */; };
		2674BC6F28D0572E00E31A20 /* EPWatchComplicationsExtension.appex in Embed Foundation Extensions */ = {isa = PBXBuildFile; fileRef = 2674BC6228D0572D00E31A20 /* EPWatchComplicationsExtension.appex */; settings = {ATTRIBUTES = (RemoveHeadersOnCopy, ); }; };
		2674BC7D28D0596500E31A20 /* EPWatchCore.docc in Sources */ = {isa = PBXBuildFile; fileRef = 2674BC7C28D0596500E31A20 /* EPWatchCore.docc */; };
		2674BC8328D0596500E31A20 /* EPWatchCore.framework in Frameworks */ = {isa = PBXBuildFile; fileRef = 2674BC7928D0596500E31A20 /* EPWatchCore.framework */; };
		2674BC8828D0596500E31A20 /* EPWatchCoreTests.swift in Sources */ = {isa = PBXBuildFile; fileRef = 2674BC8728D0596500E31A20 /* EPWatchCoreTests.swift */; };
		2674BC8928D0596500E31A20 /* EPWatchCore.h in Headers */ = {isa = PBXBuildFile; fileRef = 2674BC7B28D0596500E31A20 /* EPWatchCore.h */; settings = {ATTRIBUTES = (Public, ); }; };
		2674BC9028D0598E00E31A20 /* PricePoint.swift in Sources */ = {isa = PBXBuildFile; fileRef = 26624AEF28C92D3C000F7E2E /* PricePoint.swift */; };
		2674BC9128D059A400E31A20 /* EPWatchCore.framework in Frameworks */ = {isa = PBXBuildFile; fileRef = 2674BC7928D0596500E31A20 /* EPWatchCore.framework */; };
		2674BC9228D059A400E31A20 /* EPWatchCore.framework in Embed Frameworks */ = {isa = PBXBuildFile; fileRef = 2674BC7928D0596500E31A20 /* EPWatchCore.framework */; settings = {ATTRIBUTES = (CodeSignOnCopy, RemoveHeadersOnCopy, ); }; };
		2674BC9628D05A4C00E31A20 /* EPWatchCore.framework in Frameworks */ = {isa = PBXBuildFile; fileRef = 2674BC7928D0596500E31A20 /* EPWatchCore.framework */; };
		2674BC9728D05A4C00E31A20 /* EPWatchCore.framework in Embed Frameworks */ = {isa = PBXBuildFile; fileRef = 2674BC7928D0596500E31A20 /* EPWatchCore.framework */; settings = {ATTRIBUTES = (CodeSignOnCopy, RemoveHeadersOnCopy, ); }; };
		2674BC9C28D05A8300E31A20 /* SwiftDate in Frameworks */ = {isa = PBXBuildFile; productRef = 2674BC9B28D05A8300E31A20 /* SwiftDate */; };
		2674BC9D28D064F200E31A20 /* AppState.swift in Sources */ = {isa = PBXBuildFile; fileRef = 26624ADE28C7DB2E000F7E2E /* AppState.swift */; };
		2674BC9F28D0654300E31A20 /* ForexAPI.swift in Sources */ = {isa = PBXBuildFile; fileRef = 26624AF128C9332F000F7E2E /* ForexAPI.swift */; };
		2674BCA028D0654A00E31A20 /* DayAheadPrices.swift in Sources */ = {isa = PBXBuildFile; fileRef = 26624AE228C7DBC1000F7E2E /* DayAheadPrices.swift */; };
		2674BCA128D0654A00E31A20 /* PricesAPI.swift in Sources */ = {isa = PBXBuildFile; fileRef = 26624AF728C93E1F000F7E2E /* PricesAPI.swift */; };
		2674BCA228D0656800E31A20 /* AppStorageCodable.swift in Sources */ = {isa = PBXBuildFile; fileRef = 26624AF328C93541000F7E2E /* AppStorageCodable.swift */; };
		2674BCA328D0657B00E31A20 /* Log.swift in Sources */ = {isa = PBXBuildFile; fileRef = 26624AE628C883C9000F7E2E /* Log.swift */; };
		2674BCA428D0657B00E31A20 /* Error.swift in Sources */ = {isa = PBXBuildFile; fileRef = 26624AE928C8EFFB000F7E2E /* Error.swift */; };
		2674BCA628D065ED00E31A20 /* Alamofire in Frameworks */ = {isa = PBXBuildFile; productRef = 2674BCA528D065ED00E31A20 /* Alamofire */; };
		2674BCA828D0660600E31A20 /* XMLCoder in Frameworks */ = {isa = PBXBuildFile; productRef = 2674BCA728D0660600E31A20 /* XMLCoder */; };
		26C71B1128C1461500C2DC59 /* EPWatch_WatchKit_ExtensionTests.swift in Sources */ = {isa = PBXBuildFile; fileRef = 26C71B1028C1461500C2DC59 /* EPWatch_WatchKit_ExtensionTests.swift */; };
		26C71B1828C1468500C2DC59 /* day-ahead-prices-1.xml in Resources */ = {isa = PBXBuildFile; fileRef = 26C71B1728C1468500C2DC59 /* day-ahead-prices-1.xml */; };
/* End PBXBuildFile section */

/* Begin PBXContainerItemProxy section */
		261FC19128B7771F007B4A4E /* PBXContainerItemProxy */ = {
			isa = PBXContainerItemProxy;
			containerPortal = 261FC18528B7771F007B4A4E /* Project object */;
			proxyType = 1;
			remoteGlobalIDString = 261FC18E28B7771F007B4A4E;
			remoteInfo = "EPWatch WatchKit App";
		};
		2674BC6D28D0572E00E31A20 /* PBXContainerItemProxy */ = {
			isa = PBXContainerItemProxy;
			containerPortal = 261FC18528B7771F007B4A4E /* Project object */;
			proxyType = 1;
			remoteGlobalIDString = 2674BC6128D0572D00E31A20;
			remoteInfo = "EPWatch ComplicationsExtension";
		};
		2674BC8428D0596500E31A20 /* PBXContainerItemProxy */ = {
			isa = PBXContainerItemProxy;
			containerPortal = 261FC18528B7771F007B4A4E /* Project object */;
			proxyType = 1;
			remoteGlobalIDString = 2674BC7828D0596500E31A20;
			remoteInfo = EPWatchCore;
		};
		2674BC9328D059A400E31A20 /* PBXContainerItemProxy */ = {
			isa = PBXContainerItemProxy;
			containerPortal = 261FC18528B7771F007B4A4E /* Project object */;
			proxyType = 1;
			remoteGlobalIDString = 2674BC7828D0596500E31A20;
			remoteInfo = EPWatchCore;
		};
		2674BC9828D05A4C00E31A20 /* PBXContainerItemProxy */ = {
			isa = PBXContainerItemProxy;
			containerPortal = 261FC18528B7771F007B4A4E /* Project object */;
			proxyType = 1;
			remoteGlobalIDString = 2674BC7828D0596500E31A20;
			remoteInfo = EPWatchCore;
		};
		2687740928CBCDF500E72C0E /* PBXContainerItemProxy */ = {
			isa = PBXContainerItemProxy;
			containerPortal = 261FC18528B7771F007B4A4E /* Project object */;
			proxyType = 1;
			remoteGlobalIDString = 261FC18E28B7771F007B4A4E;
			remoteInfo = "EPWatch WatchKit App";
		};
/* End PBXContainerItemProxy section */

/* Begin PBXCopyFilesBuildPhase section */
		261FC1B928B77721007B4A4E /* Embed Watch Content */ = {
			isa = PBXCopyFilesBuildPhase;
			buildActionMask = 2147483647;
			dstPath = "$(CONTENTS_FOLDER_PATH)/Watch";
			dstSubfolderSpec = 16;
			files = (
				261FC19028B7771F007B4A4E /* EPWatchWatchKitApp.app in Embed Watch Content */,
			);
			name = "Embed Watch Content";
			runOnlyForDeploymentPostprocessing = 0;
		};
		2674BC7028D0572E00E31A20 /* Embed Foundation Extensions */ = {
			isa = PBXCopyFilesBuildPhase;
			buildActionMask = 2147483647;
			dstPath = "";
			dstSubfolderSpec = 13;
			files = (
				2674BC6F28D0572E00E31A20 /* EPWatchComplicationsExtension.appex in Embed Foundation Extensions */,
			);
			name = "Embed Foundation Extensions";
			runOnlyForDeploymentPostprocessing = 0;
		};
		2674BC9528D059A400E31A20 /* Embed Frameworks */ = {
			isa = PBXCopyFilesBuildPhase;
			buildActionMask = 2147483647;
			dstPath = "";
			dstSubfolderSpec = 10;
			files = (
				2674BC9228D059A400E31A20 /* EPWatchCore.framework in Embed Frameworks */,
			);
			name = "Embed Frameworks";
			runOnlyForDeploymentPostprocessing = 0;
		};
		2674BC9A28D05A4C00E31A20 /* Embed Frameworks */ = {
			isa = PBXCopyFilesBuildPhase;
			buildActionMask = 2147483647;
			dstPath = "";
			dstSubfolderSpec = 10;
			files = (
				2674BC9728D05A4C00E31A20 /* EPWatchCore.framework in Embed Frameworks */,
			);
			name = "Embed Frameworks";
			runOnlyForDeploymentPostprocessing = 0;
		};
/* End PBXCopyFilesBuildPhase section */

/* Begin PBXFileReference section */
		261FC18B28B7771F007B4A4E /* EPWatch.app */ = {isa = PBXFileReference; explicitFileType = wrapper.application; includeInIndex = 0; path = EPWatch.app; sourceTree = BUILT_PRODUCTS_DIR; };
		261FC18F28B7771F007B4A4E /* EPWatchWatchKitApp.app */ = {isa = PBXFileReference; explicitFileType = wrapper.application; includeInIndex = 0; path = EPWatchWatchKitApp.app; sourceTree = BUILT_PRODUCTS_DIR; };
		261FC19428B77720007B4A4E /* Assets.xcassets */ = {isa = PBXFileReference; lastKnownFileType = folder.assetcatalog; path = Assets.xcassets; sourceTree = "<group>"; };
		261FC19F28B77720007B4A4E /* EPWatchApp.swift */ = {isa = PBXFileReference; lastKnownFileType = sourcecode.swift; path = EPWatchApp.swift; sourceTree = "<group>"; };
		261FC1A128B77720007B4A4E /* ContentView.swift */ = {isa = PBXFileReference; lastKnownFileType = sourcecode.swift; path = ContentView.swift; sourceTree = "<group>"; };
		261FC1A328B77720007B4A4E /* NotificationController.swift */ = {isa = PBXFileReference; lastKnownFileType = sourcecode.swift; path = NotificationController.swift; sourceTree = "<group>"; };
		261FC1A528B77720007B4A4E /* NotificationView.swift */ = {isa = PBXFileReference; lastKnownFileType = sourcecode.swift; path = NotificationView.swift; sourceTree = "<group>"; };
		261FC1A728B77720007B4A4E /* ComplicationController.swift */ = {isa = PBXFileReference; lastKnownFileType = sourcecode.swift; path = ComplicationController.swift; sourceTree = "<group>"; };
		261FC1AC28B77721007B4A4E /* Preview Assets.xcassets */ = {isa = PBXFileReference; lastKnownFileType = folder.assetcatalog; path = "Preview Assets.xcassets"; sourceTree = "<group>"; };
		261FC1AF28B77721007B4A4E /* PushNotificationPayload.apns */ = {isa = PBXFileReference; lastKnownFileType = text; path = PushNotificationPayload.apns; sourceTree = "<group>"; };
		26624ADE28C7DB2E000F7E2E /* AppState.swift */ = {isa = PBXFileReference; lastKnownFileType = sourcecode.swift; path = AppState.swift; sourceTree = "<group>"; };
		26624AE228C7DBC1000F7E2E /* DayAheadPrices.swift */ = {isa = PBXFileReference; lastKnownFileType = sourcecode.swift; path = DayAheadPrices.swift; sourceTree = "<group>"; };
		26624AE628C883C9000F7E2E /* Log.swift */ = {isa = PBXFileReference; fileEncoding = 4; lastKnownFileType = sourcecode.swift; path = Log.swift; sourceTree = "<group>"; };
		26624AE928C8EFFB000F7E2E /* Error.swift */ = {isa = PBXFileReference; fileEncoding = 4; lastKnownFileType = sourcecode.swift; path = Error.swift; sourceTree = "<group>"; };
		26624AEF28C92D3C000F7E2E /* PricePoint.swift */ = {isa = PBXFileReference; lastKnownFileType = sourcecode.swift; path = PricePoint.swift; sourceTree = "<group>"; };
		26624AF128C9332F000F7E2E /* ForexAPI.swift */ = {isa = PBXFileReference; lastKnownFileType = sourcecode.swift; path = ForexAPI.swift; sourceTree = "<group>"; };
		26624AF328C93541000F7E2E /* AppStorageCodable.swift */ = {isa = PBXFileReference; fileEncoding = 4; lastKnownFileType = sourcecode.swift; path = AppStorageCodable.swift; sourceTree = "<group>"; };
		26624AF728C93E1F000F7E2E /* PricesAPI.swift */ = {isa = PBXFileReference; lastKnownFileType = sourcecode.swift; path = PricesAPI.swift; sourceTree = "<group>"; };
		2674BC0228CF5C6600E31A20 /* Info.plist */ = {isa = PBXFileReference; lastKnownFileType = text.plist.xml; path = Info.plist; sourceTree = SOURCE_ROOT; };
		2674BC6228D0572D00E31A20 /* EPWatchComplicationsExtension.appex */ = {isa = PBXFileReference; explicitFileType = "wrapper.app-extension"; includeInIndex = 0; path = EPWatchComplicationsExtension.appex; sourceTree = BUILT_PRODUCTS_DIR; };
		2674BC6328D0572D00E31A20 /* WidgetKit.framework */ = {isa = PBXFileReference; lastKnownFileType = wrapper.framework; name = WidgetKit.framework; path = System/Library/Frameworks/WidgetKit.framework; sourceTree = SDKROOT; };
		2674BC6528D0572D00E31A20 /* SwiftUI.framework */ = {isa = PBXFileReference; lastKnownFileType = wrapper.framework; name = SwiftUI.framework; path = System/Library/Frameworks/SwiftUI.framework; sourceTree = SDKROOT; };
		2674BC6828D0572D00E31A20 /* EPWatch_Complications.swift */ = {isa = PBXFileReference; lastKnownFileType = sourcecode.swift; path = EPWatch_Complications.swift; sourceTree = "<group>"; };
		2674BC6A28D0572E00E31A20 /* Assets.xcassets */ = {isa = PBXFileReference; lastKnownFileType = folder.assetcatalog; path = Assets.xcassets; sourceTree = "<group>"; };
		2674BC6C28D0572E00E31A20 /* Info.plist */ = {isa = PBXFileReference; lastKnownFileType = text.plist.xml; path = Info.plist; sourceTree = "<group>"; };
		2674BC7928D0596500E31A20 /* EPWatchCore.framework */ = {isa = PBXFileReference; explicitFileType = wrapper.framework; includeInIndex = 0; path = EPWatchCore.framework; sourceTree = BUILT_PRODUCTS_DIR; };
		2674BC7B28D0596500E31A20 /* EPWatchCore.h */ = {isa = PBXFileReference; lastKnownFileType = sourcecode.c.h; path = EPWatchCore.h; sourceTree = "<group>"; };
		2674BC7C28D0596500E31A20 /* EPWatchCore.docc */ = {isa = PBXFileReference; lastKnownFileType = folder.documentationcatalog; path = EPWatchCore.docc; sourceTree = "<group>"; };
		2674BC8228D0596500E31A20 /* EPWatchCoreTests.xctest */ = {isa = PBXFileReference; explicitFileType = wrapper.cfbundle; includeInIndex = 0; path = EPWatchCoreTests.xctest; sourceTree = BUILT_PRODUCTS_DIR; };
		2674BC8728D0596500E31A20 /* EPWatchCoreTests.swift */ = {isa = PBXFileReference; lastKnownFileType = sourcecode.swift; path = EPWatchCoreTests.swift; sourceTree = "<group>"; };
		26C71B0E28C1461500C2DC59 /* EPWatchWatchKitAppTests.xctest */ = {isa = PBXFileReference; explicitFileType = wrapper.cfbundle; includeInIndex = 0; path = EPWatchWatchKitAppTests.xctest; sourceTree = BUILT_PRODUCTS_DIR; };
		26C71B1028C1461500C2DC59 /* EPWatch_WatchKit_ExtensionTests.swift */ = {isa = PBXFileReference; lastKnownFileType = sourcecode.swift; path = EPWatch_WatchKit_ExtensionTests.swift; sourceTree = "<group>"; };
		26C71B1728C1468500C2DC59 /* day-ahead-prices-1.xml */ = {isa = PBXFileReference; fileEncoding = 4; lastKnownFileType = text.xml; path = "day-ahead-prices-1.xml"; sourceTree = "<group>"; };
/* End PBXFileReference section */

/* Begin PBXFrameworksBuildPhase section */
		261FC19728B77720007B4A4E /* Frameworks */ = {
			isa = PBXFrameworksBuildPhase;
			buildActionMask = 2147483647;
			files = (
				2674BC9128D059A400E31A20 /* EPWatchCore.framework in Frameworks */,
			);
			runOnlyForDeploymentPostprocessing = 0;
		};
		2674BC5F28D0572D00E31A20 /* Frameworks */ = {
			isa = PBXFrameworksBuildPhase;
			buildActionMask = 2147483647;
			files = (
				2674BC6628D0572D00E31A20 /* SwiftUI.framework in Frameworks */,
				2674BC6428D0572D00E31A20 /* WidgetKit.framework in Frameworks */,
				2674BC9628D05A4C00E31A20 /* EPWatchCore.framework in Frameworks */,
			);
			runOnlyForDeploymentPostprocessing = 0;
		};
		2674BC7628D0596500E31A20 /* Frameworks */ = {
			isa = PBXFrameworksBuildPhase;
			buildActionMask = 2147483647;
			files = (
				2674BCA828D0660600E31A20 /* XMLCoder in Frameworks */,
				2674BC9C28D05A8300E31A20 /* SwiftDate in Frameworks */,
				2674BCA628D065ED00E31A20 /* Alamofire in Frameworks */,
			);
			runOnlyForDeploymentPostprocessing = 0;
		};
		2674BC7F28D0596500E31A20 /* Frameworks */ = {
			isa = PBXFrameworksBuildPhase;
			buildActionMask = 2147483647;
			files = (
				2674BC8328D0596500E31A20 /* EPWatchCore.framework in Frameworks */,
			);
			runOnlyForDeploymentPostprocessing = 0;
		};
		26C71B0B28C1461500C2DC59 /* Frameworks */ = {
			isa = PBXFrameworksBuildPhase;
			buildActionMask = 2147483647;
			files = (
			);
			runOnlyForDeploymentPostprocessing = 0;
		};
/* End PBXFrameworksBuildPhase section */

/* Begin PBXGroup section */
		261FC18428B7771F007B4A4E = {
			isa = PBXGroup;
			children = (
				261FC19328B7771F007B4A4E /* EPWatchWatchKitApp */,
				26C71B0F28C1461500C2DC59 /* EPWatchWatchKitAppTests */,
				2674BC6728D0572D00E31A20 /* EPWatchComplications */,
				2674BC7A28D0596500E31A20 /* EPWatchCore */,
				2674BC8628D0596500E31A20 /* EPWatchCoreTests */,
				261FC18C28B7771F007B4A4E /* Products */,
				26C71B1928C1469D00C2DC59 /* Frameworks */,
			);
			sourceTree = "<group>";
		};
		261FC18C28B7771F007B4A4E /* Products */ = {
			isa = PBXGroup;
			children = (
				261FC18B28B7771F007B4A4E /* EPWatch.app */,
				261FC18F28B7771F007B4A4E /* EPWatchWatchKitApp.app */,
				26C71B0E28C1461500C2DC59 /* EPWatchWatchKitAppTests.xctest */,
				2674BC6228D0572D00E31A20 /* EPWatchComplicationsExtension.appex */,
				2674BC7928D0596500E31A20 /* EPWatchCore.framework */,
				2674BC8228D0596500E31A20 /* EPWatchCoreTests.xctest */,
			);
			name = Products;
			sourceTree = "<group>";
		};
		261FC19328B7771F007B4A4E /* EPWatchWatchKitApp */ = {
			isa = PBXGroup;
			children = (
				261FC19428B77720007B4A4E /* Assets.xcassets */,
				261FC1A728B77720007B4A4E /* ComplicationController.swift */,
				261FC1A128B77720007B4A4E /* ContentView.swift */,
				261FC19F28B77720007B4A4E /* EPWatchApp.swift */,
				2674BC0228CF5C6600E31A20 /* Info.plist */,
				2674BC4428CF7CF900E31A20 /* Notifications */,
				261FC1AB28B77721007B4A4E /* Preview Content */,
			);
			path = EPWatchWatchKitApp;
			sourceTree = "<group>";
		};
		261FC1AB28B77721007B4A4E /* Preview Content */ = {
			isa = PBXGroup;
			children = (
				261FC1AC28B77721007B4A4E /* Preview Assets.xcassets */,
			);
			path = "Preview Content";
			sourceTree = "<group>";
		};
		26624AF628C93DEA000F7E2E /* API */ = {
			isa = PBXGroup;
			children = (
				26624AF928C93E91000F7E2E /* Prices */,
				26624AF128C9332F000F7E2E /* ForexAPI.swift */,
			);
			path = API;
			sourceTree = "<group>";
		};
		26624AF928C93E91000F7E2E /* Prices */ = {
			isa = PBXGroup;
			children = (
				26624AE228C7DBC1000F7E2E /* DayAheadPrices.swift */,
				26624AF728C93E1F000F7E2E /* PricesAPI.swift */,
			);
			path = Prices;
			sourceTree = "<group>";
		};
		2674BC4428CF7CF900E31A20 /* Notifications */ = {
			isa = PBXGroup;
			children = (
				261FC1A328B77720007B4A4E /* NotificationController.swift */,
				261FC1A528B77720007B4A4E /* NotificationView.swift */,
				261FC1AF28B77721007B4A4E /* PushNotificationPayload.apns */,
			);
			path = Notifications;
			sourceTree = "<group>";
		};
		2674BC6728D0572D00E31A20 /* EPWatchComplications */ = {
			isa = PBXGroup;
			children = (
				2674BC6828D0572D00E31A20 /* EPWatch_Complications.swift */,
				2674BC6A28D0572E00E31A20 /* Assets.xcassets */,
				2674BC6C28D0572E00E31A20 /* Info.plist */,
			);
			path = EPWatchComplications;
			sourceTree = "<group>";
		};
		2674BC7A28D0596500E31A20 /* EPWatchCore */ = {
			isa = PBXGroup;
			children = (
				26624AF628C93DEA000F7E2E /* API */,
				2674BC9E28D0651F00E31A20 /* Utils */,
				26624ADE28C7DB2E000F7E2E /* AppState.swift */,
				26624AEF28C92D3C000F7E2E /* PricePoint.swift */,
				2674BC7B28D0596500E31A20 /* EPWatchCore.h */,
				2674BC7C28D0596500E31A20 /* EPWatchCore.docc */,
			);
			path = EPWatchCore;
			sourceTree = "<group>";
		};
		2674BC8628D0596500E31A20 /* EPWatchCoreTests */ = {
			isa = PBXGroup;
			children = (
				2674BC8728D0596500E31A20 /* EPWatchCoreTests.swift */,
			);
			path = EPWatchCoreTests;
			sourceTree = "<group>";
		};
		2674BC9E28D0651F00E31A20 /* Utils */ = {
			isa = PBXGroup;
			children = (
				26624AF328C93541000F7E2E /* AppStorageCodable.swift */,
				26624AE928C8EFFB000F7E2E /* Error.swift */,
				26624AE628C883C9000F7E2E /* Log.swift */,
			);
			path = Utils;
			sourceTree = "<group>";
		};
		26C71B0F28C1461500C2DC59 /* EPWatchWatchKitAppTests */ = {
			isa = PBXGroup;
			children = (
				26C71B1728C1468500C2DC59 /* day-ahead-prices-1.xml */,
				26C71B1028C1461500C2DC59 /* EPWatch_WatchKit_ExtensionTests.swift */,
			);
			path = EPWatchWatchKitAppTests;
			sourceTree = "<group>";
		};
		26C71B1928C1469D00C2DC59 /* Frameworks */ = {
			isa = PBXGroup;
			children = (
				2674BC6328D0572D00E31A20 /* WidgetKit.framework */,
				2674BC6528D0572D00E31A20 /* SwiftUI.framework */,
			);
			name = Frameworks;
			sourceTree = "<group>";
		};
/* End PBXGroup section */

/* Begin PBXHeadersBuildPhase section */
		2674BC7428D0596500E31A20 /* Headers */ = {
			isa = PBXHeadersBuildPhase;
			buildActionMask = 2147483647;
			files = (
				2674BC8928D0596500E31A20 /* EPWatchCore.h in Headers */,
			);
			runOnlyForDeploymentPostprocessing = 0;
		};
/* End PBXHeadersBuildPhase section */

/* Begin PBXNativeTarget section */
		261FC18A28B7771F007B4A4E /* EPWatch */ = {
			isa = PBXNativeTarget;
			buildConfigurationList = 261FC1BA28B77721007B4A4E /* Build configuration list for PBXNativeTarget "EPWatch" */;
			buildPhases = (
				261FC18928B7771F007B4A4E /* Resources */,
				261FC1B928B77721007B4A4E /* Embed Watch Content */,
			);
			buildRules = (
			);
			dependencies = (
				261FC19228B7771F007B4A4E /* PBXTargetDependency */,
			);
			name = EPWatch;
			packageProductDependencies = (
				26C71B0928C145EA00C2DC59 /* XMLCoder */,
				26624AEC28C8F18C000F7E2E /* SwiftDate */,
			);
			productName = EPWatch;
			productReference = 261FC18B28B7771F007B4A4E /* EPWatch.app */;
			productType = "com.apple.product-type.application.watchapp2-container";
		};
		261FC18E28B7771F007B4A4E /* EPWatchWatchKitApp */ = {
			isa = PBXNativeTarget;
			buildConfigurationList = 261FC1B628B77721007B4A4E /* Build configuration list for PBXNativeTarget "EPWatchWatchKitApp" */;
			buildPhases = (
				261FC18D28B7771F007B4A4E /* Resources */,
				261FC19628B77720007B4A4E /* Sources */,
				261FC19728B77720007B4A4E /* Frameworks */,
				2674BC7028D0572E00E31A20 /* Embed Foundation Extensions */,
				2674BC9528D059A400E31A20 /* Embed Frameworks */,
			);
			buildRules = (
			);
			dependencies = (
				2674BC6E28D0572E00E31A20 /* PBXTargetDependency */,
				2674BC9428D059A400E31A20 /* PBXTargetDependency */,
			);
			name = EPWatchWatchKitApp;
			packageProductDependencies = (
			);
			productName = "EPWatch WatchKit App";
			productReference = 261FC18F28B7771F007B4A4E /* EPWatchWatchKitApp.app */;
			productType = "com.apple.product-type.application";
		};
		2674BC6128D0572D00E31A20 /* EPWatchComplicationsExtension */ = {
			isa = PBXNativeTarget;
			buildConfigurationList = 2674BC7328D0572E00E31A20 /* Build configuration list for PBXNativeTarget "EPWatchComplicationsExtension" */;
			buildPhases = (
				2674BC5E28D0572D00E31A20 /* Sources */,
				2674BC5F28D0572D00E31A20 /* Frameworks */,
				2674BC6028D0572D00E31A20 /* Resources */,
				2674BC9A28D05A4C00E31A20 /* Embed Frameworks */,
			);
			buildRules = (
			);
			dependencies = (
				2674BC9928D05A4C00E31A20 /* PBXTargetDependency */,
			);
			name = EPWatchComplicationsExtension;
			productName = "EPWatch ComplicationsExtension";
			productReference = 2674BC6228D0572D00E31A20 /* EPWatchComplicationsExtension.appex */;
			productType = "com.apple.product-type.app-extension";
		};
		2674BC7828D0596500E31A20 /* EPWatchCore */ = {
			isa = PBXNativeTarget;
			buildConfigurationList = 2674BC8A28D0596500E31A20 /* Build configuration list for PBXNativeTarget "EPWatchCore" */;
			buildPhases = (
				2674BC7428D0596500E31A20 /* Headers */,
				2674BC7528D0596500E31A20 /* Sources */,
				2674BC7628D0596500E31A20 /* Frameworks */,
				2674BC7728D0596500E31A20 /* Resources */,
			);
			buildRules = (
			);
			dependencies = (
			);
			name = EPWatchCore;
			packageProductDependencies = (
				2674BC9B28D05A8300E31A20 /* SwiftDate */,
				2674BCA528D065ED00E31A20 /* Alamofire */,
				2674BCA728D0660600E31A20 /* XMLCoder */,
			);
			productName = EPWatchCore;
			productReference = 2674BC7928D0596500E31A20 /* EPWatchCore.framework */;
			productType = "com.apple.product-type.framework";
		};
		2674BC8128D0596500E31A20 /* EPWatchCoreTests */ = {
			isa = PBXNativeTarget;
			buildConfigurationList = 2674BC8D28D0596500E31A20 /* Build configuration list for PBXNativeTarget "EPWatchCoreTests" */;
			buildPhases = (
				2674BC7E28D0596500E31A20 /* Sources */,
				2674BC7F28D0596500E31A20 /* Frameworks */,
				2674BC8028D0596500E31A20 /* Resources */,
			);
			buildRules = (
			);
			dependencies = (
				2674BC8528D0596500E31A20 /* PBXTargetDependency */,
			);
			name = EPWatchCoreTests;
			productName = EPWatchCoreTests;
			productReference = 2674BC8228D0596500E31A20 /* EPWatchCoreTests.xctest */;
			productType = "com.apple.product-type.bundle.unit-test";
		};
		26C71B0D28C1461500C2DC59 /* EPWatchWatchKitAppTests */ = {
			isa = PBXNativeTarget;
			buildConfigurationList = 26C71B1428C1461500C2DC59 /* Build configuration list for PBXNativeTarget "EPWatchWatchKitAppTests" */;
			buildPhases = (
				26C71B0A28C1461500C2DC59 /* Sources */,
				26C71B0B28C1461500C2DC59 /* Frameworks */,
				26C71B0C28C1461500C2DC59 /* Resources */,
			);
			buildRules = (
			);
			dependencies = (
				2687740A28CBCDF500E72C0E /* PBXTargetDependency */,
			);
			name = EPWatchWatchKitAppTests;
			packageProductDependencies = (
			);
			productName = "EPWatch WatchKit ExtensionTests";
			productReference = 26C71B0E28C1461500C2DC59 /* EPWatchWatchKitAppTests.xctest */;
			productType = "com.apple.product-type.bundle.unit-test";
		};
/* End PBXNativeTarget section */

/* Begin PBXProject section */
		261FC18528B7771F007B4A4E /* Project object */ = {
			isa = PBXProject;
			attributes = {
				BuildIndependentTargetsInParallel = 1;
				LastSwiftUpdateCheck = 1400;
				LastUpgradeCheck = 1400;
				TargetAttributes = {
					261FC18A28B7771F007B4A4E = {
						CreatedOnToolsVersion = 13.4.1;
					};
					261FC18E28B7771F007B4A4E = {
						CreatedOnToolsVersion = 13.4.1;
					};
					2674BC6128D0572D00E31A20 = {
						CreatedOnToolsVersion = 14.0;
					};
					2674BC7828D0596500E31A20 = {
						CreatedOnToolsVersion = 14.0;
					};
					2674BC8128D0596500E31A20 = {
						CreatedOnToolsVersion = 14.0;
					};
					26C71B0D28C1461500C2DC59 = {
						CreatedOnToolsVersion = 13.4.1;
						TestTargetID = 261FC18E28B7771F007B4A4E;
					};
				};
			};
			buildConfigurationList = 261FC18828B7771F007B4A4E /* Build configuration list for PBXProject "EPWatch" */;
			compatibilityVersion = "Xcode 13.0";
			developmentRegion = en;
			hasScannedForEncodings = 0;
			knownRegions = (
				en,
				Base,
			);
			mainGroup = 261FC18428B7771F007B4A4E;
			packageReferences = (
				26C71B0828C145EA00C2DC59 /* XCRemoteSwiftPackageReference "XMLCoder" */,
				26624AEB28C8F18C000F7E2E /* XCRemoteSwiftPackageReference "SwiftDate" */,
				268B811028CE6B1600115BDC /* XCRemoteSwiftPackageReference "Alamofire" */,
			);
			productRefGroup = 261FC18C28B7771F007B4A4E /* Products */;
			projectDirPath = "";
			projectRoot = "";
			targets = (
				261FC18A28B7771F007B4A4E /* EPWatch */,
				261FC18E28B7771F007B4A4E /* EPWatchWatchKitApp */,
				26C71B0D28C1461500C2DC59 /* EPWatchWatchKitAppTests */,
				2674BC6128D0572D00E31A20 /* EPWatchComplicationsExtension */,
				2674BC7828D0596500E31A20 /* EPWatchCore */,
				2674BC8128D0596500E31A20 /* EPWatchCoreTests */,
			);
		};
/* End PBXProject section */

/* Begin PBXResourcesBuildPhase section */
		261FC18928B7771F007B4A4E /* Resources */ = {
			isa = PBXResourcesBuildPhase;
			buildActionMask = 2147483647;
			files = (
			);
			runOnlyForDeploymentPostprocessing = 0;
		};
		261FC18D28B7771F007B4A4E /* Resources */ = {
			isa = PBXResourcesBuildPhase;
			buildActionMask = 2147483647;
			files = (
				261FC1AD28B77721007B4A4E /* Preview Assets.xcassets in Resources */,
				261FC19528B77720007B4A4E /* Assets.xcassets in Resources */,
			);
			runOnlyForDeploymentPostprocessing = 0;
		};
		2674BC6028D0572D00E31A20 /* Resources */ = {
			isa = PBXResourcesBuildPhase;
			buildActionMask = 2147483647;
			files = (
				2674BC6B28D0572E00E31A20 /* Assets.xcassets in Resources */,
			);
			runOnlyForDeploymentPostprocessing = 0;
		};
		2674BC7728D0596500E31A20 /* Resources */ = {
			isa = PBXResourcesBuildPhase;
			buildActionMask = 2147483647;
			files = (
			);
			runOnlyForDeploymentPostprocessing = 0;
		};
		2674BC8028D0596500E31A20 /* Resources */ = {
			isa = PBXResourcesBuildPhase;
			buildActionMask = 2147483647;
			files = (
			);
			runOnlyForDeploymentPostprocessing = 0;
		};
		26C71B0C28C1461500C2DC59 /* Resources */ = {
			isa = PBXResourcesBuildPhase;
			buildActionMask = 2147483647;
			files = (
				26C71B1828C1468500C2DC59 /* day-ahead-prices-1.xml in Resources */,
			);
			runOnlyForDeploymentPostprocessing = 0;
		};
/* End PBXResourcesBuildPhase section */

/* Begin PBXSourcesBuildPhase section */
		261FC19628B77720007B4A4E /* Sources */ = {
			isa = PBXSourcesBuildPhase;
			buildActionMask = 2147483647;
			files = (
				261FC1A428B77720007B4A4E /* NotificationController.swift in Sources */,
				261FC1A228B77720007B4A4E /* ContentView.swift in Sources */,
				261FC1A828B77720007B4A4E /* ComplicationController.swift in Sources */,
				261FC1A028B77720007B4A4E /* EPWatchApp.swift in Sources */,
				261FC1A628B77720007B4A4E /* NotificationView.swift in Sources */,
			);
			runOnlyForDeploymentPostprocessing = 0;
		};
		2674BC5E28D0572D00E31A20 /* Sources */ = {
			isa = PBXSourcesBuildPhase;
			buildActionMask = 2147483647;
			files = (
				2674BC6928D0572D00E31A20 /* EPWatch_Complications.swift in Sources */,
			);
			runOnlyForDeploymentPostprocessing = 0;
		};
		2674BC7528D0596500E31A20 /* Sources */ = {
			isa = PBXSourcesBuildPhase;
			buildActionMask = 2147483647;
			files = (
				2674BC9D28D064F200E31A20 /* AppState.swift in Sources */,
				2674BC9028D0598E00E31A20 /* PricePoint.swift in Sources */,
				2674BC7D28D0596500E31A20 /* EPWatchCore.docc in Sources */,
				2674BCA228D0656800E31A20 /* AppStorageCodable.swift in Sources */,
				2674BCA028D0654A00E31A20 /* DayAheadPrices.swift in Sources */,
				2674BCA128D0654A00E31A20 /* PricesAPI.swift in Sources */,
				2674BCA328D0657B00E31A20 /* Log.swift in Sources */,
				2674BCA428D0657B00E31A20 /* Error.swift in Sources */,
				2674BC9F28D0654300E31A20 /* ForexAPI.swift in Sources */,
			);
			runOnlyForDeploymentPostprocessing = 0;
		};
		2674BC7E28D0596500E31A20 /* Sources */ = {
			isa = PBXSourcesBuildPhase;
			buildActionMask = 2147483647;
			files = (
				2674BC8828D0596500E31A20 /* EPWatchCoreTests.swift in Sources */,
			);
			runOnlyForDeploymentPostprocessing = 0;
		};
		26C71B0A28C1461500C2DC59 /* Sources */ = {
			isa = PBXSourcesBuildPhase;
			buildActionMask = 2147483647;
			files = (
				26C71B1128C1461500C2DC59 /* EPWatch_WatchKit_ExtensionTests.swift in Sources */,
			);
			runOnlyForDeploymentPostprocessing = 0;
		};
/* End PBXSourcesBuildPhase section */

/* Begin PBXTargetDependency section */
		261FC19228B7771F007B4A4E /* PBXTargetDependency */ = {
			isa = PBXTargetDependency;
			target = 261FC18E28B7771F007B4A4E /* EPWatchWatchKitApp */;
			targetProxy = 261FC19128B7771F007B4A4E /* PBXContainerItemProxy */;
		};
		2674BC6E28D0572E00E31A20 /* PBXTargetDependency */ = {
			isa = PBXTargetDependency;
			target = 2674BC6128D0572D00E31A20 /* EPWatchComplicationsExtension */;
			targetProxy = 2674BC6D28D0572E00E31A20 /* PBXContainerItemProxy */;
		};
		2674BC8528D0596500E31A20 /* PBXTargetDependency */ = {
			isa = PBXTargetDependency;
			target = 2674BC7828D0596500E31A20 /* EPWatchCore */;
			targetProxy = 2674BC8428D0596500E31A20 /* PBXContainerItemProxy */;
		};
		2674BC9428D059A400E31A20 /* PBXTargetDependency */ = {
			isa = PBXTargetDependency;
			target = 2674BC7828D0596500E31A20 /* EPWatchCore */;
			targetProxy = 2674BC9328D059A400E31A20 /* PBXContainerItemProxy */;
		};
		2674BC9928D05A4C00E31A20 /* PBXTargetDependency */ = {
			isa = PBXTargetDependency;
			target = 2674BC7828D0596500E31A20 /* EPWatchCore */;
			targetProxy = 2674BC9828D05A4C00E31A20 /* PBXContainerItemProxy */;
		};
		2687740A28CBCDF500E72C0E /* PBXTargetDependency */ = {
			isa = PBXTargetDependency;
			target = 261FC18E28B7771F007B4A4E /* EPWatchWatchKitApp */;
			targetProxy = 2687740928CBCDF500E72C0E /* PBXContainerItemProxy */;
		};
/* End PBXTargetDependency section */

/* Begin XCBuildConfiguration section */
		261FC1B028B77721007B4A4E /* Debug */ = {
			isa = XCBuildConfiguration;
			buildSettings = {
				ALWAYS_SEARCH_USER_PATHS = NO;
				CLANG_ANALYZER_NONNULL = YES;
				CLANG_ANALYZER_NUMBER_OBJECT_CONVERSION = YES_AGGRESSIVE;
				CLANG_CXX_LANGUAGE_STANDARD = "gnu++17";
				CLANG_ENABLE_MODULES = YES;
				CLANG_ENABLE_OBJC_ARC = YES;
				CLANG_ENABLE_OBJC_WEAK = YES;
				CLANG_WARN_BLOCK_CAPTURE_AUTORELEASING = YES;
				CLANG_WARN_BOOL_CONVERSION = YES;
				CLANG_WARN_COMMA = YES;
				CLANG_WARN_CONSTANT_CONVERSION = YES;
				CLANG_WARN_DEPRECATED_OBJC_IMPLEMENTATIONS = YES;
				CLANG_WARN_DIRECT_OBJC_ISA_USAGE = YES_ERROR;
				CLANG_WARN_DOCUMENTATION_COMMENTS = YES;
				CLANG_WARN_EMPTY_BODY = YES;
				CLANG_WARN_ENUM_CONVERSION = YES;
				CLANG_WARN_INFINITE_RECURSION = YES;
				CLANG_WARN_INT_CONVERSION = YES;
				CLANG_WARN_NON_LITERAL_NULL_CONVERSION = YES;
				CLANG_WARN_OBJC_IMPLICIT_RETAIN_SELF = YES;
				CLANG_WARN_OBJC_LITERAL_CONVERSION = YES;
				CLANG_WARN_OBJC_ROOT_CLASS = YES_ERROR;
				CLANG_WARN_QUOTED_INCLUDE_IN_FRAMEWORK_HEADER = YES;
				CLANG_WARN_RANGE_LOOP_ANALYSIS = YES;
				CLANG_WARN_STRICT_PROTOTYPES = YES;
				CLANG_WARN_SUSPICIOUS_MOVE = YES;
				CLANG_WARN_UNGUARDED_AVAILABILITY = YES_AGGRESSIVE;
				CLANG_WARN_UNREACHABLE_CODE = YES;
				CLANG_WARN__DUPLICATE_METHOD_MATCH = YES;
				COPY_PHASE_STRIP = NO;
				DEBUG_INFORMATION_FORMAT = dwarf;
				ENABLE_STRICT_OBJC_MSGSEND = YES;
				ENABLE_TESTABILITY = YES;
				GCC_C_LANGUAGE_STANDARD = gnu11;
				GCC_DYNAMIC_NO_PIC = NO;
				GCC_NO_COMMON_BLOCKS = YES;
				GCC_OPTIMIZATION_LEVEL = 0;
				GCC_PREPROCESSOR_DEFINITIONS = (
					"DEBUG=1",
					"$(inherited)",
				);
				GCC_WARN_64_TO_32_BIT_CONVERSION = YES;
				GCC_WARN_ABOUT_RETURN_TYPE = YES_ERROR;
				GCC_WARN_UNDECLARED_SELECTOR = YES;
				GCC_WARN_UNINITIALIZED_AUTOS = YES_AGGRESSIVE;
				GCC_WARN_UNUSED_FUNCTION = YES;
				GCC_WARN_UNUSED_VARIABLE = YES;
				MTL_ENABLE_DEBUG_INFO = INCLUDE_SOURCE;
				MTL_FAST_MATH = YES;
				ONLY_ACTIVE_ARCH = YES;
				SDKROOT = iphoneos;
				SWIFT_ACTIVE_COMPILATION_CONDITIONS = DEBUG;
				SWIFT_OPTIMIZATION_LEVEL = "-Onone";
			};
			name = Debug;
		};
		261FC1B128B77721007B4A4E /* Release */ = {
			isa = XCBuildConfiguration;
			buildSettings = {
				ALWAYS_SEARCH_USER_PATHS = NO;
				CLANG_ANALYZER_NONNULL = YES;
				CLANG_ANALYZER_NUMBER_OBJECT_CONVERSION = YES_AGGRESSIVE;
				CLANG_CXX_LANGUAGE_STANDARD = "gnu++17";
				CLANG_ENABLE_MODULES = YES;
				CLANG_ENABLE_OBJC_ARC = YES;
				CLANG_ENABLE_OBJC_WEAK = YES;
				CLANG_WARN_BLOCK_CAPTURE_AUTORELEASING = YES;
				CLANG_WARN_BOOL_CONVERSION = YES;
				CLANG_WARN_COMMA = YES;
				CLANG_WARN_CONSTANT_CONVERSION = YES;
				CLANG_WARN_DEPRECATED_OBJC_IMPLEMENTATIONS = YES;
				CLANG_WARN_DIRECT_OBJC_ISA_USAGE = YES_ERROR;
				CLANG_WARN_DOCUMENTATION_COMMENTS = YES;
				CLANG_WARN_EMPTY_BODY = YES;
				CLANG_WARN_ENUM_CONVERSION = YES;
				CLANG_WARN_INFINITE_RECURSION = YES;
				CLANG_WARN_INT_CONVERSION = YES;
				CLANG_WARN_NON_LITERAL_NULL_CONVERSION = YES;
				CLANG_WARN_OBJC_IMPLICIT_RETAIN_SELF = YES;
				CLANG_WARN_OBJC_LITERAL_CONVERSION = YES;
				CLANG_WARN_OBJC_ROOT_CLASS = YES_ERROR;
				CLANG_WARN_QUOTED_INCLUDE_IN_FRAMEWORK_HEADER = YES;
				CLANG_WARN_RANGE_LOOP_ANALYSIS = YES;
				CLANG_WARN_STRICT_PROTOTYPES = YES;
				CLANG_WARN_SUSPICIOUS_MOVE = YES;
				CLANG_WARN_UNGUARDED_AVAILABILITY = YES_AGGRESSIVE;
				CLANG_WARN_UNREACHABLE_CODE = YES;
				CLANG_WARN__DUPLICATE_METHOD_MATCH = YES;
				COPY_PHASE_STRIP = NO;
				DEBUG_INFORMATION_FORMAT = "dwarf-with-dsym";
				ENABLE_NS_ASSERTIONS = NO;
				ENABLE_STRICT_OBJC_MSGSEND = YES;
				GCC_C_LANGUAGE_STANDARD = gnu11;
				GCC_NO_COMMON_BLOCKS = YES;
				GCC_WARN_64_TO_32_BIT_CONVERSION = YES;
				GCC_WARN_ABOUT_RETURN_TYPE = YES_ERROR;
				GCC_WARN_UNDECLARED_SELECTOR = YES;
				GCC_WARN_UNINITIALIZED_AUTOS = YES_AGGRESSIVE;
				GCC_WARN_UNUSED_FUNCTION = YES;
				GCC_WARN_UNUSED_VARIABLE = YES;
				MTL_ENABLE_DEBUG_INFO = NO;
				MTL_FAST_MATH = YES;
				SDKROOT = iphoneos;
				SWIFT_COMPILATION_MODE = wholemodule;
				SWIFT_OPTIMIZATION_LEVEL = "-O";
				VALIDATE_PRODUCT = YES;
			};
			name = Release;
		};
		261FC1B728B77721007B4A4E /* Debug */ = {
			isa = XCBuildConfiguration;
			buildSettings = {
				ALWAYS_EMBED_SWIFT_STANDARD_LIBRARIES = YES;
				ASSETCATALOG_COMPILER_APPICON_NAME = AppIcon;
				ASSETCATALOG_COMPILER_COMPLICATION_NAME = Complication;
				ASSETCATALOG_COMPILER_GLOBAL_ACCENT_COLOR_NAME = AccentColor;
				CODE_SIGN_STYLE = Automatic;
				CURRENT_PROJECT_VERSION = 1;
				DEVELOPMENT_TEAM = MDUSC5XAF4;
				GENERATE_INFOPLIST_FILE = YES;
				INFOPLIST_FILE = Info.plist;
				INFOPLIST_KEY_CFBundleDisplayName = EPWatch;
				INFOPLIST_KEY_NSHumanReadableCopyright = "";
				INFOPLIST_KEY_UISupportedInterfaceOrientations = "UIInterfaceOrientationPortrait UIInterfaceOrientationPortraitUpsideDown";
				INFOPLIST_KEY_WKWatchOnly = YES;
				LD_RUNPATH_SEARCH_PATHS = (
					"@executable_path/Frameworks",
					"@executable_path/../../Frameworks",
				);
				MARKETING_VERSION = 1.0;
				PRODUCT_BUNDLE_IDENTIFIER = se.j0nas.EPWatch.watchkitapp;
				PRODUCT_NAME = "$(TARGET_NAME)";
				SDKROOT = watchos;
				SKIP_INSTALL = YES;
				SWIFT_EMIT_LOC_STRINGS = YES;
				SWIFT_VERSION = 5.0;
				TARGETED_DEVICE_FAMILY = 4;
				WATCHOS_DEPLOYMENT_TARGET = 9.0;
			};
			name = Debug;
		};
		261FC1B828B77721007B4A4E /* Release */ = {
			isa = XCBuildConfiguration;
			buildSettings = {
				ALWAYS_EMBED_SWIFT_STANDARD_LIBRARIES = YES;
				ASSETCATALOG_COMPILER_APPICON_NAME = AppIcon;
				ASSETCATALOG_COMPILER_COMPLICATION_NAME = Complication;
				ASSETCATALOG_COMPILER_GLOBAL_ACCENT_COLOR_NAME = AccentColor;
				CODE_SIGN_STYLE = Automatic;
				CURRENT_PROJECT_VERSION = 1;
				DEVELOPMENT_TEAM = MDUSC5XAF4;
				GENERATE_INFOPLIST_FILE = YES;
				INFOPLIST_FILE = Info.plist;
				INFOPLIST_KEY_CFBundleDisplayName = EPWatch;
				INFOPLIST_KEY_NSHumanReadableCopyright = "";
				INFOPLIST_KEY_UISupportedInterfaceOrientations = "UIInterfaceOrientationPortrait UIInterfaceOrientationPortraitUpsideDown";
				INFOPLIST_KEY_WKWatchOnly = YES;
				LD_RUNPATH_SEARCH_PATHS = (
					"@executable_path/Frameworks",
					"@executable_path/../../Frameworks",
				);
				MARKETING_VERSION = 1.0;
				PRODUCT_BUNDLE_IDENTIFIER = se.j0nas.EPWatch.watchkitapp;
				PRODUCT_NAME = "$(TARGET_NAME)";
				SDKROOT = watchos;
				SKIP_INSTALL = YES;
				SWIFT_EMIT_LOC_STRINGS = YES;
				SWIFT_VERSION = 5.0;
				TARGETED_DEVICE_FAMILY = 4;
				WATCHOS_DEPLOYMENT_TARGET = 9.0;
			};
			name = Release;
		};
		261FC1BB28B77721007B4A4E /* Debug */ = {
			isa = XCBuildConfiguration;
			buildSettings = {
				CODE_SIGN_STYLE = Automatic;
				CURRENT_PROJECT_VERSION = 1;
				DEVELOPMENT_TEAM = MDUSC5XAF4;
				IPHONEOS_DEPLOYMENT_TARGET = 16.0;
				MARKETING_VERSION = 1.0;
				PRODUCT_BUNDLE_IDENTIFIER = se.j0nas.EPWatch;
				PRODUCT_NAME = "$(TARGET_NAME)";
				SWIFT_VERSION = 5.0;
			};
			name = Debug;
		};
		261FC1BC28B77721007B4A4E /* Release */ = {
			isa = XCBuildConfiguration;
			buildSettings = {
				CODE_SIGN_STYLE = Automatic;
				CURRENT_PROJECT_VERSION = 1;
				DEVELOPMENT_TEAM = MDUSC5XAF4;
				IPHONEOS_DEPLOYMENT_TARGET = 16.0;
				MARKETING_VERSION = 1.0;
				PRODUCT_BUNDLE_IDENTIFIER = se.j0nas.EPWatch;
				PRODUCT_NAME = "$(TARGET_NAME)";
				SWIFT_VERSION = 5.0;
			};
			name = Release;
		};
		2674BC7128D0572E00E31A20 /* Debug */ = {
			isa = XCBuildConfiguration;
			buildSettings = {
				ASSETCATALOG_COMPILER_GLOBAL_ACCENT_COLOR_NAME = AccentColor;
				ASSETCATALOG_COMPILER_WIDGET_BACKGROUND_COLOR_NAME = WidgetBackground;
				CLANG_CXX_LANGUAGE_STANDARD = "gnu++20";
				CODE_SIGN_STYLE = Automatic;
				CURRENT_PROJECT_VERSION = 1;
				DEVELOPMENT_TEAM = MDUSC5XAF4;
				GENERATE_INFOPLIST_FILE = YES;
				INFOPLIST_FILE = EPWatchComplications/Info.plist;
				INFOPLIST_KEY_CFBundleDisplayName = EPWatch;
				INFOPLIST_KEY_NSHumanReadableCopyright = "";
				LD_RUNPATH_SEARCH_PATHS = (
					"$(inherited)",
					"@executable_path/Frameworks",
					"@executable_path/../../Frameworks",
					"@executable_path/../../../../Frameworks",
				);
				MARKETING_VERSION = 1.0;
				PRODUCT_BUNDLE_IDENTIFIER = "se.j0nas.EPWatch.watchkitapp.EPWatch-Complications";
				PRODUCT_NAME = "$(TARGET_NAME)";
				SDKROOT = watchos;
				SKIP_INSTALL = YES;
				SWIFT_EMIT_LOC_STRINGS = YES;
				SWIFT_VERSION = 5.0;
				TARGETED_DEVICE_FAMILY = 4;
				WATCHOS_DEPLOYMENT_TARGET = 9.0;
			};
			name = Debug;
		};
		2674BC7228D0572E00E31A20 /* Release */ = {
			isa = XCBuildConfiguration;
			buildSettings = {
				ASSETCATALOG_COMPILER_GLOBAL_ACCENT_COLOR_NAME = AccentColor;
				ASSETCATALOG_COMPILER_WIDGET_BACKGROUND_COLOR_NAME = WidgetBackground;
				CLANG_CXX_LANGUAGE_STANDARD = "gnu++20";
				CODE_SIGN_STYLE = Automatic;
				CURRENT_PROJECT_VERSION = 1;
				DEVELOPMENT_TEAM = MDUSC5XAF4;
				GENERATE_INFOPLIST_FILE = YES;
				INFOPLIST_FILE = EPWatchComplications/Info.plist;
				INFOPLIST_KEY_CFBundleDisplayName = EPWatch;
				INFOPLIST_KEY_NSHumanReadableCopyright = "";
				LD_RUNPATH_SEARCH_PATHS = (
					"$(inherited)",
					"@executable_path/Frameworks",
					"@executable_path/../../Frameworks",
					"@executable_path/../../../../Frameworks",
				);
				MARKETING_VERSION = 1.0;
				PRODUCT_BUNDLE_IDENTIFIER = "se.j0nas.EPWatch.watchkitapp.EPWatch-Complications";
				PRODUCT_NAME = "$(TARGET_NAME)";
				SDKROOT = watchos;
				SKIP_INSTALL = YES;
				SWIFT_EMIT_LOC_STRINGS = YES;
				SWIFT_VERSION = 5.0;
				TARGETED_DEVICE_FAMILY = 4;
				WATCHOS_DEPLOYMENT_TARGET = 9.0;
			};
			name = Release;
		};
		2674BC8B28D0596500E31A20 /* Debug */ = {
			isa = XCBuildConfiguration;
			buildSettings = {
				APPLICATION_EXTENSION_API_ONLY = YES;
				CLANG_CXX_LANGUAGE_STANDARD = "gnu++20";
				CODE_SIGN_STYLE = Automatic;
				CURRENT_PROJECT_VERSION = 1;
				DEFINES_MODULE = YES;
				DEVELOPMENT_TEAM = MDUSC5XAF4;
				DYLIB_COMPATIBILITY_VERSION = 1;
				DYLIB_CURRENT_VERSION = 1;
				DYLIB_INSTALL_NAME_BASE = "@rpath";
				GENERATE_INFOPLIST_FILE = YES;
				INFOPLIST_KEY_NSHumanReadableCopyright = "";
				INSTALL_PATH = "$(LOCAL_LIBRARY_DIR)/Frameworks";
				LD_RUNPATH_SEARCH_PATHS = (
					"$(inherited)",
					"@executable_path/Frameworks",
					"@loader_path/Frameworks",
				);
				MARKETING_VERSION = 1.0;
				PRODUCT_BUNDLE_IDENTIFIER = se.j0nas.EPWatchCore;
				PRODUCT_NAME = "$(TARGET_NAME:c99extidentifier)";
				SDKROOT = watchos;
				SKIP_INSTALL = YES;
				SWIFT_EMIT_LOC_STRINGS = YES;
				SWIFT_VERSION = 5.0;
				TARGETED_DEVICE_FAMILY = 4;
				VERSIONING_SYSTEM = "apple-generic";
				VERSION_INFO_PREFIX = "";
				WATCHOS_DEPLOYMENT_TARGET = 9.0;
			};
			name = Debug;
		};
		2674BC8C28D0596500E31A20 /* Release */ = {
			isa = XCBuildConfiguration;
			buildSettings = {
				APPLICATION_EXTENSION_API_ONLY = YES;
				CLANG_CXX_LANGUAGE_STANDARD = "gnu++20";
				CODE_SIGN_STYLE = Automatic;
				CURRENT_PROJECT_VERSION = 1;
				DEFINES_MODULE = YES;
				DEVELOPMENT_TEAM = MDUSC5XAF4;
				DYLIB_COMPATIBILITY_VERSION = 1;
				DYLIB_CURRENT_VERSION = 1;
				DYLIB_INSTALL_NAME_BASE = "@rpath";
				GENERATE_INFOPLIST_FILE = YES;
				INFOPLIST_KEY_NSHumanReadableCopyright = "";
				INSTALL_PATH = "$(LOCAL_LIBRARY_DIR)/Frameworks";
				LD_RUNPATH_SEARCH_PATHS = (
					"$(inherited)",
					"@executable_path/Frameworks",
					"@loader_path/Frameworks",
				);
				MARKETING_VERSION = 1.0;
				PRODUCT_BUNDLE_IDENTIFIER = se.j0nas.EPWatchCore;
				PRODUCT_NAME = "$(TARGET_NAME:c99extidentifier)";
				SDKROOT = watchos;
				SKIP_INSTALL = YES;
				SWIFT_EMIT_LOC_STRINGS = YES;
				SWIFT_VERSION = 5.0;
				TARGETED_DEVICE_FAMILY = 4;
				VERSIONING_SYSTEM = "apple-generic";
				VERSION_INFO_PREFIX = "";
				WATCHOS_DEPLOYMENT_TARGET = 9.0;
			};
			name = Release;
		};
		2674BC8E28D0596500E31A20 /* Debug */ = {
			isa = XCBuildConfiguration;
			buildSettings = {
				ALWAYS_EMBED_SWIFT_STANDARD_LIBRARIES = YES;
				CLANG_CXX_LANGUAGE_STANDARD = "gnu++20";
				CODE_SIGN_STYLE = Automatic;
				CURRENT_PROJECT_VERSION = 1;
				DEVELOPMENT_TEAM = MDUSC5XAF4;
				GENERATE_INFOPLIST_FILE = YES;
				MARKETING_VERSION = 1.0;
				PRODUCT_BUNDLE_IDENTIFIER = se.j0nas.EPWatchCoreTests;
				PRODUCT_NAME = "$(TARGET_NAME)";
				SDKROOT = watchos;
				SWIFT_EMIT_LOC_STRINGS = NO;
				SWIFT_VERSION = 5.0;
				TARGETED_DEVICE_FAMILY = 4;
				WATCHOS_DEPLOYMENT_TARGET = 9.0;
			};
			name = Debug;
		};
		2674BC8F28D0596500E31A20 /* Release */ = {
			isa = XCBuildConfiguration;
			buildSettings = {
				ALWAYS_EMBED_SWIFT_STANDARD_LIBRARIES = YES;
				CLANG_CXX_LANGUAGE_STANDARD = "gnu++20";
				CODE_SIGN_STYLE = Automatic;
				CURRENT_PROJECT_VERSION = 1;
				DEVELOPMENT_TEAM = MDUSC5XAF4;
				GENERATE_INFOPLIST_FILE = YES;
				MARKETING_VERSION = 1.0;
				PRODUCT_BUNDLE_IDENTIFIER = se.j0nas.EPWatchCoreTests;
				PRODUCT_NAME = "$(TARGET_NAME)";
				SDKROOT = watchos;
				SWIFT_EMIT_LOC_STRINGS = NO;
				SWIFT_VERSION = 5.0;
				TARGETED_DEVICE_FAMILY = 4;
				WATCHOS_DEPLOYMENT_TARGET = 9.0;
			};
			name = Release;
		};
		26C71B1528C1461500C2DC59 /* Debug */ = {
			isa = XCBuildConfiguration;
			buildSettings = {
				BUNDLE_LOADER = "$(TEST_HOST)";
				CODE_SIGN_STYLE = Automatic;
				CURRENT_PROJECT_VERSION = 1;
				DEVELOPMENT_TEAM = MDUSC5XAF4;
				GENERATE_INFOPLIST_FILE = YES;
				MARKETING_VERSION = 1.0;
				PRODUCT_BUNDLE_IDENTIFIER = "se.j0nas.EPWatch-WatchKit-ExtensionTests";
				PRODUCT_NAME = "$(TARGET_NAME)";
				SDKROOT = watchos;
				SWIFT_EMIT_LOC_STRINGS = NO;
				SWIFT_VERSION = 5.0;
				TARGETED_DEVICE_FAMILY = 4;
				TEST_HOST = "$(BUILT_PRODUCTS_DIR)/EPWatch WatchKit App.app/$(BUNDLE_EXECUTABLE_FOLDER_PATH)/EPWatch WatchKit App";
				WATCHOS_DEPLOYMENT_TARGET = 9.0;
			};
			name = Debug;
		};
		26C71B1628C1461500C2DC59 /* Release */ = {
			isa = XCBuildConfiguration;
			buildSettings = {
				BUNDLE_LOADER = "$(TEST_HOST)";
				CODE_SIGN_STYLE = Automatic;
				CURRENT_PROJECT_VERSION = 1;
				DEVELOPMENT_TEAM = MDUSC5XAF4;
				GENERATE_INFOPLIST_FILE = YES;
				MARKETING_VERSION = 1.0;
				PRODUCT_BUNDLE_IDENTIFIER = "se.j0nas.EPWatch-WatchKit-ExtensionTests";
				PRODUCT_NAME = "$(TARGET_NAME)";
				SDKROOT = watchos;
				SWIFT_EMIT_LOC_STRINGS = NO;
				SWIFT_VERSION = 5.0;
				TARGETED_DEVICE_FAMILY = 4;
				TEST_HOST = "$(BUILT_PRODUCTS_DIR)/EPWatch WatchKit App.app/$(BUNDLE_EXECUTABLE_FOLDER_PATH)/EPWatch WatchKit App";
				WATCHOS_DEPLOYMENT_TARGET = 9.0;
			};
			name = Release;
		};
/* End XCBuildConfiguration section */

/* Begin XCConfigurationList section */
		261FC18828B7771F007B4A4E /* Build configuration list for PBXProject "EPWatch" */ = {
			isa = XCConfigurationList;
			buildConfigurations = (
				261FC1B028B77721007B4A4E /* Debug */,
				261FC1B128B77721007B4A4E /* Release */,
			);
			defaultConfigurationIsVisible = 0;
			defaultConfigurationName = Release;
		};
		261FC1B628B77721007B4A4E /* Build configuration list for PBXNativeTarget "EPWatchWatchKitApp" */ = {
			isa = XCConfigurationList;
			buildConfigurations = (
				261FC1B728B77721007B4A4E /* Debug */,
				261FC1B828B77721007B4A4E /* Release */,
			);
			defaultConfigurationIsVisible = 0;
			defaultConfigurationName = Release;
		};
		261FC1BA28B77721007B4A4E /* Build configuration list for PBXNativeTarget "EPWatch" */ = {
			isa = XCConfigurationList;
			buildConfigurations = (
				261FC1BB28B77721007B4A4E /* Debug */,
				261FC1BC28B77721007B4A4E /* Release */,
			);
			defaultConfigurationIsVisible = 0;
			defaultConfigurationName = Release;
		};
		2674BC7328D0572E00E31A20 /* Build configuration list for PBXNativeTarget "EPWatchComplicationsExtension" */ = {
			isa = XCConfigurationList;
			buildConfigurations = (
				2674BC7128D0572E00E31A20 /* Debug */,
				2674BC7228D0572E00E31A20 /* Release */,
			);
			defaultConfigurationIsVisible = 0;
			defaultConfigurationName = Release;
		};
		2674BC8A28D0596500E31A20 /* Build configuration list for PBXNativeTarget "EPWatchCore" */ = {
			isa = XCConfigurationList;
			buildConfigurations = (
				2674BC8B28D0596500E31A20 /* Debug */,
				2674BC8C28D0596500E31A20 /* Release */,
			);
			defaultConfigurationIsVisible = 0;
			defaultConfigurationName = Release;
		};
		2674BC8D28D0596500E31A20 /* Build configuration list for PBXNativeTarget "EPWatchCoreTests" */ = {
			isa = XCConfigurationList;
			buildConfigurations = (
				2674BC8E28D0596500E31A20 /* Debug */,
				2674BC8F28D0596500E31A20 /* Release */,
			);
			defaultConfigurationIsVisible = 0;
			defaultConfigurationName = Release;
		};
		26C71B1428C1461500C2DC59 /* Build configuration list for PBXNativeTarget "EPWatchWatchKitAppTests" */ = {
			isa = XCConfigurationList;
			buildConfigurations = (
				26C71B1528C1461500C2DC59 /* Debug */,
				26C71B1628C1461500C2DC59 /* Release */,
			);
			defaultConfigurationIsVisible = 0;
			defaultConfigurationName = Release;
		};
/* End XCConfigurationList section */

/* Begin XCRemoteSwiftPackageReference section */
		26624AEB28C8F18C000F7E2E /* XCRemoteSwiftPackageReference "SwiftDate" */ = {
			isa = XCRemoteSwiftPackageReference;
			repositoryURL = "https://github.com/malcommac/SwiftDate.git";
			requirement = {
				kind = upToNextMajorVersion;
				minimumVersion = 6.0.0;
			};
		};
		268B811028CE6B1600115BDC /* XCRemoteSwiftPackageReference "Alamofire" */ = {
			isa = XCRemoteSwiftPackageReference;
			repositoryURL = "https://github.com/Alamofire/Alamofire.git";
			requirement = {
				kind = upToNextMajorVersion;
				minimumVersion = 5.0.0;
			};
		};
		26C71B0828C145EA00C2DC59 /* XCRemoteSwiftPackageReference "XMLCoder" */ = {
			isa = XCRemoteSwiftPackageReference;
			repositoryURL = "https://github.com/CoreOffice/XMLCoder.git";
			requirement = {
				kind = upToNextMajorVersion;
				minimumVersion = 0.9.0;
			};
		};
/* End XCRemoteSwiftPackageReference section */

/* Begin XCSwiftPackageProductDependency section */
		26624AEC28C8F18C000F7E2E /* SwiftDate */ = {
			isa = XCSwiftPackageProductDependency;
			package = 26624AEB28C8F18C000F7E2E /* XCRemoteSwiftPackageReference "SwiftDate" */;
			productName = SwiftDate;
		};
		2674BC9B28D05A8300E31A20 /* SwiftDate */ = {
			isa = XCSwiftPackageProductDependency;
			package = 26624AEB28C8F18C000F7E2E /* XCRemoteSwiftPackageReference "SwiftDate" */;
			productName = SwiftDate;
		};
		2674BCA528D065ED00E31A20 /* Alamofire */ = {
			isa = XCSwiftPackageProductDependency;
			package = 268B811028CE6B1600115BDC /* XCRemoteSwiftPackageReference "Alamofire" */;
			productName = Alamofire;
		};
		2674BCA728D0660600E31A20 /* XMLCoder */ = {
			isa = XCSwiftPackageProductDependency;
			package = 26C71B0828C145EA00C2DC59 /* XCRemoteSwiftPackageReference "XMLCoder" */;
			productName = XMLCoder;
		};
		26C71B0928C145EA00C2DC59 /* XMLCoder */ = {
			isa = XCSwiftPackageProductDependency;
			package = 26C71B0828C145EA00C2DC59 /* XCRemoteSwiftPackageReference "XMLCoder" */;
			productName = XMLCoder;
		};
/* End XCSwiftPackageProductDependency section */
	};
	rootObject = 261FC18528B7771F007B4A4E /* Project object */;
}
